// !$*UTF8*$!
{
	archiveVersion = 1;
	classes = {
	};
	objectVersion = 63;
	objects = {

/* Begin PBXBuildFile section */
		005AFB24D863644F21E0A012 /* PrivateChatManager.swift in Sources */ = {isa = PBXBuildFile; fileRef = 21F6DA21D98D03A46635B406 /* PrivateChatManager.swift */; };
		01C553E7AE55D234F1739457 /* VerificationService.swift in Sources */ = {isa = PBXBuildFile; fileRef = 863A37149742925DDECDD956 /* VerificationService.swift */; };
		02EC40ED004631A6EF1301D0 /* LaunchScreen.storyboard in Resources */ = {isa = PBXBuildFile; fileRef = 15CB29EBF5F9BF05806ACE17 /* LaunchScreen.storyboard */; };
		05BB2BF1034861D56DF7CD3C /* NostrTransport.swift in Sources */ = {isa = PBXBuildFile; fileRef = D8C583852EF387BD2D058400 /* NostrTransport.swift */; };
		06F4C2937F940DB862959F3B /* LocationChannelsSheet.swift in Sources */ = {isa = PBXBuildFile; fileRef = 6B183ED29245184EFE04B752 /* LocationChannelsSheet.swift */; };
		076F4ADD946DEDB59076E8B9 /* README.md in Resources */ = {isa = PBXBuildFile; fileRef = B905E5AE5B11BC2B9AA19881 /* README.md */; };
		09C595CD2C281F8C6C75134E /* P256K in Frameworks */ = {isa = PBXBuildFile; productRef = 919FCA8AF898EE1064D478DE /* P256K */; };
		09D000E12A94950D0983C14D /* CommandProcessor.swift in Sources */ = {isa = PBXBuildFile; fileRef = AA18409D0D9316AC9B395D39 /* CommandProcessor.swift */; };
		0A52222C78C54530645FD4A1 /* GeohashPeopleList.swift in Sources */ = {isa = PBXBuildFile; fileRef = A52E06CE9C35CD71FB5BCA91 /* GeohashPeopleList.swift */; };
		0C033DF9EE458754EC359186 /* MeshPeerList.swift in Sources */ = {isa = PBXBuildFile; fileRef = BECEAA00256D6C7C394CAD18 /* MeshPeerList.swift */; };
		0DBC5CFA352B4840903F5E54 /* BinaryEncodingUtils.swift in Sources */ = {isa = PBXBuildFile; fileRef = B0FB41D91F5A116B22558785 /* BinaryEncodingUtils.swift */; };
		1360043D3A53247CDA88B503 /* MockBLEService.swift in Sources */ = {isa = PBXBuildFile; fileRef = AD0F4D0AFDB08E0A3CBD559A /* MockBLEService.swift */; };
		1427E6ABE8004FDE0DA78F3B /* ContentView.swift in Sources */ = {isa = PBXBuildFile; fileRef = 54AF4F0B960F61CBFAFA14F1 /* ContentView.swift */; };
		169AAA9F2BADE15CA6A11F2F /* BitchatApp.swift in Sources */ = {isa = PBXBuildFile; fileRef = 2459EE58E9C2015FD041A96C /* BitchatApp.swift */; };
		16EE17A389E9BC915678E509 /* IdentityModels.swift in Sources */ = {isa = PBXBuildFile; fileRef = B34DD896ABEDB9CA3E1E2637 /* IdentityModels.swift */; };
		17E200E9D6EE80EF0B672BF0 /* GeohashBookmarksStore.swift in Sources */ = {isa = PBXBuildFile; fileRef = FDA848DF801CB8C8EA34E9F6 /* GeohashBookmarksStore.swift */; };
		18AD1552E5724B4864877506 /* LocationChannelsSheet.swift in Sources */ = {isa = PBXBuildFile; fileRef = 6B183ED29245184EFE04B752 /* LocationChannelsSheet.swift */; };
		194AD2AD509384FEF0BA9B76 /* SecureIdentityStateManager.swift in Sources */ = {isa = PBXBuildFile; fileRef = 0ECE5C44697DE26902F24A25 /* SecureIdentityStateManager.swift */; };
		1992AB537670CC50D6289C0E /* InputValidatorTests.swift in Sources */ = {isa = PBXBuildFile; fileRef = 3429F1BB632927CD92F7BFB9 /* InputValidatorTests.swift */; };
		1AF0503FB891130F423D5EBF /* SecureLogger.swift in Sources */ = {isa = PBXBuildFile; fileRef = B0FB9A96F07594881E71C900 /* SecureLogger.swift */; };
		1CFBA5CD64835AC7C46673D0 /* BitchatProtocol.swift in Sources */ = {isa = PBXBuildFile; fileRef = E8632FB9ADFD71678A16C867 /* BitchatProtocol.swift */; };
		1D2CA6BE63578F81C871554D /* GeoRelayDirectory.swift in Sources */ = {isa = PBXBuildFile; fileRef = 4B86C649B5CF6043D09B35AF /* GeoRelayDirectory.swift */; };
		1E51FC14E5DB52A5A570D1C6 /* Transport.swift in Sources */ = {isa = PBXBuildFile; fileRef = 2991DF68162B3724CFEE8245 /* Transport.swift */; };
		1E7CA3B245C3DD6D7EF19885 /* IntegrationTests.swift in Sources */ = {isa = PBXBuildFile; fileRef = BAF07B451DED9FFB18F3650D /* IntegrationTests.swift */; };
		21F8B32972CCFB0FFC57A5BF /* Geohash.swift in Sources */ = {isa = PBXBuildFile; fileRef = E04084D2E2BDF28251C38E16 /* Geohash.swift */; };
		243828B49B496B3396834582 /* NoiseSession.swift in Sources */ = {isa = PBXBuildFile; fileRef = 0DADEF17541F5BE5E4BD2C5A /* NoiseSession.swift */; };
		24C7F3C3388E181CF2F9289E /* NotificationService.swift in Sources */ = {isa = PBXBuildFile; fileRef = 45705CB3DA30B0335A4CADBA /* NotificationService.swift */; };
		2559B1C2DD0ADBA79F590B8D /* NotificationService.swift in Sources */ = {isa = PBXBuildFile; fileRef = 45705CB3DA30B0335A4CADBA /* NotificationService.swift */; };
		281C04E63C18125122380276 /* InputValidator.swift in Sources */ = {isa = PBXBuildFile; fileRef = AAA9FCEA062EC2F2DE33C6B5 /* InputValidator.swift */; };
		2C06E90DA3A0DD5210B7D766 /* NoiseHandshakeCoordinator.swift in Sources */ = {isa = PBXBuildFile; fileRef = 23587C2D955317F94F499D67 /* NoiseHandshakeCoordinator.swift */; };
		2E517F3CFB34564BB3902A65 /* NostrProtocolTests.swift in Sources */ = {isa = PBXBuildFile; fileRef = 7B252BEC89640055BD415C1F /* NostrProtocolTests.swift */; };
		2E72AA10404DC99DA5646F0E /* NostrIdentity.swift in Sources */ = {isa = PBXBuildFile; fileRef = 7D85ADCDBC132F822799C2BA /* NostrIdentity.swift */; };
		3052C50D777ABD046F538B8A /* PeerID.swift in Sources */ = {isa = PBXBuildFile; fileRef = 79ED097674A44E01DB4E3D4F /* PeerID.swift */; };
		31022F9A8EB7B0EC0B6C1633 /* NostrProtocolTests.swift in Sources */ = {isa = PBXBuildFile; fileRef = 7B252BEC89640055BD415C1F /* NostrProtocolTests.swift */; };
		31BF5C4E4E9BF740AF33A2A7 /* UnifiedPeerService.swift in Sources */ = {isa = PBXBuildFile; fileRef = 444E2D092C987881D0103177 /* UnifiedPeerService.swift */; };
		327D3A66129345B995A02546 /* InputValidator.swift in Sources */ = {isa = PBXBuildFile; fileRef = AAA9FCEA062EC2F2DE33C6B5 /* InputValidator.swift */; };
		3308AECAAC1568A6CCAF93C7 /* BitchatProtocol.swift in Sources */ = {isa = PBXBuildFile; fileRef = E8632FB9ADFD71678A16C867 /* BitchatProtocol.swift */; };
		366F76C29F2CFB44DC7EDF84 /* LocationChannelsTests.swift in Sources */ = {isa = PBXBuildFile; fileRef = C6894F317A486B91D916CDB8 /* LocationChannelsTests.swift */; };
		379312841CA2028DB6618E56 /* RelayController.swift in Sources */ = {isa = PBXBuildFile; fileRef = E6C8E29419124EC488C1D0F7 /* RelayController.swift */; };
		389A62983AB1474356C05922 /* FragmentationTests.swift in Sources */ = {isa = PBXBuildFile; fileRef = 56D36C4DE9DF4C40245B10EF /* FragmentationTests.swift */; };
		3907C7DA384CD2C874AB370A /* PublicChatE2ETests.swift in Sources */ = {isa = PBXBuildFile; fileRef = FA03102341A8CBE7FF62859F /* PublicChatE2ETests.swift */; };
		3A5075A116E6E4CF9724DAB1 /* NoiseSecurityConsiderations.swift in Sources */ = {isa = PBXBuildFile; fileRef = 1257F7997D24660BD79687A7 /* NoiseSecurityConsiderations.swift */; };
		3B883CFD547928EDE2D899F4 /* XChaCha20Poly1305Compat.swift in Sources */ = {isa = PBXBuildFile; fileRef = 11DB51944FD0600BB31B0B4E /* XChaCha20Poly1305Compat.swift */; };
		3E2D76A88659710FF1814F7C /* LocationChannelsTests.swift in Sources */ = {isa = PBXBuildFile; fileRef = C6894F317A486B91D916CDB8 /* LocationChannelsTests.swift */; };
		3EA0895AD1B8470E4B14E3CE /* BLEService.swift in Sources */ = {isa = PBXBuildFile; fileRef = DC440B767E4002980277A455 /* BLEService.swift */; };
		3F431CF44134AC0BE541F457 /* IdentityModels.swift in Sources */ = {isa = PBXBuildFile; fileRef = B34DD896ABEDB9CA3E1E2637 /* IdentityModels.swift */; };
		4233D8421A7DA2E0362C69A6 /* XChaCha20Poly1305Compat.swift in Sources */ = {isa = PBXBuildFile; fileRef = 11DB51944FD0600BB31B0B4E /* XChaCha20Poly1305Compat.swift */; };
		437A3CB45BECF20E01DCD9FA /* MessageDeduplicator.swift in Sources */ = {isa = PBXBuildFile; fileRef = ADD37B6268F781E8BA5BBBF2 /* MessageDeduplicator.swift */; };
		445CF123473AFDC3F29DBC99 /* PeerDisplayNameResolver.swift in Sources */ = {isa = PBXBuildFile; fileRef = 66BAA77BD24BF980297C98E9 /* PeerDisplayNameResolver.swift */; };
		46BE1C4C683292F1869F8C67 /* NoiseProtocolTests.swift in Sources */ = {isa = PBXBuildFile; fileRef = 2D9AE5E9A4F9112724948CFD /* NoiseProtocolTests.swift */; };
		4E0976850C1D4B3649274175 /* Assets.xcassets in Resources */ = {isa = PBXBuildFile; fileRef = 2D622171D796911FDA2702BC /* Assets.xcassets */; };
		4ECAB082A719C4E1E040BE74 /* BitchatPeer.swift in Sources */ = {isa = PBXBuildFile; fileRef = 09398D425F99AE675FC838DF /* BitchatPeer.swift */; };
		4FE234B05D7B7434C44514C1 /* Geohash.swift in Sources */ = {isa = PBXBuildFile; fileRef = E04084D2E2BDF28251C38E16 /* Geohash.swift */; };
		52816DFD9DD196A3AF5E85A6 /* GeohashBookmarksStore.swift in Sources */ = {isa = PBXBuildFile; fileRef = FDA848DF801CB8C8EA34E9F6 /* GeohashBookmarksStore.swift */; };
		53C0F3942D4B08467B5C44C8 /* TestConstants.swift in Sources */ = {isa = PBXBuildFile; fileRef = 472D98E94A72E9DCD8F56E05 /* TestConstants.swift */; };
		56BCA45462710173F725C561 /* BLEServiceTests.swift in Sources */ = {isa = PBXBuildFile; fileRef = C272988C01CD40F06DEB60F7 /* BLEServiceTests.swift */; };
		5865C2070814D0E53C95AABD /* Assets.xcassets in Resources */ = {isa = PBXBuildFile; fileRef = 2D622171D796911FDA2702BC /* Assets.xcassets */; };
		5A3818A04DAF1739FD46DB85 /* TestHelpers.swift in Sources */ = {isa = PBXBuildFile; fileRef = 6E094A030818C2BD8A212A28 /* TestHelpers.swift */; };
		5B9225EF69E6CFD3A505CABC /* MessageRouter.swift in Sources */ = {isa = PBXBuildFile; fileRef = 1B395392A6B369B1478C15A4 /* MessageRouter.swift */; };
		5C8937FBFC971E8E9D061407 /* LocationChannel.swift in Sources */ = {isa = PBXBuildFile; fileRef = 6A7AD014B5FE0264F07980D3 /* LocationChannel.swift */; };
		624FAF68B406EDADBA82959F /* BinaryProtocolTests.swift in Sources */ = {isa = PBXBuildFile; fileRef = 6BDF8B1E874054003985A406 /* BinaryProtocolTests.swift */; };
		626A359E86C64D2C7D1FD03C /* BinaryProtocol.swift in Sources */ = {isa = PBXBuildFile; fileRef = 02C7033E8F856102B123CB89 /* BinaryProtocol.swift */; };
		630023092926E7E4574A4A14 /* SecureIdentityStateManager.swift in Sources */ = {isa = PBXBuildFile; fileRef = 0ECE5C44697DE26902F24A25 /* SecureIdentityStateManager.swift */; };
		63D8F0E7FF4681CAA28085A4 /* ContentView.swift in Sources */ = {isa = PBXBuildFile; fileRef = 54AF4F0B960F61CBFAFA14F1 /* ContentView.swift */; };
		63EF68881FE64F0D288E9B74 /* LocationChannelManager.swift in Sources */ = {isa = PBXBuildFile; fileRef = 1F946EA9C7B92789F73F1C8F /* LocationChannelManager.swift */; };
		684B581CCDF798F67B2C9F5F /* MockBluetoothMeshService.swift in Sources */ = {isa = PBXBuildFile; fileRef = 4004C58D9B582BBC9564643D /* MockBluetoothMeshService.swift */; };
		6A884431D7760D67C74091C0 /* README.md in Resources */ = {isa = PBXBuildFile; fileRef = B905E5AE5B11BC2B9AA19881 /* README.md */; };
		6B663041D24CB750DDB0BEAF /* FingerprintView.swift in Sources */ = {isa = PBXBuildFile; fileRef = C383C185ED36AB65F0BE54E7 /* FingerprintView.swift */; };
		6CA5D06F7D4B0B993633A6C2 /* NoiseProtocol.swift in Sources */ = {isa = PBXBuildFile; fileRef = A926BCF2065EB43ABEC20FE5 /* NoiseProtocol.swift */; };
		6FD8A492D18B7BD936619B3F /* NoiseSecurityConsiderations.swift in Sources */ = {isa = PBXBuildFile; fileRef = 1257F7997D24660BD79687A7 /* NoiseSecurityConsiderations.swift */; };
		74375551BE93F203620E025E /* KeychainManager.swift in Sources */ = {isa = PBXBuildFile; fileRef = EDE62FE105BB8E816A5BFECF /* KeychainManager.swift */; };
		75883F164A016EDA3CD338DF /* NostrProtocol.swift in Sources */ = {isa = PBXBuildFile; fileRef = 740F7E1133108BFCE9585BE7 /* NostrProtocol.swift */; };
		7594A84C6C72C581DF4B49C6 /* MockBLEService.swift in Sources */ = {isa = PBXBuildFile; fileRef = AD0F4D0AFDB08E0A3CBD559A /* MockBLEService.swift */; };
		760642AEEEF1EAB79475222D /* Packets.swift in Sources */ = {isa = PBXBuildFile; fileRef = 1A8665DD953D2DD087EEC5B4 /* Packets.swift */; };
		7791BAA821CFC6D1FE0CFF07 /* PeerDisplayNameResolver.swift in Sources */ = {isa = PBXBuildFile; fileRef = 66BAA77BD24BF980297C98E9 /* PeerDisplayNameResolver.swift */; };
		78B01BC08BF6D4C95D597247 /* TransportConfig.swift in Sources */ = {isa = PBXBuildFile; fileRef = ED2CB73C6111132CC89A8E9E /* TransportConfig.swift */; };
		7934F05EBC2F8EC83B37F10E /* TestHelpers.swift in Sources */ = {isa = PBXBuildFile; fileRef = 6E094A030818C2BD8A212A28 /* TestHelpers.swift */; };
		79BA48813BE67F3F42A987F0 /* NoiseProtocol.swift in Sources */ = {isa = PBXBuildFile; fileRef = A926BCF2065EB43ABEC20FE5 /* NoiseProtocol.swift */; };
		79C821BE5146DD0EDF18C6F9 /* GeoRelayDirectory.swift in Sources */ = {isa = PBXBuildFile; fileRef = 4B86C649B5CF6043D09B35AF /* GeoRelayDirectory.swift */; };
		7B15C39C1B3067BDF759EFA2 /* VerificationViews.swift in Sources */ = {isa = PBXBuildFile; fileRef = 044044668E3A15339300853E /* VerificationViews.swift */; };
		7B96AA93160581B3DEF54148 /* VerificationViews.swift in Sources */ = {isa = PBXBuildFile; fileRef = 044044668E3A15339300853E /* VerificationViews.swift */; };
		7BA96DB99C7F25C5E00311C7 /* AppInfoView.swift in Sources */ = {isa = PBXBuildFile; fileRef = E2A265F24A83D489AC300C86 /* AppInfoView.swift */; };
		80872D008741B2B8377F15ED /* LocationChannelManager.swift in Sources */ = {isa = PBXBuildFile; fileRef = 1F946EA9C7B92789F73F1C8F /* LocationChannelManager.swift */; };
		8178E3D93B5E660F63DE5817 /* PeerID.swift in Sources */ = {isa = PBXBuildFile; fileRef = 79ED097674A44E01DB4E3D4F /* PeerID.swift */; };
		83177D5D54856EC074B4DCA0 /* BLEServiceTests.swift in Sources */ = {isa = PBXBuildFile; fileRef = C272988C01CD40F06DEB60F7 /* BLEServiceTests.swift */; };
		83FE95AB2642FDB0C27184B0 /* NoiseProtocolTests.swift in Sources */ = {isa = PBXBuildFile; fileRef = 2D9AE5E9A4F9112724948CFD /* NoiseProtocolTests.swift */; };
		85B6849065E6D393CE099E72 /* NostrProtocol.swift in Sources */ = {isa = PBXBuildFile; fileRef = 740F7E1133108BFCE9585BE7 /* NostrProtocol.swift */; };
		85E24962D93555F2089BB69C /* GeohashBookmarksStoreTests.swift in Sources */ = {isa = PBXBuildFile; fileRef = 3691359C05E47C4F50559A8E /* GeohashBookmarksStoreTests.swift */; };
		869A0B23C3A27CCF29BAD482 /* NoiseHandshakeCoordinator.swift in Sources */ = {isa = PBXBuildFile; fileRef = 23587C2D955317F94F499D67 /* NoiseHandshakeCoordinator.swift */; };
		8B59299622470316F75EE60D /* BinaryProtocolPaddingTests.swift in Sources */ = {isa = PBXBuildFile; fileRef = 0597291A6536DBAF9ABCFA28 /* BinaryProtocolPaddingTests.swift */; };
		8CC146B658EF62B83229FA52 /* NoiseEncryptionService.swift in Sources */ = {isa = PBXBuildFile; fileRef = F525AE28885946D1817E77E1 /* NoiseEncryptionService.swift */; };
		8D3EDF11E0FF7BE0BF0C8BAE /* MessageTextHelpers.swift in Sources */ = {isa = PBXBuildFile; fileRef = 8C2BF475D198E666227BC0AD /* MessageTextHelpers.swift */; };
		8FEDDF5158753DF5227A9A0F /* SecureLogger.swift in Sources */ = {isa = PBXBuildFile; fileRef = B0FB9A96F07594881E71C900 /* SecureLogger.swift */; };
		92131146F81D3EC266DC0D6A /* BitchatPeer.swift in Sources */ = {isa = PBXBuildFile; fileRef = 09398D425F99AE675FC838DF /* BitchatPeer.swift */; };
		94432A89F8C4F77516D4106E /* BinaryProtocolPaddingTests.swift in Sources */ = {isa = PBXBuildFile; fileRef = 0597291A6536DBAF9ABCFA28 /* BinaryProtocolPaddingTests.swift */; };
		971CD11216BBB2B2311F20F3 /* FavoritesPersistenceService.swift in Sources */ = {isa = PBXBuildFile; fileRef = 6CD5A0C4BEAC884DB727B81A /* FavoritesPersistenceService.swift */; };
		984B38DF772599BB82BB235A /* PeerIDResolver.swift in Sources */ = {isa = PBXBuildFile; fileRef = 5BFF127E4A2D1CFF7C1F2797 /* PeerIDResolver.swift */; };
		995A86C43880725B599F07C8 /* UnifiedPeerService.swift in Sources */ = {isa = PBXBuildFile; fileRef = 444E2D092C987881D0103177 /* UnifiedPeerService.swift */; };
		9B86D41814B94F212EC09327 /* BinaryProtocol.swift in Sources */ = {isa = PBXBuildFile; fileRef = 02C7033E8F856102B123CB89 /* BinaryProtocol.swift */; };
		9C5CF9FE320C1A3A2B1B350D /* PrivateChatE2ETests.swift in Sources */ = {isa = PBXBuildFile; fileRef = EFD8AB4C81020F4B6503D2B6 /* PrivateChatE2ETests.swift */; };
		9E92737EE76D17D7AAA178F2 /* BinaryEncodingUtils.swift in Sources */ = {isa = PBXBuildFile; fileRef = B0FB41D91F5A116B22558785 /* BinaryEncodingUtils.swift */; };
		A1D3FEF534A367F0CE7C56AE /* FavoritesPersistenceService.swift in Sources */ = {isa = PBXBuildFile; fileRef = 6CD5A0C4BEAC884DB727B81A /* FavoritesPersistenceService.swift */; };
		A340DCFE3AD79F7F3D39A384 /* PrivateChatE2ETests.swift in Sources */ = {isa = PBXBuildFile; fileRef = EFD8AB4C81020F4B6503D2B6 /* PrivateChatE2ETests.swift */; };
		A66ACF48C03A0A5EF26AF07A /* KeychainManager.swift in Sources */ = {isa = PBXBuildFile; fileRef = EDE62FE105BB8E816A5BFECF /* KeychainManager.swift */; };
		A69225DC972934B3322A6FA7 /* NostrRelayManager.swift in Sources */ = {isa = PBXBuildFile; fileRef = ACFA9CA6D35A1A16DB2B40C5 /* NostrRelayManager.swift */; };
		A72FFA08CA6D58F55EBC3210 /* ChatViewModel.swift in Sources */ = {isa = PBXBuildFile; fileRef = 3ECD75B03FAD5D8C0F3B9D68 /* ChatViewModel.swift */; };
		A7A1436D563EB6C6B46A2728 /* MessageTextHelpers.swift in Sources */ = {isa = PBXBuildFile; fileRef = 8C2BF475D198E666227BC0AD /* MessageTextHelpers.swift */; };
		B56A18E7A3D3485954B71DC9 /* ChatViewModel.swift in Sources */ = {isa = PBXBuildFile; fileRef = 3ECD75B03FAD5D8C0F3B9D68 /* ChatViewModel.swift */; };
		B7F29ADA509A2D18B77B0B64 /* AutocompleteService.swift in Sources */ = {isa = PBXBuildFile; fileRef = F901EBD6C0A7E075B6E624C8 /* AutocompleteService.swift */; };
		B809740DFF1807172D613670 /* P256K in Frameworks */ = {isa = PBXBuildFile; productRef = D07F5B271695A89DAC5212FF /* P256K */; };
		B89D98FA0D98A2B2E18CB7D0 /* MessageRouter.swift in Sources */ = {isa = PBXBuildFile; fileRef = 1B395392A6B369B1478C15A4 /* MessageRouter.swift */; };
		BBF55E5FFB192307C0E3EA9C /* NostrEmbeddedBitChat.swift in Sources */ = {isa = PBXBuildFile; fileRef = FE7957422DC0E7DDFFBC782D /* NostrEmbeddedBitChat.swift */; };
		BE90250BA341988E6847071E /* MockBluetoothMeshService.swift in Sources */ = {isa = PBXBuildFile; fileRef = 4004C58D9B582BBC9564643D /* MockBluetoothMeshService.swift */; };
		BF9ACCAC650013EC4951505C /* NostrRelayManager.swift in Sources */ = {isa = PBXBuildFile; fileRef = ACFA9CA6D35A1A16DB2B40C5 /* NostrRelayManager.swift */; };
		C0FD3BBA776FC8643450A613 /* BLEService.swift in Sources */ = {isa = PBXBuildFile; fileRef = DC440B767E4002980277A455 /* BLEService.swift */; };
		C4152FD6785F17A6CC3459CD /* PeerIDResolver.swift in Sources */ = {isa = PBXBuildFile; fileRef = 5BFF127E4A2D1CFF7C1F2797 /* PeerIDResolver.swift */; };
		C82E38CF15D4E60342BC3639 /* VerificationService.swift in Sources */ = {isa = PBXBuildFile; fileRef = 863A37149742925DDECDD956 /* VerificationService.swift */; };
		CAA0F823A33FE6593DEC3A2B /* NostrTransport.swift in Sources */ = {isa = PBXBuildFile; fileRef = D8C583852EF387BD2D058400 /* NostrTransport.swift */; };
		CCBCA171ADDE02EEF651060C /* LocationChannel.swift in Sources */ = {isa = PBXBuildFile; fileRef = 6A7AD014B5FE0264F07980D3 /* LocationChannel.swift */; };
		CD7B65C295E5793D300450AE /* CommandProcessor.swift in Sources */ = {isa = PBXBuildFile; fileRef = AA18409D0D9316AC9B395D39 /* CommandProcessor.swift */; };
		CF438630367D5876C1006030 /* NostrEmbeddedBitChat.swift in Sources */ = {isa = PBXBuildFile; fileRef = FE7957422DC0E7DDFFBC782D /* NostrEmbeddedBitChat.swift */; };
		D122F4E65BF75D552375B87B /* IntegrationTests.swift in Sources */ = {isa = PBXBuildFile; fileRef = BAF07B451DED9FFB18F3650D /* IntegrationTests.swift */; };
		D316E3D57A5CD30EA309F18F /* PublicChatE2ETests.swift in Sources */ = {isa = PBXBuildFile; fileRef = FA03102341A8CBE7FF62859F /* PublicChatE2ETests.swift */; };
		D334707EF1D0922C392A566B /* FragmentationTests.swift in Sources */ = {isa = PBXBuildFile; fileRef = 56D36C4DE9DF4C40245B10EF /* FragmentationTests.swift */; };
		D3379F8CE557F51C477A6937 /* NoiseSession.swift in Sources */ = {isa = PBXBuildFile; fileRef = 0DADEF17541F5BE5E4BD2C5A /* NoiseSession.swift */; };
		DB125371DECA5BBE3EE938A9 /* CompressionUtil.swift in Sources */ = {isa = PBXBuildFile; fileRef = 6F7771C23D058D32E9B9453E /* CompressionUtil.swift */; };
		DB9E9DF644BE2EF9C3ABA255 /* TestConstants.swift in Sources */ = {isa = PBXBuildFile; fileRef = 472D98E94A72E9DCD8F56E05 /* TestConstants.swift */; };
		DC696D106013FBAC87D58EEF /* AutocompleteService.swift in Sources */ = {isa = PBXBuildFile; fileRef = F901EBD6C0A7E075B6E624C8 /* AutocompleteService.swift */; };
		DF1B2B295415525F9D6E2762 /* Transport.swift in Sources */ = {isa = PBXBuildFile; fileRef = 2991DF68162B3724CFEE8245 /* Transport.swift */; };
		DFBC15832D563D1BC32E2370 /* MessageDeduplicator.swift in Sources */ = {isa = PBXBuildFile; fileRef = ADD37B6268F781E8BA5BBBF2 /* MessageDeduplicator.swift */; };
		E002EEB3F2EF31AB788C3ACF /* AppInfoView.swift in Sources */ = {isa = PBXBuildFile; fileRef = E2A265F24A83D489AC300C86 /* AppInfoView.swift */; };
		E27B08BE8F0E8C67BCEF6815 /* InputValidatorTests.swift in Sources */ = {isa = PBXBuildFile; fileRef = 3429F1BB632927CD92F7BFB9 /* InputValidatorTests.swift */; };
		E4A0E341D5A76524D5E19855 /* PrivateChatManager.swift in Sources */ = {isa = PBXBuildFile; fileRef = 21F6DA21D98D03A46635B406 /* PrivateChatManager.swift */; };
		E620B0CFAF2F5255B571D690 /* CompressionUtil.swift in Sources */ = {isa = PBXBuildFile; fileRef = 6F7771C23D058D32E9B9453E /* CompressionUtil.swift */; };
		E8581CE5093CA0F95AB10139 /* NostrIdentity.swift in Sources */ = {isa = PBXBuildFile; fileRef = 7D85ADCDBC132F822799C2BA /* NostrIdentity.swift */; };
		E888E2B0CCAA4EC827A747F3 /* FingerprintView.swift in Sources */ = {isa = PBXBuildFile; fileRef = C383C185ED36AB65F0BE54E7 /* FingerprintView.swift */; };
		E9DD17B1D50523FA9632F0C0 /* RelayController.swift in Sources */ = {isa = PBXBuildFile; fileRef = E6C8E29419124EC488C1D0F7 /* RelayController.swift */; };
		EC85678B3924E703C1540F7F /* GeohashPeopleList.swift in Sources */ = {isa = PBXBuildFile; fileRef = A52E06CE9C35CD71FB5BCA91 /* GeohashPeopleList.swift */; };
		EF23926298833A358057F95F /* BitchatApp.swift in Sources */ = {isa = PBXBuildFile; fileRef = 2459EE58E9C2015FD041A96C /* BitchatApp.swift */; };
		EFA5FF36E681EAAD27587E83 /* MeshPeerList.swift in Sources */ = {isa = PBXBuildFile; fileRef = BECEAA00256D6C7C394CAD18 /* MeshPeerList.swift */; };
		F146AE356DC192988C1567A3 /* GeohashBookmarksStoreTests.swift in Sources */ = {isa = PBXBuildFile; fileRef = 3691359C05E47C4F50559A8E /* GeohashBookmarksStoreTests.swift */; };
		F1D83CCAAB02714E381A2816 /* Packets.swift in Sources */ = {isa = PBXBuildFile; fileRef = 1A8665DD953D2DD087EEC5B4 /* Packets.swift */; };
		F273EC6EF5486370D2D59A2A /* TransportConfig.swift in Sources */ = {isa = PBXBuildFile; fileRef = ED2CB73C6111132CC89A8E9E /* TransportConfig.swift */; };
		F2D965C153A8157580F9683D /* BinaryProtocolTests.swift in Sources */ = {isa = PBXBuildFile; fileRef = 6BDF8B1E874054003985A406 /* BinaryProtocolTests.swift */; };
		F38A0F8FEFEE4F3A1E7CBAD2 /* LaunchScreen.storyboard in Resources */ = {isa = PBXBuildFile; fileRef = 15CB29EBF5F9BF05806ACE17 /* LaunchScreen.storyboard */; };
		F8443DD7C60818528C8F0B75 /* NoiseEncryptionService.swift in Sources */ = {isa = PBXBuildFile; fileRef = F525AE28885946D1817E77E1 /* NoiseEncryptionService.swift */; };
/* End PBXBuildFile section */

/* Begin PBXContainerItemProxy section */
		0F8764CD0D2E374022263C9B /* PBXContainerItemProxy */ = {
			isa = PBXContainerItemProxy;
			containerPortal = 6D003E1EE5D3F6703FA0DFC6 /* Project object */;
			proxyType = 1;
			remoteGlobalIDString = 77DFDD149BB3E22532160B6C;
			remoteInfo = anadoluchat_macOS;
		};
		9EA7BBCAF0B2B97828F0F5FD /* PBXContainerItemProxy */ = {
			isa = PBXContainerItemProxy;
			containerPortal = 6D003E1EE5D3F6703FA0DFC6 /* Project object */;
			proxyType = 1;
			remoteGlobalIDString = 2E9335D7B5507AC5C7B1DC28;
			remoteInfo = anadoluchat_iOS;
		};
/* End PBXContainerItemProxy section */

/* Begin PBXFileReference section */
		02C7033E8F856102B123CB89 /* BinaryProtocol.swift */ = {isa = PBXFileReference; lastKnownFileType = sourcecode.swift; path = BinaryProtocol.swift; sourceTree = "<group>"; };
		044044668E3A15339300853E /* VerificationViews.swift */ = {isa = PBXFileReference; lastKnownFileType = sourcecode.swift; path = VerificationViews.swift; sourceTree = "<group>"; };
		0597291A6536DBAF9ABCFA28 /* BinaryProtocolPaddingTests.swift */ = {isa = PBXFileReference; lastKnownFileType = sourcecode.swift; path = BinaryProtocolPaddingTests.swift; sourceTree = "<group>"; };
		09398D425F99AE675FC838DF /* BitchatPeer.swift */ = {isa = PBXFileReference; lastKnownFileType = sourcecode.swift; path = BitchatPeer.swift; sourceTree = "<group>"; };
		0D6D2537AC2111D988B6B854 /* anadoluchatTests_iOS.xctest */ = {isa = PBXFileReference; explicitFileType = wrapper.cfbundle; includeInIndex = 0; path = anadoluchatTests_iOS.xctest; sourceTree = BUILT_PRODUCTS_DIR; };
		0DADEF17541F5BE5E4BD2C5A /* NoiseSession.swift */ = {isa = PBXFileReference; lastKnownFileType = sourcecode.swift; path = NoiseSession.swift; sourceTree = "<group>"; };
		0E5FB4BD84DB08514436557F /* bounchat.app */ = {isa = PBXFileReference; explicitFileType = wrapper.application; includeInIndex = 0; path = bounchat.app; sourceTree = BUILT_PRODUCTS_DIR; };
		0ECE5C44697DE26902F24A25 /* SecureIdentityStateManager.swift */ = {isa = PBXFileReference; lastKnownFileType = sourcecode.swift; path = SecureIdentityStateManager.swift; sourceTree = "<group>"; };
		11DB51944FD0600BB31B0B4E /* XChaCha20Poly1305Compat.swift */ = {isa = PBXFileReference; lastKnownFileType = sourcecode.swift; path = XChaCha20Poly1305Compat.swift; sourceTree = "<group>"; };
		1257F7997D24660BD79687A7 /* NoiseSecurityConsiderations.swift */ = {isa = PBXFileReference; lastKnownFileType = sourcecode.swift; path = NoiseSecurityConsiderations.swift; sourceTree = "<group>"; };
		15CB29EBF5F9BF05806ACE17 /* LaunchScreen.storyboard */ = {isa = PBXFileReference; lastKnownFileType = file.storyboard; path = LaunchScreen.storyboard; sourceTree = "<group>"; };
		1A8665DD953D2DD087EEC5B4 /* Packets.swift */ = {isa = PBXFileReference; lastKnownFileType = sourcecode.swift; path = Packets.swift; sourceTree = "<group>"; };
		1B395392A6B369B1478C15A4 /* MessageRouter.swift */ = {isa = PBXFileReference; lastKnownFileType = sourcecode.swift; path = MessageRouter.swift; sourceTree = "<group>"; };
		1F946EA9C7B92789F73F1C8F /* LocationChannelManager.swift */ = {isa = PBXFileReference; lastKnownFileType = sourcecode.swift; path = LocationChannelManager.swift; sourceTree = "<group>"; };
		21F6DA21D98D03A46635B406 /* PrivateChatManager.swift */ = {isa = PBXFileReference; lastKnownFileType = sourcecode.swift; path = PrivateChatManager.swift; sourceTree = "<group>"; };
		23587C2D955317F94F499D67 /* NoiseHandshakeCoordinator.swift */ = {isa = PBXFileReference; lastKnownFileType = sourcecode.swift; path = NoiseHandshakeCoordinator.swift; sourceTree = "<group>"; };
		2459EE58E9C2015FD041A96C /* BitchatApp.swift */ = {isa = PBXFileReference; lastKnownFileType = sourcecode.swift; path = BitchatApp.swift; sourceTree = "<group>"; };
		25EB414DC62421F94DFD453D /* bitchat.entitlements */ = {isa = PBXFileReference; lastKnownFileType = text.plist.entitlements; path = bitchat.entitlements; sourceTree = "<group>"; };
		2991DF68162B3724CFEE8245 /* Transport.swift */ = {isa = PBXFileReference; lastKnownFileType = sourcecode.swift; path = Transport.swift; sourceTree = "<group>"; };
		2D622171D796911FDA2702BC /* Assets.xcassets */ = {isa = PBXFileReference; lastKnownFileType = folder.assetcatalog; path = Assets.xcassets; sourceTree = "<group>"; };
		2D9AE5E9A4F9112724948CFD /* NoiseProtocolTests.swift */ = {isa = PBXFileReference; lastKnownFileType = sourcecode.swift; path = NoiseProtocolTests.swift; sourceTree = "<group>"; };
		3429F1BB632927CD92F7BFB9 /* InputValidatorTests.swift */ = {isa = PBXFileReference; lastKnownFileType = sourcecode.swift; path = InputValidatorTests.swift; sourceTree = "<group>"; };
		3691359C05E47C4F50559A8E /* GeohashBookmarksStoreTests.swift */ = {isa = PBXFileReference; lastKnownFileType = sourcecode.swift; path = GeohashBookmarksStoreTests.swift; sourceTree = "<group>"; };
		3ECD75B03FAD5D8C0F3B9D68 /* ChatViewModel.swift */ = {isa = PBXFileReference; lastKnownFileType = sourcecode.swift; path = ChatViewModel.swift; sourceTree = "<group>"; };
		4004C58D9B582BBC9564643D /* MockBluetoothMeshService.swift */ = {isa = PBXFileReference; lastKnownFileType = sourcecode.swift; path = MockBluetoothMeshService.swift; sourceTree = "<group>"; };
		444E2D092C987881D0103177 /* UnifiedPeerService.swift */ = {isa = PBXFileReference; lastKnownFileType = sourcecode.swift; path = UnifiedPeerService.swift; sourceTree = "<group>"; };
		45705CB3DA30B0335A4CADBA /* NotificationService.swift */ = {isa = PBXFileReference; lastKnownFileType = sourcecode.swift; path = NotificationService.swift; sourceTree = "<group>"; };
		472D98E94A72E9DCD8F56E05 /* TestConstants.swift */ = {isa = PBXFileReference; lastKnownFileType = sourcecode.swift; path = TestConstants.swift; sourceTree = "<group>"; };
		4B86C649B5CF6043D09B35AF /* GeoRelayDirectory.swift */ = {isa = PBXFileReference; lastKnownFileType = sourcecode.swift; path = GeoRelayDirectory.swift; sourceTree = "<group>"; };
		54AF4F0B960F61CBFAFA14F1 /* ContentView.swift */ = {isa = PBXFileReference; lastKnownFileType = sourcecode.swift; path = ContentView.swift; sourceTree = "<group>"; };
		56D36C4DE9DF4C40245B10EF /* FragmentationTests.swift */ = {isa = PBXFileReference; lastKnownFileType = sourcecode.swift; path = FragmentationTests.swift; sourceTree = "<group>"; };
		5BFF127E4A2D1CFF7C1F2797 /* PeerIDResolver.swift */ = {isa = PBXFileReference; lastKnownFileType = sourcecode.swift; path = PeerIDResolver.swift; sourceTree = "<group>"; };
		66BAA77BD24BF980297C98E9 /* PeerDisplayNameResolver.swift */ = {isa = PBXFileReference; lastKnownFileType = sourcecode.swift; path = PeerDisplayNameResolver.swift; sourceTree = "<group>"; };
		6A7AD014B5FE0264F07980D3 /* LocationChannel.swift */ = {isa = PBXFileReference; lastKnownFileType = sourcecode.swift; path = LocationChannel.swift; sourceTree = "<group>"; };
		6B183ED29245184EFE04B752 /* LocationChannelsSheet.swift */ = {isa = PBXFileReference; lastKnownFileType = sourcecode.swift; path = LocationChannelsSheet.swift; sourceTree = "<group>"; };
		6BDF8B1E874054003985A406 /* BinaryProtocolTests.swift */ = {isa = PBXFileReference; lastKnownFileType = sourcecode.swift; path = BinaryProtocolTests.swift; sourceTree = "<group>"; };
		6CD5A0C4BEAC884DB727B81A /* FavoritesPersistenceService.swift */ = {isa = PBXFileReference; lastKnownFileType = sourcecode.swift; path = FavoritesPersistenceService.swift; sourceTree = "<group>"; };
		6E094A030818C2BD8A212A28 /* TestHelpers.swift */ = {isa = PBXFileReference; lastKnownFileType = sourcecode.swift; path = TestHelpers.swift; sourceTree = "<group>"; };
		6F7771C23D058D32E9B9453E /* CompressionUtil.swift */ = {isa = PBXFileReference; lastKnownFileType = sourcecode.swift; path = CompressionUtil.swift; sourceTree = "<group>"; };
		740F7E1133108BFCE9585BE7 /* NostrProtocol.swift */ = {isa = PBXFileReference; lastKnownFileType = sourcecode.swift; path = NostrProtocol.swift; sourceTree = "<group>"; };
		79ED097674A44E01DB4E3D4F /* PeerID.swift */ = {isa = PBXFileReference; lastKnownFileType = sourcecode.swift; path = PeerID.swift; sourceTree = "<group>"; };
		7B252BEC89640055BD415C1F /* NostrProtocolTests.swift */ = {isa = PBXFileReference; lastKnownFileType = sourcecode.swift; path = NostrProtocolTests.swift; sourceTree = "<group>"; };
		7D85ADCDBC132F822799C2BA /* NostrIdentity.swift */ = {isa = PBXFileReference; lastKnownFileType = sourcecode.swift; path = NostrIdentity.swift; sourceTree = "<group>"; };
		80A5BF3F1A6972E618E4C8EF /* bitchat-macOS.entitlements */ = {isa = PBXFileReference; lastKnownFileType = text.plist.entitlements; path = "bitchat-macOS.entitlements"; sourceTree = "<group>"; };
		851B3FEB349541F3FC498338 /* Info.plist */ = {isa = PBXFileReference; lastKnownFileType = text.plist; path = Info.plist; sourceTree = "<group>"; };
		863A37149742925DDECDD956 /* VerificationService.swift */ = {isa = PBXFileReference; lastKnownFileType = sourcecode.swift; path = VerificationService.swift; sourceTree = "<group>"; };
		8C2BF475D198E666227BC0AD /* MessageTextHelpers.swift */ = {isa = PBXFileReference; lastKnownFileType = sourcecode.swift; path = MessageTextHelpers.swift; sourceTree = "<group>"; };
		9DFC2EE3A73D96AAA15C279E /* anadoluchatTests_macOS.xctest */ = {isa = PBXFileReference; explicitFileType = wrapper.cfbundle; includeInIndex = 0; path = anadoluchatTests_macOS.xctest; sourceTree = BUILT_PRODUCTS_DIR; };
		A52E06CE9C35CD71FB5BCA91 /* GeohashPeopleList.swift */ = {isa = PBXFileReference; lastKnownFileType = sourcecode.swift; path = GeohashPeopleList.swift; sourceTree = "<group>"; };
		A926BCF2065EB43ABEC20FE5 /* NoiseProtocol.swift */ = {isa = PBXFileReference; lastKnownFileType = sourcecode.swift; path = NoiseProtocol.swift; sourceTree = "<group>"; };
		AA18409D0D9316AC9B395D39 /* CommandProcessor.swift */ = {isa = PBXFileReference; lastKnownFileType = sourcecode.swift; path = CommandProcessor.swift; sourceTree = "<group>"; };
		AAA9FCEA062EC2F2DE33C6B5 /* InputValidator.swift */ = {isa = PBXFileReference; lastKnownFileType = sourcecode.swift; path = InputValidator.swift; sourceTree = "<group>"; };
		ACFA9CA6D35A1A16DB2B40C5 /* NostrRelayManager.swift */ = {isa = PBXFileReference; lastKnownFileType = sourcecode.swift; path = NostrRelayManager.swift; sourceTree = "<group>"; };
		AD0F4D0AFDB08E0A3CBD559A /* MockBLEService.swift */ = {isa = PBXFileReference; lastKnownFileType = sourcecode.swift; path = MockBLEService.swift; sourceTree = "<group>"; };
		ADD37B6268F781E8BA5BBBF2 /* MessageDeduplicator.swift */ = {isa = PBXFileReference; lastKnownFileType = sourcecode.swift; path = MessageDeduplicator.swift; sourceTree = "<group>"; };
		AF2FA6A43DAB79B427CC6D82 /* Info.plist */ = {isa = PBXFileReference; lastKnownFileType = text.plist; path = Info.plist; sourceTree = "<group>"; };
		B0FB41D91F5A116B22558785 /* BinaryEncodingUtils.swift */ = {isa = PBXFileReference; lastKnownFileType = sourcecode.swift; path = BinaryEncodingUtils.swift; sourceTree = "<group>"; };
		B0FB9A96F07594881E71C900 /* SecureLogger.swift */ = {isa = PBXFileReference; lastKnownFileType = sourcecode.swift; path = SecureLogger.swift; sourceTree = "<group>"; };
		B341916498543931FDCA0470 /* bounchat_macOS.app */ = {isa = PBXFileReference; explicitFileType = wrapper.application; includeInIndex = 0; name = bounchat_macOS.app; path = bounchat.app; sourceTree = BUILT_PRODUCTS_DIR; };
		B34DD896ABEDB9CA3E1E2637 /* IdentityModels.swift */ = {isa = PBXFileReference; lastKnownFileType = sourcecode.swift; path = IdentityModels.swift; sourceTree = "<group>"; };
		B905E5AE5B11BC2B9AA19881 /* README.md */ = {isa = PBXFileReference; lastKnownFileType = net.daringfireball.markdown; path = README.md; sourceTree = "<group>"; };
		BAF07B451DED9FFB18F3650D /* IntegrationTests.swift */ = {isa = PBXFileReference; lastKnownFileType = sourcecode.swift; path = IntegrationTests.swift; sourceTree = "<group>"; };
		BECEAA00256D6C7C394CAD18 /* MeshPeerList.swift */ = {isa = PBXFileReference; lastKnownFileType = sourcecode.swift; path = MeshPeerList.swift; sourceTree = "<group>"; };
		C272988C01CD40F06DEB60F7 /* BLEServiceTests.swift */ = {isa = PBXFileReference; lastKnownFileType = sourcecode.swift; path = BLEServiceTests.swift; sourceTree = "<group>"; };
		C383C185ED36AB65F0BE54E7 /* FingerprintView.swift */ = {isa = PBXFileReference; lastKnownFileType = sourcecode.swift; path = FingerprintView.swift; sourceTree = "<group>"; };
		C6894F317A486B91D916CDB8 /* LocationChannelsTests.swift */ = {isa = PBXFileReference; lastKnownFileType = sourcecode.swift; path = LocationChannelsTests.swift; sourceTree = "<group>"; };
		D8C583852EF387BD2D058400 /* NostrTransport.swift */ = {isa = PBXFileReference; lastKnownFileType = sourcecode.swift; path = NostrTransport.swift; sourceTree = "<group>"; };
		DC440B767E4002980277A455 /* BLEService.swift */ = {isa = PBXFileReference; lastKnownFileType = sourcecode.swift; path = BLEService.swift; sourceTree = "<group>"; };
		E04084D2E2BDF28251C38E16 /* Geohash.swift */ = {isa = PBXFileReference; lastKnownFileType = sourcecode.swift; path = Geohash.swift; sourceTree = "<group>"; };
		E2A265F24A83D489AC300C86 /* AppInfoView.swift */ = {isa = PBXFileReference; lastKnownFileType = sourcecode.swift; path = AppInfoView.swift; sourceTree = "<group>"; };
		E6C8E29419124EC488C1D0F7 /* RelayController.swift */ = {isa = PBXFileReference; lastKnownFileType = sourcecode.swift; path = RelayController.swift; sourceTree = "<group>"; };
		E8632FB9ADFD71678A16C867 /* BitchatProtocol.swift */ = {isa = PBXFileReference; lastKnownFileType = sourcecode.swift; path = BitchatProtocol.swift; sourceTree = "<group>"; };
		ED2CB73C6111132CC89A8E9E /* TransportConfig.swift */ = {isa = PBXFileReference; lastKnownFileType = sourcecode.swift; path = TransportConfig.swift; sourceTree = "<group>"; };
		EDE62FE105BB8E816A5BFECF /* KeychainManager.swift */ = {isa = PBXFileReference; lastKnownFileType = sourcecode.swift; path = KeychainManager.swift; sourceTree = "<group>"; };
		EFD8AB4C81020F4B6503D2B6 /* PrivateChatE2ETests.swift */ = {isa = PBXFileReference; lastKnownFileType = sourcecode.swift; path = PrivateChatE2ETests.swift; sourceTree = "<group>"; };
		F525AE28885946D1817E77E1 /* NoiseEncryptionService.swift */ = {isa = PBXFileReference; lastKnownFileType = sourcecode.swift; path = NoiseEncryptionService.swift; sourceTree = "<group>"; };
		F901EBD6C0A7E075B6E624C8 /* AutocompleteService.swift */ = {isa = PBXFileReference; lastKnownFileType = sourcecode.swift; path = AutocompleteService.swift; sourceTree = "<group>"; };
		FA03102341A8CBE7FF62859F /* PublicChatE2ETests.swift */ = {isa = PBXFileReference; lastKnownFileType = sourcecode.swift; path = PublicChatE2ETests.swift; sourceTree = "<group>"; };
		FDA848DF801CB8C8EA34E9F6 /* GeohashBookmarksStore.swift */ = {isa = PBXFileReference; lastKnownFileType = sourcecode.swift; path = GeohashBookmarksStore.swift; sourceTree = "<group>"; };
		FE7957422DC0E7DDFFBC782D /* NostrEmbeddedBitChat.swift */ = {isa = PBXFileReference; lastKnownFileType = sourcecode.swift; path = NostrEmbeddedBitChat.swift; sourceTree = "<group>"; };
/* End PBXFileReference section */

/* Begin PBXFrameworksBuildPhase section */
		CAFD616C240EFA7152C532C3 /* Frameworks */ = {
			isa = PBXFrameworksBuildPhase;
			buildActionMask = 2147483647;
			files = (
				09C595CD2C281F8C6C75134E /* P256K in Frameworks */,
			);
			runOnlyForDeploymentPostprocessing = 0;
		};
		FCB0FE682FABAFA3F6EE955B /* Frameworks */ = {
			isa = PBXFrameworksBuildPhase;
			buildActionMask = 2147483647;
			files = (
				B809740DFF1807172D613670 /* P256K in Frameworks */,
			);
			runOnlyForDeploymentPostprocessing = 0;
		};
/* End PBXFrameworksBuildPhase section */

/* Begin PBXGroup section */
		03271F9088EB69B07EDC86E8 /* EndToEnd */ = {
			isa = PBXGroup;
			children = (
				EFD8AB4C81020F4B6503D2B6 /* PrivateChatE2ETests.swift */,
				FA03102341A8CBE7FF62859F /* PublicChatE2ETests.swift */,
			);
			path = EndToEnd;
			sourceTree = "<group>";
		};
		12B4CC3DE0D34829DC9BB2AC /* bitchat */ = {
			isa = PBXGroup;
			children = (
				2D622171D796911FDA2702BC /* Assets.xcassets */,
				80A5BF3F1A6972E618E4C8EF /* bitchat-macOS.entitlements */,
				25EB414DC62421F94DFD453D /* bitchat.entitlements */,
				2459EE58E9C2015FD041A96C /* BitchatApp.swift */,
				AF2FA6A43DAB79B427CC6D82 /* Info.plist */,
				15CB29EBF5F9BF05806ACE17 /* LaunchScreen.storyboard */,
				C3BE41184431059882FAEFFD /* Identity */,
				A076ADABA3B2D26512131A7E /* Models */,
				A9F7EF906A97B210F2443EE6 /* Noise */,
				BD1EB475BB6E4C5A817D213F /* Nostr */,
				50B4179AB0877C36E27A3D1C /* Protocols */,
				8E1B41910E625F076F97C69C /* Services */,
				334255EC0808E57AEEBE5BC1 /* Utils */,
				B9BA736DC41F3B9E4C978D51 /* ViewModels */,
				91BE3D8A7BDA70AD8E0C5DC9 /* Views */,
			);
			path = bitchat;
			sourceTree = "<group>";
		};
		1F7844238112C3BB7B278D55 /* Integration */ = {
			isa = PBXGroup;
			children = (
				BAF07B451DED9FFB18F3650D /* IntegrationTests.swift */,
			);
			path = Integration;
			sourceTree = "<group>";
		};
		2CFCB03BEAF2AC840BC3A2CD /* Utils */ = {
			isa = PBXGroup;
			children = (
				3429F1BB632927CD92F7BFB9 /* InputValidatorTests.swift */,
			);
			path = Utils;
			sourceTree = "<group>";
		};
		334255EC0808E57AEEBE5BC1 /* Utils */ = {
			isa = PBXGroup;
			children = (
				6F7771C23D058D32E9B9453E /* CompressionUtil.swift */,
				AAA9FCEA062EC2F2DE33C6B5 /* InputValidator.swift */,
				ADD37B6268F781E8BA5BBBF2 /* MessageDeduplicator.swift */,
				66BAA77BD24BF980297C98E9 /* PeerDisplayNameResolver.swift */,
				5BFF127E4A2D1CFF7C1F2797 /* PeerIDResolver.swift */,
				B0FB9A96F07594881E71C900 /* SecureLogger.swift */,
			);
			path = Utils;
			sourceTree = "<group>";
		};
		36DE8B70B0B1B3F6CF6A5653 = {
			isa = PBXGroup;
			children = (
				12B4CC3DE0D34829DC9BB2AC /* bitchat */,
				61A81CDF3B670FFBEE639E02 /* bitchatTests */,
				7F7DA6C0E0D7E67867EE016D /* Products */,
			);
			sourceTree = "<group>";
		};
		40EC8DBD6BFE425F1016B53D /* Noise */ = {
			isa = PBXGroup;
			children = (
				2D9AE5E9A4F9112724948CFD /* NoiseProtocolTests.swift */,
			);
			path = Noise;
			sourceTree = "<group>";
		};
		50B4179AB0877C36E27A3D1C /* Protocols */ = {
			isa = PBXGroup;
			children = (
				B0FB41D91F5A116B22558785 /* BinaryEncodingUtils.swift */,
				02C7033E8F856102B123CB89 /* BinaryProtocol.swift */,
				E8632FB9ADFD71678A16C867 /* BitchatProtocol.swift */,
				E04084D2E2BDF28251C38E16 /* Geohash.swift */,
				6A7AD014B5FE0264F07980D3 /* LocationChannel.swift */,
				1A8665DD953D2DD087EEC5B4 /* Packets.swift */,
				79ED097674A44E01DB4E3D4F /* PeerID.swift */,
			);
			path = Protocols;
			sourceTree = "<group>";
		};
		61A81CDF3B670FFBEE639E02 /* bitchatTests */ = {
			isa = PBXGroup;
			children = (
				C272988C01CD40F06DEB60F7 /* BLEServiceTests.swift */,
				3691359C05E47C4F50559A8E /* GeohashBookmarksStoreTests.swift */,
				851B3FEB349541F3FC498338 /* Info.plist */,
				C6894F317A486B91D916CDB8 /* LocationChannelsTests.swift */,
				7B252BEC89640055BD415C1F /* NostrProtocolTests.swift */,
				B905E5AE5B11BC2B9AA19881 /* README.md */,
				03271F9088EB69B07EDC86E8 /* EndToEnd */,
				9C2F773F0B32BDCDD128FB60 /* Fragmentation */,
				1F7844238112C3BB7B278D55 /* Integration */,
				D55C4625DAB7B20165A2BA9F /* Mocks */,
				40EC8DBD6BFE425F1016B53D /* Noise */,
				66D3E4CCB532653E6874137B /* Protocol */,
				CC69BB3BC0B0DC6273521459 /* TestUtilities */,
				2CFCB03BEAF2AC840BC3A2CD /* Utils */,
			);
			path = bitchatTests;
			sourceTree = "<group>";
		};
		66D3E4CCB532653E6874137B /* Protocol */ = {
			isa = PBXGroup;
			children = (
				0597291A6536DBAF9ABCFA28 /* BinaryProtocolPaddingTests.swift */,
				6BDF8B1E874054003985A406 /* BinaryProtocolTests.swift */,
			);
			path = Protocol;
			sourceTree = "<group>";
		};
		7F7DA6C0E0D7E67867EE016D /* Products */ = {
			isa = PBXGroup;
			children = (
				0E5FB4BD84DB08514436557F /* bounchat.app */,
				B341916498543931FDCA0470 /* bounchat_macOS.app */,
				0D6D2537AC2111D988B6B854 /* anadoluchatTests_iOS.xctest */,
				9DFC2EE3A73D96AAA15C279E /* anadoluchatTests_macOS.xctest */,
			);
			name = Products;
			sourceTree = "<group>";
		};
		8E1B41910E625F076F97C69C /* Services */ = {
			isa = PBXGroup;
			children = (
				F901EBD6C0A7E075B6E624C8 /* AutocompleteService.swift */,
				DC440B767E4002980277A455 /* BLEService.swift */,
				AA18409D0D9316AC9B395D39 /* CommandProcessor.swift */,
				6CD5A0C4BEAC884DB727B81A /* FavoritesPersistenceService.swift */,
				FDA848DF801CB8C8EA34E9F6 /* GeohashBookmarksStore.swift */,
				EDE62FE105BB8E816A5BFECF /* KeychainManager.swift */,
				1F946EA9C7B92789F73F1C8F /* LocationChannelManager.swift */,
				1B395392A6B369B1478C15A4 /* MessageRouter.swift */,
				F525AE28885946D1817E77E1 /* NoiseEncryptionService.swift */,
				D8C583852EF387BD2D058400 /* NostrTransport.swift */,
				45705CB3DA30B0335A4CADBA /* NotificationService.swift */,
				21F6DA21D98D03A46635B406 /* PrivateChatManager.swift */,
				E6C8E29419124EC488C1D0F7 /* RelayController.swift */,
				2991DF68162B3724CFEE8245 /* Transport.swift */,
				ED2CB73C6111132CC89A8E9E /* TransportConfig.swift */,
				444E2D092C987881D0103177 /* UnifiedPeerService.swift */,
				863A37149742925DDECDD956 /* VerificationService.swift */,
			);
			path = Services;
			sourceTree = "<group>";
		};
		91BE3D8A7BDA70AD8E0C5DC9 /* Views */ = {
			isa = PBXGroup;
			children = (
				E2A265F24A83D489AC300C86 /* AppInfoView.swift */,
				54AF4F0B960F61CBFAFA14F1 /* ContentView.swift */,
				C383C185ED36AB65F0BE54E7 /* FingerprintView.swift */,
				A52E06CE9C35CD71FB5BCA91 /* GeohashPeopleList.swift */,
				6B183ED29245184EFE04B752 /* LocationChannelsSheet.swift */,
				BECEAA00256D6C7C394CAD18 /* MeshPeerList.swift */,
				8C2BF475D198E666227BC0AD /* MessageTextHelpers.swift */,
				044044668E3A15339300853E /* VerificationViews.swift */,
			);
			path = Views;
			sourceTree = "<group>";
		};
		9C2F773F0B32BDCDD128FB60 /* Fragmentation */ = {
			isa = PBXGroup;
			children = (
				56D36C4DE9DF4C40245B10EF /* FragmentationTests.swift */,
			);
			path = Fragmentation;
			sourceTree = "<group>";
		};
		A076ADABA3B2D26512131A7E /* Models */ = {
			isa = PBXGroup;
			children = (
				09398D425F99AE675FC838DF /* BitchatPeer.swift */,
			);
			path = Models;
			sourceTree = "<group>";
		};
		A9F7EF906A97B210F2443EE6 /* Noise */ = {
			isa = PBXGroup;
			children = (
				23587C2D955317F94F499D67 /* NoiseHandshakeCoordinator.swift */,
				A926BCF2065EB43ABEC20FE5 /* NoiseProtocol.swift */,
				1257F7997D24660BD79687A7 /* NoiseSecurityConsiderations.swift */,
				0DADEF17541F5BE5E4BD2C5A /* NoiseSession.swift */,
			);
			path = Noise;
			sourceTree = "<group>";
		};
		B9BA736DC41F3B9E4C978D51 /* ViewModels */ = {
			isa = PBXGroup;
			children = (
				3ECD75B03FAD5D8C0F3B9D68 /* ChatViewModel.swift */,
			);
			path = ViewModels;
			sourceTree = "<group>";
		};
		BD1EB475BB6E4C5A817D213F /* Nostr */ = {
			isa = PBXGroup;
			children = (
				4B86C649B5CF6043D09B35AF /* GeoRelayDirectory.swift */,
				FE7957422DC0E7DDFFBC782D /* NostrEmbeddedBitChat.swift */,
				7D85ADCDBC132F822799C2BA /* NostrIdentity.swift */,
				740F7E1133108BFCE9585BE7 /* NostrProtocol.swift */,
				ACFA9CA6D35A1A16DB2B40C5 /* NostrRelayManager.swift */,
				11DB51944FD0600BB31B0B4E /* XChaCha20Poly1305Compat.swift */,
			);
			path = Nostr;
			sourceTree = "<group>";
		};
		C3BE41184431059882FAEFFD /* Identity */ = {
			isa = PBXGroup;
			children = (
				B34DD896ABEDB9CA3E1E2637 /* IdentityModels.swift */,
				0ECE5C44697DE26902F24A25 /* SecureIdentityStateManager.swift */,
			);
			path = Identity;
			sourceTree = "<group>";
		};
		CC69BB3BC0B0DC6273521459 /* TestUtilities */ = {
			isa = PBXGroup;
			children = (
				472D98E94A72E9DCD8F56E05 /* TestConstants.swift */,
				6E094A030818C2BD8A212A28 /* TestHelpers.swift */,
			);
			path = TestUtilities;
			sourceTree = "<group>";
		};
		D55C4625DAB7B20165A2BA9F /* Mocks */ = {
			isa = PBXGroup;
			children = (
				AD0F4D0AFDB08E0A3CBD559A /* MockBLEService.swift */,
				4004C58D9B582BBC9564643D /* MockBluetoothMeshService.swift */,
			);
			path = Mocks;
			sourceTree = "<group>";
		};
/* End PBXGroup section */

/* Begin PBXNativeTarget section */
		2E9335D7B5507AC5C7B1DC28 /* anadoluchat_iOS */ = {
			isa = PBXNativeTarget;
			buildConfigurationList = FC5E38886412D84D5A06A840 /* Build configuration list for PBXNativeTarget "anadoluchat_iOS" */;
			buildPhases = (
				443A7A71A6591A4258D49E07 /* Sources */,
				0FEA4A5CBDBFFE8E9C302AB6 /* Resources */,
				FCB0FE682FABAFA3F6EE955B /* Frameworks */,
			);
			buildRules = (
			);
			dependencies = (
			);
			name = anadoluchat_iOS;
			packageProductDependencies = (
				D07F5B271695A89DAC5212FF /* P256K */,
			);
			productName = anadoluchat_iOS;
			productReference = 0E5FB4BD84DB08514436557F /* bounchat.app */;
			productType = "com.apple.product-type.application";
		};
		77DFDD149BB3E22532160B6C /* anadoluchat_macOS */ = {
			isa = PBXNativeTarget;
			buildConfigurationList = 5906A4F12477BC26247D0D2B /* Build configuration list for PBXNativeTarget "anadoluchat_macOS" */;
			buildPhases = (
				7A2130FA0D2700B74658DC87 /* Sources */,
				4C2445C5D56C8DD04AAB7091 /* Resources */,
				CAFD616C240EFA7152C532C3 /* Frameworks */,
			);
			buildRules = (
			);
			dependencies = (
			);
			name = anadoluchat_macOS;
			packageProductDependencies = (
				919FCA8AF898EE1064D478DE /* P256K */,
			);
			productName = anadoluchat_macOS;
			productReference = B341916498543931FDCA0470 /* bounchat_macOS.app */;
			productType = "com.apple.product-type.application";
		};
		93A97B7E2AB8A2AA3D2D75E8 /* anadoluchatTests_macOS */ = {
			isa = PBXNativeTarget;
			buildConfigurationList = 2A0BEEB3DFE4EB69C65331EA /* Build configuration list for PBXNativeTarget "anadoluchatTests_macOS" */;
			buildPhases = (
				DF69BD71C42CDBA9938C020E /* Sources */,
				F077826C27CCB764614A5937 /* Resources */,
			);
			buildRules = (
			);
			dependencies = (
				AD434D20606B5D1FEBF46CDB /* PBXTargetDependency */,
			);
			name = anadoluchatTests_macOS;
			packageProductDependencies = (
			);
			productName = anadoluchatTests_macOS;
			productReference = 9DFC2EE3A73D96AAA15C279E /* anadoluchatTests_macOS.xctest */;
			productType = "com.apple.product-type.bundle.unit-test";
		};
		E40B2D3369110DF8C28D6D2A /* anadoluchatTests_iOS */ = {
			isa = PBXNativeTarget;
			buildConfigurationList = B9FBFFAB16C51273F8F60A86 /* Build configuration list for PBXNativeTarget "anadoluchatTests_iOS" */;
			buildPhases = (
				29FC977C20F991DA9F0504AC /* Sources */,
				07036663AAB33C7D6E0E9564 /* Resources */,
			);
			buildRules = (
			);
			dependencies = (
				C62A7D5349FD55A98C521A21 /* PBXTargetDependency */,
			);
			name = anadoluchatTests_iOS;
			packageProductDependencies = (
			);
			productName = anadoluchatTests_iOS;
			productReference = 0D6D2537AC2111D988B6B854 /* anadoluchatTests_iOS.xctest */;
			productType = "com.apple.product-type.bundle.unit-test";
		};
/* End PBXNativeTarget section */

/* Begin PBXProject section */
		6D003E1EE5D3F6703FA0DFC6 /* Project object */ = {
			isa = PBXProject;
			attributes = {
				BuildIndependentTargetsInParallel = YES;
				LastUpgradeCheck = 1430;
				TargetAttributes = {
					2E9335D7B5507AC5C7B1DC28 = {
						ProvisioningStyle = Automatic;
					};
					77DFDD149BB3E22532160B6C = {
						DevelopmentTeam = "";
						ProvisioningStyle = Automatic;
					};
					93A97B7E2AB8A2AA3D2D75E8 = {
						DevelopmentTeam = "";
						ProvisioningStyle = Automatic;
					};
					E40B2D3369110DF8C28D6D2A = {
						ProvisioningStyle = Automatic;
					};
				};
			};
			buildConfigurationList = 7E2549806B4C05112987C160 /* Build configuration list for PBXProject "anadoluchat" */;
			compatibilityVersion = "Xcode 14.0";
			developmentRegion = en;
			hasScannedForEncodings = 0;
			knownRegions = (
				Base,
				en,
			);
			mainGroup = 36DE8B70B0B1B3F6CF6A5653;
			minimizedProjectReferenceProxies = 1;
			packageReferences = (
				97F76FCB7FB7B9B0ECB327AA /* XCRemoteSwiftPackageReference "swift-secp256k1" */,
			);
			projectDirPath = "";
			projectRoot = "";
			targets = (
				E40B2D3369110DF8C28D6D2A /* anadoluchatTests_iOS */,
				93A97B7E2AB8A2AA3D2D75E8 /* anadoluchatTests_macOS */,
				2E9335D7B5507AC5C7B1DC28 /* anadoluchat_iOS */,
				77DFDD149BB3E22532160B6C /* anadoluchat_macOS */,
			);
		};
/* End PBXProject section */

/* Begin PBXResourcesBuildPhase section */
		07036663AAB33C7D6E0E9564 /* Resources */ = {
			isa = PBXResourcesBuildPhase;
			buildActionMask = 2147483647;
			files = (
				076F4ADD946DEDB59076E8B9 /* README.md in Resources */,
			);
			runOnlyForDeploymentPostprocessing = 0;
		};
		0FEA4A5CBDBFFE8E9C302AB6 /* Resources */ = {
			isa = PBXResourcesBuildPhase;
			buildActionMask = 2147483647;
			files = (
				5865C2070814D0E53C95AABD /* Assets.xcassets in Resources */,
				02EC40ED004631A6EF1301D0 /* LaunchScreen.storyboard in Resources */,
			);
			runOnlyForDeploymentPostprocessing = 0;
		};
		4C2445C5D56C8DD04AAB7091 /* Resources */ = {
			isa = PBXResourcesBuildPhase;
			buildActionMask = 2147483647;
			files = (
				4E0976850C1D4B3649274175 /* Assets.xcassets in Resources */,
				F38A0F8FEFEE4F3A1E7CBAD2 /* LaunchScreen.storyboard in Resources */,
			);
			runOnlyForDeploymentPostprocessing = 0;
		};
		F077826C27CCB764614A5937 /* Resources */ = {
			isa = PBXResourcesBuildPhase;
			buildActionMask = 2147483647;
			files = (
				6A884431D7760D67C74091C0 /* README.md in Resources */,
			);
			runOnlyForDeploymentPostprocessing = 0;
		};
/* End PBXResourcesBuildPhase section */

/* Begin PBXSourcesBuildPhase section */
		29FC977C20F991DA9F0504AC /* Sources */ = {
			isa = PBXSourcesBuildPhase;
			buildActionMask = 2147483647;
			files = (
				83177D5D54856EC074B4DCA0 /* BLEServiceTests.swift in Sources */,
				94432A89F8C4F77516D4106E /* BinaryProtocolPaddingTests.swift in Sources */,
				F2D965C153A8157580F9683D /* BinaryProtocolTests.swift in Sources */,
				D334707EF1D0922C392A566B /* FragmentationTests.swift in Sources */,
				F146AE356DC192988C1567A3 /* GeohashBookmarksStoreTests.swift in Sources */,
				1992AB537670CC50D6289C0E /* InputValidatorTests.swift in Sources */,
				D122F4E65BF75D552375B87B /* IntegrationTests.swift in Sources */,
				366F76C29F2CFB44DC7EDF84 /* LocationChannelsTests.swift in Sources */,
				1360043D3A53247CDA88B503 /* MockBLEService.swift in Sources */,
				BE90250BA341988E6847071E /* MockBluetoothMeshService.swift in Sources */,
				83FE95AB2642FDB0C27184B0 /* NoiseProtocolTests.swift in Sources */,
				31022F9A8EB7B0EC0B6C1633 /* NostrProtocolTests.swift in Sources */,
				A340DCFE3AD79F7F3D39A384 /* PrivateChatE2ETests.swift in Sources */,
				3907C7DA384CD2C874AB370A /* PublicChatE2ETests.swift in Sources */,
				53C0F3942D4B08467B5C44C8 /* TestConstants.swift in Sources */,
				7934F05EBC2F8EC83B37F10E /* TestHelpers.swift in Sources */,
			);
			runOnlyForDeploymentPostprocessing = 0;
		};
		443A7A71A6591A4258D49E07 /* Sources */ = {
			isa = PBXSourcesBuildPhase;
			buildActionMask = 2147483647;
			files = (
				7BA96DB99C7F25C5E00311C7 /* AppInfoView.swift in Sources */,
				DC696D106013FBAC87D58EEF /* AutocompleteService.swift in Sources */,
				C0FD3BBA776FC8643450A613 /* BLEService.swift in Sources */,
				0DBC5CFA352B4840903F5E54 /* BinaryEncodingUtils.swift in Sources */,
				626A359E86C64D2C7D1FD03C /* BinaryProtocol.swift in Sources */,
				EF23926298833A358057F95F /* BitchatApp.swift in Sources */,
				4ECAB082A719C4E1E040BE74 /* BitchatPeer.swift in Sources */,
				3308AECAAC1568A6CCAF93C7 /* BitchatProtocol.swift in Sources */,
				B56A18E7A3D3485954B71DC9 /* ChatViewModel.swift in Sources */,
				09D000E12A94950D0983C14D /* CommandProcessor.swift in Sources */,
				E620B0CFAF2F5255B571D690 /* CompressionUtil.swift in Sources */,
				63D8F0E7FF4681CAA28085A4 /* ContentView.swift in Sources */,
				971CD11216BBB2B2311F20F3 /* FavoritesPersistenceService.swift in Sources */,
				6B663041D24CB750DDB0BEAF /* FingerprintView.swift in Sources */,
				1D2CA6BE63578F81C871554D /* GeoRelayDirectory.swift in Sources */,
				21F8B32972CCFB0FFC57A5BF /* Geohash.swift in Sources */,
				17E200E9D6EE80EF0B672BF0 /* GeohashBookmarksStore.swift in Sources */,
				0A52222C78C54530645FD4A1 /* GeohashPeopleList.swift in Sources */,
				3F431CF44134AC0BE541F457 /* IdentityModels.swift in Sources */,
				327D3A66129345B995A02546 /* InputValidator.swift in Sources */,
				A66ACF48C03A0A5EF26AF07A /* KeychainManager.swift in Sources */,
				CCBCA171ADDE02EEF651060C /* LocationChannel.swift in Sources */,
				80872D008741B2B8377F15ED /* LocationChannelManager.swift in Sources */,
				18AD1552E5724B4864877506 /* LocationChannelsSheet.swift in Sources */,
				EFA5FF36E681EAAD27587E83 /* MeshPeerList.swift in Sources */,
				437A3CB45BECF20E01DCD9FA /* MessageDeduplicator.swift in Sources */,
				B89D98FA0D98A2B2E18CB7D0 /* MessageRouter.swift in Sources */,
				A7A1436D563EB6C6B46A2728 /* MessageTextHelpers.swift in Sources */,
				8CC146B658EF62B83229FA52 /* NoiseEncryptionService.swift in Sources */,
				2C06E90DA3A0DD5210B7D766 /* NoiseHandshakeCoordinator.swift in Sources */,
				79BA48813BE67F3F42A987F0 /* NoiseProtocol.swift in Sources */,
				3A5075A116E6E4CF9724DAB1 /* NoiseSecurityConsiderations.swift in Sources */,
				D3379F8CE557F51C477A6937 /* NoiseSession.swift in Sources */,
				BBF55E5FFB192307C0E3EA9C /* NostrEmbeddedBitChat.swift in Sources */,
				E8581CE5093CA0F95AB10139 /* NostrIdentity.swift in Sources */,
				85B6849065E6D393CE099E72 /* NostrProtocol.swift in Sources */,
				A69225DC972934B3322A6FA7 /* NostrRelayManager.swift in Sources */,
				CAA0F823A33FE6593DEC3A2B /* NostrTransport.swift in Sources */,
				2559B1C2DD0ADBA79F590B8D /* NotificationService.swift in Sources */,
				760642AEEEF1EAB79475222D /* Packets.swift in Sources */,
				7791BAA821CFC6D1FE0CFF07 /* PeerDisplayNameResolver.swift in Sources */,
				8178E3D93B5E660F63DE5817 /* PeerID.swift in Sources */,
				C4152FD6785F17A6CC3459CD /* PeerIDResolver.swift in Sources */,
				005AFB24D863644F21E0A012 /* PrivateChatManager.swift in Sources */,
				379312841CA2028DB6618E56 /* RelayController.swift in Sources */,
				194AD2AD509384FEF0BA9B76 /* SecureIdentityStateManager.swift in Sources */,
				1AF0503FB891130F423D5EBF /* SecureLogger.swift in Sources */,
				1E51FC14E5DB52A5A570D1C6 /* Transport.swift in Sources */,
				78B01BC08BF6D4C95D597247 /* TransportConfig.swift in Sources */,
				995A86C43880725B599F07C8 /* UnifiedPeerService.swift in Sources */,
				C82E38CF15D4E60342BC3639 /* VerificationService.swift in Sources */,
				7B96AA93160581B3DEF54148 /* VerificationViews.swift in Sources */,
				4233D8421A7DA2E0362C69A6 /* XChaCha20Poly1305Compat.swift in Sources */,
			);
			runOnlyForDeploymentPostprocessing = 0;
		};
		7A2130FA0D2700B74658DC87 /* Sources */ = {
			isa = PBXSourcesBuildPhase;
			buildActionMask = 2147483647;
			files = (
				E002EEB3F2EF31AB788C3ACF /* AppInfoView.swift in Sources */,
				B7F29ADA509A2D18B77B0B64 /* AutocompleteService.swift in Sources */,
				3EA0895AD1B8470E4B14E3CE /* BLEService.swift in Sources */,
				9E92737EE76D17D7AAA178F2 /* BinaryEncodingUtils.swift in Sources */,
				9B86D41814B94F212EC09327 /* BinaryProtocol.swift in Sources */,
				169AAA9F2BADE15CA6A11F2F /* BitchatApp.swift in Sources */,
				92131146F81D3EC266DC0D6A /* BitchatPeer.swift in Sources */,
				1CFBA5CD64835AC7C46673D0 /* BitchatProtocol.swift in Sources */,
				A72FFA08CA6D58F55EBC3210 /* ChatViewModel.swift in Sources */,
				CD7B65C295E5793D300450AE /* CommandProcessor.swift in Sources */,
				DB125371DECA5BBE3EE938A9 /* CompressionUtil.swift in Sources */,
				1427E6ABE8004FDE0DA78F3B /* ContentView.swift in Sources */,
				A1D3FEF534A367F0CE7C56AE /* FavoritesPersistenceService.swift in Sources */,
				E888E2B0CCAA4EC827A747F3 /* FingerprintView.swift in Sources */,
				79C821BE5146DD0EDF18C6F9 /* GeoRelayDirectory.swift in Sources */,
				4FE234B05D7B7434C44514C1 /* Geohash.swift in Sources */,
				52816DFD9DD196A3AF5E85A6 /* GeohashBookmarksStore.swift in Sources */,
				EC85678B3924E703C1540F7F /* GeohashPeopleList.swift in Sources */,
				16EE17A389E9BC915678E509 /* IdentityModels.swift in Sources */,
				281C04E63C18125122380276 /* InputValidator.swift in Sources */,
				74375551BE93F203620E025E /* KeychainManager.swift in Sources */,
				5C8937FBFC971E8E9D061407 /* LocationChannel.swift in Sources */,
				63EF68881FE64F0D288E9B74 /* LocationChannelManager.swift in Sources */,
				06F4C2937F940DB862959F3B /* LocationChannelsSheet.swift in Sources */,
				0C033DF9EE458754EC359186 /* MeshPeerList.swift in Sources */,
				DFBC15832D563D1BC32E2370 /* MessageDeduplicator.swift in Sources */,
				5B9225EF69E6CFD3A505CABC /* MessageRouter.swift in Sources */,
				8D3EDF11E0FF7BE0BF0C8BAE /* MessageTextHelpers.swift in Sources */,
				F8443DD7C60818528C8F0B75 /* NoiseEncryptionService.swift in Sources */,
				869A0B23C3A27CCF29BAD482 /* NoiseHandshakeCoordinator.swift in Sources */,
				6CA5D06F7D4B0B993633A6C2 /* NoiseProtocol.swift in Sources */,
				6FD8A492D18B7BD936619B3F /* NoiseSecurityConsiderations.swift in Sources */,
				243828B49B496B3396834582 /* NoiseSession.swift in Sources */,
				CF438630367D5876C1006030 /* NostrEmbeddedBitChat.swift in Sources */,
				2E72AA10404DC99DA5646F0E /* NostrIdentity.swift in Sources */,
				75883F164A016EDA3CD338DF /* NostrProtocol.swift in Sources */,
				BF9ACCAC650013EC4951505C /* NostrRelayManager.swift in Sources */,
				05BB2BF1034861D56DF7CD3C /* NostrTransport.swift in Sources */,
				24C7F3C3388E181CF2F9289E /* NotificationService.swift in Sources */,
				F1D83CCAAB02714E381A2816 /* Packets.swift in Sources */,
				445CF123473AFDC3F29DBC99 /* PeerDisplayNameResolver.swift in Sources */,
				3052C50D777ABD046F538B8A /* PeerID.swift in Sources */,
				984B38DF772599BB82BB235A /* PeerIDResolver.swift in Sources */,
				E4A0E341D5A76524D5E19855 /* PrivateChatManager.swift in Sources */,
				E9DD17B1D50523FA9632F0C0 /* RelayController.swift in Sources */,
				630023092926E7E4574A4A14 /* SecureIdentityStateManager.swift in Sources */,
				8FEDDF5158753DF5227A9A0F /* SecureLogger.swift in Sources */,
				DF1B2B295415525F9D6E2762 /* Transport.swift in Sources */,
				F273EC6EF5486370D2D59A2A /* TransportConfig.swift in Sources */,
				31BF5C4E4E9BF740AF33A2A7 /* UnifiedPeerService.swift in Sources */,
				01C553E7AE55D234F1739457 /* VerificationService.swift in Sources */,
				7B15C39C1B3067BDF759EFA2 /* VerificationViews.swift in Sources */,
				3B883CFD547928EDE2D899F4 /* XChaCha20Poly1305Compat.swift in Sources */,
			);
			runOnlyForDeploymentPostprocessing = 0;
		};
		DF69BD71C42CDBA9938C020E /* Sources */ = {
			isa = PBXSourcesBuildPhase;
			buildActionMask = 2147483647;
			files = (
				56BCA45462710173F725C561 /* BLEServiceTests.swift in Sources */,
				8B59299622470316F75EE60D /* BinaryProtocolPaddingTests.swift in Sources */,
				624FAF68B406EDADBA82959F /* BinaryProtocolTests.swift in Sources */,
				389A62983AB1474356C05922 /* FragmentationTests.swift in Sources */,
				85E24962D93555F2089BB69C /* GeohashBookmarksStoreTests.swift in Sources */,
				E27B08BE8F0E8C67BCEF6815 /* InputValidatorTests.swift in Sources */,
				1E7CA3B245C3DD6D7EF19885 /* IntegrationTests.swift in Sources */,
				3E2D76A88659710FF1814F7C /* LocationChannelsTests.swift in Sources */,
				7594A84C6C72C581DF4B49C6 /* MockBLEService.swift in Sources */,
				684B581CCDF798F67B2C9F5F /* MockBluetoothMeshService.swift in Sources */,
				46BE1C4C683292F1869F8C67 /* NoiseProtocolTests.swift in Sources */,
				2E517F3CFB34564BB3902A65 /* NostrProtocolTests.swift in Sources */,
				9C5CF9FE320C1A3A2B1B350D /* PrivateChatE2ETests.swift in Sources */,
				D316E3D57A5CD30EA309F18F /* PublicChatE2ETests.swift in Sources */,
				DB9E9DF644BE2EF9C3ABA255 /* TestConstants.swift in Sources */,
				5A3818A04DAF1739FD46DB85 /* TestHelpers.swift in Sources */,
			);
			runOnlyForDeploymentPostprocessing = 0;
		};
/* End PBXSourcesBuildPhase section */

/* Begin PBXTargetDependency section */
		AD434D20606B5D1FEBF46CDB /* PBXTargetDependency */ = {
			isa = PBXTargetDependency;
			target = 77DFDD149BB3E22532160B6C /* anadoluchat_macOS */;
			targetProxy = 0F8764CD0D2E374022263C9B /* PBXContainerItemProxy */;
		};
		C62A7D5349FD55A98C521A21 /* PBXTargetDependency */ = {
			isa = PBXTargetDependency;
			target = 2E9335D7B5507AC5C7B1DC28 /* anadoluchat_iOS */;
			targetProxy = 9EA7BBCAF0B2B97828F0F5FD /* PBXContainerItemProxy */;
		};
/* End PBXTargetDependency section */

/* Begin XCBuildConfiguration section */
		0589DA42DAFAB236396FC03B /* Debug */ = {
			isa = XCBuildConfiguration;
			buildSettings = {
				BUNDLE_LOADER = "$(TEST_HOST)";
				CODE_SIGNING_ALLOWED = YES;
				CODE_SIGNING_REQUIRED = YES;
				CODE_SIGN_STYLE = Automatic;
				DEVELOPMENT_TEAM = 6FY7N5NDA7;
				INFOPLIST_FILE = bitchatTests/Info.plist;
				IPHONEOS_DEPLOYMENT_TARGET = 16.0;
				LD_RUNPATH_SEARCH_PATHS = (
					"$(inherited)",
					"@executable_path/Frameworks",
					"@loader_path/Frameworks",
				);
				PRODUCT_BUNDLE_IDENTIFIER = com.capish.bounchat;
				SDKROOT = iphoneos;
				SWIFT_VERSION = 5.0;
				TARGETED_DEVICE_FAMILY = "1,2";
				TEST_HOST = "$(BUILT_PRODUCTS_DIR)/bitchat.app/$(BUNDLE_EXECUTABLE_FOLDER_PATH)/bitchat";
			};
			name = Debug;
		};
		0758FA34848CA6EA177DD061 /* Release */ = {
			isa = XCBuildConfiguration;
			buildSettings = {
				BUNDLE_LOADER = "$(TEST_HOST)";
				CODE_SIGNING_ALLOWED = YES;
				CODE_SIGNING_REQUIRED = YES;
				CODE_SIGN_STYLE = Automatic;
				DEVELOPMENT_TEAM = 6FY7N5NDA7;
				INFOPLIST_FILE = bitchatTests/Info.plist;
				IPHONEOS_DEPLOYMENT_TARGET = 16.0;
				LD_RUNPATH_SEARCH_PATHS = (
					"$(inherited)",
					"@executable_path/Frameworks",
					"@loader_path/Frameworks",
				);
				PRODUCT_BUNDLE_IDENTIFIER = com.capish.bounchat;
				SDKROOT = iphoneos;
				SWIFT_VERSION = 5.0;
				TARGETED_DEVICE_FAMILY = "1,2";
				TEST_HOST = "$(BUILT_PRODUCTS_DIR)/bitchat.app/$(BUNDLE_EXECUTABLE_FOLDER_PATH)/bitchat";
			};
			name = Release;
		};
		104D1FE37A236BF3B330E2C5 /* Release */ = {
			isa = XCBuildConfiguration;
			buildSettings = {
				ASSETCATALOG_COMPILER_APPICON_NAME = AppIcon;
				ASSETCATALOG_COMPILER_INCLUDE_ALL_APPICON_ASSETS = YES;
				CODE_SIGNING_ALLOWED = YES;
				CODE_SIGNING_REQUIRED = YES;
				CODE_SIGN_ENTITLEMENTS = "bitchat/bitchat-macOS.entitlements";
				CODE_SIGN_STYLE = Automatic;
				COMBINE_HIDPI_IMAGES = YES;
				DEVELOPMENT_TEAM = "";
				ENABLE_PREVIEWS = YES;
				INFOPLIST_FILE = bitchat/Info.plist;
				LD_RUNPATH_SEARCH_PATHS = (
					"$(inherited)",
					"@executable_path/../Frameworks",
				);
				MACOSX_DEPLOYMENT_TARGET = 13.0;
				PRODUCT_BUNDLE_IDENTIFIER = capish.testiPad5;
				PRODUCT_NAME = bounchat;
				SDKROOT = macosx;
				SWIFT_VERSION = 5.0;
			};
			name = Release;
		};
		2B7FE38D6320F5244ADC0D1E /* Debug */ = {
			isa = XCBuildConfiguration;
			buildSettings = {
				BUNDLE_LOADER = "$(TEST_HOST)";
				CODE_SIGNING_ALLOWED = YES;
				CODE_SIGNING_REQUIRED = YES;
				CODE_SIGN_STYLE = Automatic;
				COMBINE_HIDPI_IMAGES = YES;
				DEVELOPMENT_TEAM = "";
				INFOPLIST_FILE = bitchatTests/Info.plist;
				LD_RUNPATH_SEARCH_PATHS = (
					"$(inherited)",
					"@executable_path/../Frameworks",
					"@loader_path/../Frameworks",
				);
				MACOSX_DEPLOYMENT_TARGET = 13.0;
				PRODUCT_BUNDLE_IDENTIFIER = capish.testiPad5.tests;
				SDKROOT = macosx;
				SWIFT_VERSION = 5.0;
				TEST_HOST = "$(BUILT_PRODUCTS_DIR)/bitchat.app/Contents/MacOS/bitchat";
			};
			name = Debug;
		};
		50BD22EBFEE1A75ADC8DE59D /* Debug */ = {
			isa = XCBuildConfiguration;
			buildSettings = {
				ASSETCATALOG_COMPILER_APPICON_NAME = AppIcon;
				ASSETCATALOG_COMPILER_INCLUDE_ALL_APPICON_ASSETS = YES;
				CODE_SIGNING_ALLOWED = YES;
				CODE_SIGNING_REQUIRED = YES;
				CODE_SIGN_ENTITLEMENTS = "bitchat/bitchat-macOS.entitlements";
				CODE_SIGN_STYLE = Automatic;
				COMBINE_HIDPI_IMAGES = YES;
				DEVELOPMENT_TEAM = "";
				ENABLE_PREVIEWS = YES;
				INFOPLIST_FILE = bitchat/Info.plist;
				LD_RUNPATH_SEARCH_PATHS = (
					"$(inherited)",
					"@executable_path/../Frameworks",
				);
				MACOSX_DEPLOYMENT_TARGET = 13.0;
				PRODUCT_BUNDLE_IDENTIFIER = capish.testiPad5;
				PRODUCT_NAME = bounchat;
				SDKROOT = macosx;
				SWIFT_VERSION = 5.0;
			};
			name = Debug;
		};
		63F59D3668E42B5CD293356C /* Release */ = {
			isa = XCBuildConfiguration;
			buildSettings = {
				BUNDLE_LOADER = "$(TEST_HOST)";
				CODE_SIGNING_ALLOWED = YES;
				CODE_SIGNING_REQUIRED = YES;
				CODE_SIGN_STYLE = Automatic;
				COMBINE_HIDPI_IMAGES = YES;
				DEVELOPMENT_TEAM = "";
				INFOPLIST_FILE = bitchatTests/Info.plist;
				LD_RUNPATH_SEARCH_PATHS = (
					"$(inherited)",
					"@executable_path/../Frameworks",
					"@loader_path/../Frameworks",
				);
				MACOSX_DEPLOYMENT_TARGET = 13.0;
				PRODUCT_BUNDLE_IDENTIFIER = capish.testiPad5.tests;
				SDKROOT = macosx;
				SWIFT_VERSION = 5.0;
				TEST_HOST = "$(BUILT_PRODUCTS_DIR)/bitchat.app/Contents/MacOS/bitchat";
			};
			name = Release;
		};
		70F7E0A031526E6D4F9E0974 /* Release */ = {
			isa = XCBuildConfiguration;
			buildSettings = {
				ALWAYS_SEARCH_USER_PATHS = NO;
				CLANG_ANALYZER_NONNULL = YES;
				CLANG_ANALYZER_NUMBER_OBJECT_CONVERSION = YES_AGGRESSIVE;
				CLANG_CXX_LANGUAGE_STANDARD = "gnu++14";
				CLANG_CXX_LIBRARY = "libc++";
				CLANG_ENABLE_MODULES = YES;
				CLANG_ENABLE_OBJC_ARC = YES;
				CLANG_ENABLE_OBJC_WEAK = YES;
				CLANG_WARN_BLOCK_CAPTURE_AUTORELEASING = YES;
				CLANG_WARN_BOOL_CONVERSION = YES;
				CLANG_WARN_COMMA = YES;
				CLANG_WARN_CONSTANT_CONVERSION = YES;
				CLANG_WARN_DEPRECATED_OBJC_IMPLEMENTATIONS = YES;
				CLANG_WARN_DIRECT_OBJC_ISA_USAGE = YES_ERROR;
				CLANG_WARN_DOCUMENTATION_COMMENTS = YES;
				CLANG_WARN_EMPTY_BODY = YES;
				CLANG_WARN_ENUM_CONVERSION = YES;
				CLANG_WARN_INFINITE_RECURSION = YES;
				CLANG_WARN_INT_CONVERSION = YES;
				CLANG_WARN_NON_LITERAL_NULL_CONVERSION = YES;
				CLANG_WARN_OBJC_IMPLICIT_RETAIN_SELF = YES;
				CLANG_WARN_OBJC_LITERAL_CONVERSION = YES;
				CLANG_WARN_OBJC_ROOT_CLASS = YES_ERROR;
				CLANG_WARN_QUOTED_INCLUDE_IN_FRAMEWORK_HEADER = YES;
				CLANG_WARN_RANGE_LOOP_ANALYSIS = YES;
				CLANG_WARN_STRICT_PROTOTYPES = YES;
				CLANG_WARN_SUSPICIOUS_MOVE = YES;
				CLANG_WARN_UNGUARDED_AVAILABILITY = YES_AGGRESSIVE;
				CLANG_WARN_UNREACHABLE_CODE = YES;
				CLANG_WARN__DUPLICATE_METHOD_MATCH = YES;
				COPY_PHASE_STRIP = NO;
				CURRENT_PROJECT_VERSION = 1;
				DEBUG_INFORMATION_FORMAT = "dwarf-with-dsym";
				ENABLE_NS_ASSERTIONS = NO;
				ENABLE_STRICT_OBJC_MSGSEND = YES;
				GCC_C_LANGUAGE_STANDARD = gnu11;
				GCC_NO_COMMON_BLOCKS = YES;
				GCC_WARN_64_TO_32_BIT_CONVERSION = YES;
				GCC_WARN_ABOUT_RETURN_TYPE = YES_ERROR;
				GCC_WARN_UNDECLARED_SELECTOR = YES;
				GCC_WARN_UNINITIALIZED_AUTOS = YES_AGGRESSIVE;
				GCC_WARN_UNUSED_FUNCTION = YES;
				GCC_WARN_UNUSED_VARIABLE = YES;
				IPHONEOS_DEPLOYMENT_TARGET = 16.0;
				MACOSX_DEPLOYMENT_TARGET = 13.0;
				MARKETING_VERSION = 1.0.0;
				MTL_ENABLE_DEBUG_INFO = NO;
				MTL_FAST_MATH = YES;
				PRODUCT_NAME = "$(TARGET_NAME)";
				SWIFT_COMPILATION_MODE = wholemodule;
				SWIFT_OPTIMIZATION_LEVEL = "-O";
				SWIFT_VERSION = 5.0;
			};
			name = Release;
		};
		7CEA1E05FFCF1ADA75E8B9B5 /* Release */ = {
			isa = XCBuildConfiguration;
			buildSettings = {
				ASSETCATALOG_COMPILER_APPICON_NAME = AppIcon;
				ASSETCATALOG_COMPILER_INCLUDE_ALL_APPICON_ASSETS = YES;
				CODE_SIGNING_ALLOWED = YES;
				CODE_SIGNING_REQUIRED = YES;
				CODE_SIGN_ENTITLEMENTS = bitchat/bitchat.entitlements;
				CODE_SIGN_IDENTITY = "iPhone Developer";
				CODE_SIGN_STYLE = Automatic;
				CURRENT_PROJECT_VERSION = 6;
				DEVELOPMENT_TEAM = Z3HWDB2ZX9;
				ENABLE_PREVIEWS = YES;
				INFOPLIST_FILE = bitchat/Info.plist;
				INFOPLIST_KEY_CFBundleDisplayName = /bu;
				INFOPLIST_KEY_LSApplicationCategoryType = "public.app-category.social-networking";
				IPHONEOS_DEPLOYMENT_TARGET = 16.0;
				LD_RUNPATH_SEARCH_PATHS = (
					"$(inherited)",
					"@executable_path/Frameworks",
				);
				PRODUCT_BUNDLE_IDENTIFIER = com.capish.buapp;
				PRODUCT_NAME = bounchat;
				SDKROOT = iphoneos;
				SUPPORTS_MAC_DESIGNED_FOR_IPHONE_IPAD = YES;
				SWIFT_VERSION = 5.0;
				TARGETED_DEVICE_FAMILY = "1,2";
			};
			name = Release;
		};
		C4D5E83419F318CEB3427E9D /* Debug */ = {
			isa = XCBuildConfiguration;
			buildSettings = {
				ASSETCATALOG_COMPILER_APPICON_NAME = AppIcon;
				ASSETCATALOG_COMPILER_INCLUDE_ALL_APPICON_ASSETS = YES;
				CODE_SIGNING_ALLOWED = YES;
				CODE_SIGNING_REQUIRED = YES;
				CODE_SIGN_ENTITLEMENTS = bitchat/bitchat.entitlements;
				CODE_SIGN_IDENTITY = "iPhone Developer";
				CODE_SIGN_STYLE = Automatic;
				CURRENT_PROJECT_VERSION = 6;
				DEVELOPMENT_TEAM = Z3HWDB2ZX9;
				ENABLE_PREVIEWS = YES;
				INFOPLIST_FILE = bitchat/Info.plist;
				INFOPLIST_KEY_CFBundleDisplayName = /bu;
				INFOPLIST_KEY_LSApplicationCategoryType = "public.app-category.social-networking";
				IPHONEOS_DEPLOYMENT_TARGET = 16.0;
				LD_RUNPATH_SEARCH_PATHS = (
					"$(inherited)",
					"@executable_path/Frameworks",
				);
				PRODUCT_BUNDLE_IDENTIFIER = com.capish.buapp;
				PRODUCT_NAME = bounchat;
				SDKROOT = iphoneos;
				SUPPORTS_MAC_DESIGNED_FOR_IPHONE_IPAD = YES;
				SWIFT_VERSION = 5.0;
				TARGETED_DEVICE_FAMILY = "1,2";
			};
			name = Debug;
		};
		E0CE3ABA794B3FFDDE758BCC /* Debug */ = {
			isa = XCBuildConfiguration;
			buildSettings = {
				ALWAYS_SEARCH_USER_PATHS = NO;
				CLANG_ANALYZER_NONNULL = YES;
				CLANG_ANALYZER_NUMBER_OBJECT_CONVERSION = YES_AGGRESSIVE;
				CLANG_CXX_LANGUAGE_STANDARD = "gnu++14";
				CLANG_CXX_LIBRARY = "libc++";
				CLANG_ENABLE_MODULES = YES;
				CLANG_ENABLE_OBJC_ARC = YES;
				CLANG_ENABLE_OBJC_WEAK = YES;
				CLANG_WARN_BLOCK_CAPTURE_AUTORELEASING = YES;
				CLANG_WARN_BOOL_CONVERSION = YES;
				CLANG_WARN_COMMA = YES;
				CLANG_WARN_CONSTANT_CONVERSION = YES;
				CLANG_WARN_DEPRECATED_OBJC_IMPLEMENTATIONS = YES;
				CLANG_WARN_DIRECT_OBJC_ISA_USAGE = YES_ERROR;
				CLANG_WARN_DOCUMENTATION_COMMENTS = YES;
				CLANG_WARN_EMPTY_BODY = YES;
				CLANG_WARN_ENUM_CONVERSION = YES;
				CLANG_WARN_INFINITE_RECURSION = YES;
				CLANG_WARN_INT_CONVERSION = YES;
				CLANG_WARN_NON_LITERAL_NULL_CONVERSION = YES;
				CLANG_WARN_OBJC_IMPLICIT_RETAIN_SELF = YES;
				CLANG_WARN_OBJC_LITERAL_CONVERSION = YES;
				CLANG_WARN_OBJC_ROOT_CLASS = YES_ERROR;
				CLANG_WARN_QUOTED_INCLUDE_IN_FRAMEWORK_HEADER = YES;
				CLANG_WARN_RANGE_LOOP_ANALYSIS = YES;
				CLANG_WARN_STRICT_PROTOTYPES = YES;
				CLANG_WARN_SUSPICIOUS_MOVE = YES;
				CLANG_WARN_UNGUARDED_AVAILABILITY = YES_AGGRESSIVE;
				CLANG_WARN_UNREACHABLE_CODE = YES;
				CLANG_WARN__DUPLICATE_METHOD_MATCH = YES;
				COPY_PHASE_STRIP = NO;
				CURRENT_PROJECT_VERSION = 1;
				DEBUG_INFORMATION_FORMAT = dwarf;
				ENABLE_STRICT_OBJC_MSGSEND = YES;
				ENABLE_TESTABILITY = YES;
				GCC_C_LANGUAGE_STANDARD = gnu11;
				GCC_DYNAMIC_NO_PIC = NO;
				GCC_NO_COMMON_BLOCKS = YES;
				GCC_OPTIMIZATION_LEVEL = 0;
				GCC_PREPROCESSOR_DEFINITIONS = (
					"$(inherited)",
					"DEBUG=1",
				);
				GCC_WARN_64_TO_32_BIT_CONVERSION = YES;
				GCC_WARN_ABOUT_RETURN_TYPE = YES_ERROR;
				GCC_WARN_UNDECLARED_SELECTOR = YES;
				GCC_WARN_UNINITIALIZED_AUTOS = YES_AGGRESSIVE;
				GCC_WARN_UNUSED_FUNCTION = YES;
				GCC_WARN_UNUSED_VARIABLE = YES;
				IPHONEOS_DEPLOYMENT_TARGET = 16.0;
				MACOSX_DEPLOYMENT_TARGET = 13.0;
				MARKETING_VERSION = 1.0.0;
				MTL_ENABLE_DEBUG_INFO = INCLUDE_SOURCE;
				MTL_FAST_MATH = YES;
				ONLY_ACTIVE_ARCH = YES;
				PRODUCT_NAME = "$(TARGET_NAME)";
				SWIFT_ACTIVE_COMPILATION_CONDITIONS = DEBUG;
				SWIFT_OPTIMIZATION_LEVEL = "-Onone";
				SWIFT_VERSION = 5.0;
			};
			name = Debug;
		};
/* End XCBuildConfiguration section */

/* Begin XCConfigurationList section */
		2A0BEEB3DFE4EB69C65331EA /* Build configuration list for PBXNativeTarget "anadoluchatTests_macOS" */ = {
			isa = XCConfigurationList;
			buildConfigurations = (
				2B7FE38D6320F5244ADC0D1E /* Debug */,
				63F59D3668E42B5CD293356C /* Release */,
			);
			defaultConfigurationIsVisible = 0;
			defaultConfigurationName = Debug;
		};
		5906A4F12477BC26247D0D2B /* Build configuration list for PBXNativeTarget "anadoluchat_macOS" */ = {
			isa = XCConfigurationList;
			buildConfigurations = (
				50BD22EBFEE1A75ADC8DE59D /* Debug */,
				104D1FE37A236BF3B330E2C5 /* Release */,
			);
			defaultConfigurationIsVisible = 0;
			defaultConfigurationName = Debug;
		};
		7E2549806B4C05112987C160 /* Build configuration list for PBXProject "anadoluchat" */ = {
			isa = XCConfigurationList;
			buildConfigurations = (
				E0CE3ABA794B3FFDDE758BCC /* Debug */,
				70F7E0A031526E6D4F9E0974 /* Release */,
			);
			defaultConfigurationIsVisible = 0;
			defaultConfigurationName = Debug;
		};
		B9FBFFAB16C51273F8F60A86 /* Build configuration list for PBXNativeTarget "anadoluchatTests_iOS" */ = {
			isa = XCConfigurationList;
			buildConfigurations = (
				0589DA42DAFAB236396FC03B /* Debug */,
				0758FA34848CA6EA177DD061 /* Release */,
			);
			defaultConfigurationIsVisible = 0;
			defaultConfigurationName = Debug;
		};
		FC5E38886412D84D5A06A840 /* Build configuration list for PBXNativeTarget "anadoluchat_iOS" */ = {
			isa = XCConfigurationList;
			buildConfigurations = (
				C4D5E83419F318CEB3427E9D /* Debug */,
				7CEA1E05FFCF1ADA75E8B9B5 /* Release */,
			);
			defaultConfigurationIsVisible = 0;
			defaultConfigurationName = Debug;
		};
/* End XCConfigurationList section */

/* Begin XCRemoteSwiftPackageReference section */
		97F76FCB7FB7B9B0ECB327AA /* XCRemoteSwiftPackageReference "swift-secp256k1" */ = {
			isa = XCRemoteSwiftPackageReference;
			repositoryURL = "https://github.com/21-DOT-DEV/swift-secp256k1";
			requirement = {
				kind = upToNextMajorVersion;
				minimumVersion = 0.21.1;
			};
		};
/* End XCRemoteSwiftPackageReference section */

/* Begin XCSwiftPackageProductDependency section */
		919FCA8AF898EE1064D478DE /* P256K */ = {
			isa = XCSwiftPackageProductDependency;
			package = 97F76FCB7FB7B9B0ECB327AA /* XCRemoteSwiftPackageReference "swift-secp256k1" */;
			productName = P256K;
		};
		D07F5B271695A89DAC5212FF /* P256K */ = {
			isa = XCSwiftPackageProductDependency;
			package = 97F76FCB7FB7B9B0ECB327AA /* XCRemoteSwiftPackageReference "swift-secp256k1" */;
			productName = P256K;
		};
/* End XCSwiftPackageProductDependency section */
	};
	rootObject = 6D003E1EE5D3F6703FA0DFC6 /* Project object */;
}
