// !$*UTF8*$!
{
	archiveVersion = 1;
	classes = {
	};
	objectVersion = 77;
	objects = {

/* Begin PBXBuildFile section */
		0082A71EBA3A84C7253A8318 /* BLEServiceTests.swift in Sources */ = {isa = PBXBuildFile; fileRef = C272988C01CD40F06DEB60F7 /* BLEServiceTests.swift */; };
		0820085D601E55506BAFE67B /* ReportUserView.swift in Sources */ = {isa = PBXBuildFile; fileRef = BD6747C217D8522976E4F7D0 /* ReportUserView.swift */; };
		08B87277E1E61C78AD760AE7 /* LocationChannel.swift in Sources */ = {isa = PBXBuildFile; fileRef = 6A7AD014B5FE0264F07980D3 /* LocationChannel.swift */; };
		08C652A3856C9DDEDC95D1E1 /* LocationChannelsSheet.swift in Sources */ = {isa = PBXBuildFile; fileRef = 6B183ED29245184EFE04B752 /* LocationChannelsSheet.swift */; };
		09E72D8317CD82C3E3828932 /* ModerationSettingsView.swift in Sources */ = {isa = PBXBuildFile; fileRef = 4BA24A233A3C5B01B30CE63C /* ModerationSettingsView.swift */; };
		0A97D2D2782A26EF9B5BBD11 /* NostrIdentity.swift in Sources */ = {isa = PBXBuildFile; fileRef = 7D85ADCDBC132F822799C2BA /* NostrIdentity.swift */; };
		0AB9451FFFE180C8EA17EED2 /* Packets.swift in Sources */ = {isa = PBXBuildFile; fileRef = 1A8665DD953D2DD087EEC5B4 /* Packets.swift */; };
		0B0280C750AA6715BF686CCF /* Packets.swift in Sources */ = {isa = PBXBuildFile; fileRef = 1A8665DD953D2DD087EEC5B4 /* Packets.swift */; };
		0ECF8B4F7D1E6ABE9EC6EDE3 /* Assets.xcassets in Resources */ = {isa = PBXBuildFile; fileRef = 2D622171D796911FDA2702BC /* Assets.xcassets */; };
		0ED0B9A7D44AAD20AE343349 /* NoiseProtocol.swift in Sources */ = {isa = PBXBuildFile; fileRef = A926BCF2065EB43ABEC20FE5 /* NoiseProtocol.swift */; };
		0EDB7820022014B5624A2286 /* GeohashBookmarksStore.swift in Sources */ = {isa = PBXBuildFile; fileRef = FDA848DF801CB8C8EA34E9F6 /* GeohashBookmarksStore.swift */; };
		0F38B29D23931FFBF93BBE85 /* BinaryProtocolTests.swift in Sources */ = {isa = PBXBuildFile; fileRef = 6BDF8B1E874054003985A406 /* BinaryProtocolTests.swift */; };
		10CB4E028E94447BF7B4F06F /* MockBluetoothMeshService.swift in Sources */ = {isa = PBXBuildFile; fileRef = 4004C58D9B582BBC9564643D /* MockBluetoothMeshService.swift */; };
		10D01723E6B3D66ADDCC884F /* PeerID.swift in Sources */ = {isa = PBXBuildFile; fileRef = 79ED097674A44E01DB4E3D4F /* PeerID.swift */; };
		13F6965A815DB1E8402F5239 /* NoiseSecurityConsiderations.swift in Sources */ = {isa = PBXBuildFile; fileRef = 1257F7997D24660BD79687A7 /* NoiseSecurityConsiderations.swift */; };
		15153BFF02E843AD374EE58A /* TestConstants.swift in Sources */ = {isa = PBXBuildFile; fileRef = 472D98E94A72E9DCD8F56E05 /* TestConstants.swift */; };
		151B55025948FB7AD7F0B426 /* BLEService.swift in Sources */ = {isa = PBXBuildFile; fileRef = DC440B767E4002980277A455 /* BLEService.swift */; };
		164D2DDD6FACED573ADD2FF1 /* ContentView.swift in Sources */ = {isa = PBXBuildFile; fileRef = 54AF4F0B960F61CBFAFA14F1 /* ContentView.swift */; };
		182BA00CF32EBCBDE17F0368 /* CommandProcessor.swift in Sources */ = {isa = PBXBuildFile; fileRef = AA18409D0D9316AC9B395D39 /* CommandProcessor.swift */; };
		184685A027353AED77D4359C /* GeoRelayDirectory.swift in Sources */ = {isa = PBXBuildFile; fileRef = 4B86C649B5CF6043D09B35AF /* GeoRelayDirectory.swift */; };
		1AF3892B3C59033659AD9ABE /* P256K in Frameworks */ = {isa = PBXBuildFile; productRef = 8BA87E179C3491F7C3CB4BB0 /* P256K */; };
		1B518C7F6E7FBFCC6401C969 /* TermsAcceptance.swift in Sources */ = {isa = PBXBuildFile; fileRef = 15DA6C23155267D39508AD64 /* TermsAcceptance.swift */; };
		1B83090C330B15AF3BE8763D /* NoiseSession.swift in Sources */ = {isa = PBXBuildFile; fileRef = 0DADEF17541F5BE5E4BD2C5A /* NoiseSession.swift */; };
		1E8021C05CCF08C168502E70 /* TransportConfig.swift in Sources */ = {isa = PBXBuildFile; fileRef = ED2CB73C6111132CC89A8E9E /* TransportConfig.swift */; };
		1F3ECDE0C1BF866CC6ACC4F1 /* XChaCha20Poly1305Compat.swift in Sources */ = {isa = PBXBuildFile; fileRef = 11DB51944FD0600BB31B0B4E /* XChaCha20Poly1305Compat.swift */; };
		218ED9F7D47C79194C028E0F /* SecureIdentityStateManager.swift in Sources */ = {isa = PBXBuildFile; fileRef = 0ECE5C44697DE26902F24A25 /* SecureIdentityStateManager.swift */; };
		21A6BF6F55F26FA464427A74 /* BitchatPeer.swift in Sources */ = {isa = PBXBuildFile; fileRef = 09398D425F99AE675FC838DF /* BitchatPeer.swift */; };
		220AB9AB024FAA3A3D005675 /* AppInfoView.swift in Sources */ = {isa = PBXBuildFile; fileRef = E2A265F24A83D489AC300C86 /* AppInfoView.swift */; };
		2557D6B013BC5BB0D531C081 /* GeohashBookmarksStoreTests.swift in Sources */ = {isa = PBXBuildFile; fileRef = 3691359C05E47C4F50559A8E /* GeohashBookmarksStoreTests.swift */; };
		25D651338463A77686B754D0 /* CompressionUtil.swift in Sources */ = {isa = PBXBuildFile; fileRef = 6F7771C23D058D32E9B9453E /* CompressionUtil.swift */; };
		2719F2CD174D0C7D60230E2B /* NostrEmbeddedBitChat.swift in Sources */ = {isa = PBXBuildFile; fileRef = FE7957422DC0E7DDFFBC782D /* NostrEmbeddedBitChat.swift */; };
		2938200396565CD7B5F7E6F4 /* NoiseHandshakeCoordinator.swift in Sources */ = {isa = PBXBuildFile; fileRef = 23587C2D955317F94F499D67 /* NoiseHandshakeCoordinator.swift */; };
		2C7DFE3EC261924AE7A72318 /* LocationChannelsTests.swift in Sources */ = {isa = PBXBuildFile; fileRef = C6894F317A486B91D916CDB8 /* LocationChannelsTests.swift */; };
		2C9495CB2F1A0353F126E9DA /* VerificationViews.swift in Sources */ = {isa = PBXBuildFile; fileRef = 044044668E3A15339300853E /* VerificationViews.swift */; };
		2F03516A352BB97D48515A6A /* GeohashPeopleList.swift in Sources */ = {isa = PBXBuildFile; fileRef = A52E06CE9C35CD71FB5BCA91 /* GeohashPeopleList.swift */; };
		2F8BD13C83EFB679919B0C79 /* PeerIDResolver.swift in Sources */ = {isa = PBXBuildFile; fileRef = 5BFF127E4A2D1CFF7C1F2797 /* PeerIDResolver.swift */; };
		2FEB1D0EC12C8E9D2F40C0E3 /* SecureIdentityStateManager.swift in Sources */ = {isa = PBXBuildFile; fileRef = 0ECE5C44697DE26902F24A25 /* SecureIdentityStateManager.swift */; };
		2FFD9443F45D57ECB4029D5B /* NostrProtocolTests.swift in Sources */ = {isa = PBXBuildFile; fileRef = 7B252BEC89640055BD415C1F /* NostrProtocolTests.swift */; };
		32DB1AD8D871FDE336B744C8 /* LaunchScreen.storyboard in Resources */ = {isa = PBXBuildFile; fileRef = 15CB29EBF5F9BF05806ACE17 /* LaunchScreen.storyboard */; };
		3448C4ED4275AA080B420C91 /* ReportUserView.swift in Sources */ = {isa = PBXBuildFile; fileRef = BD6747C217D8522976E4F7D0 /* ReportUserView.swift */; };
		348736FB9385F21162772B59 /* PeerDisplayNameResolver.swift in Sources */ = {isa = PBXBuildFile; fileRef = 66BAA77BD24BF980297C98E9 /* PeerDisplayNameResolver.swift */; };
		3B380D029887F605410EE34E /* TermsAcceptance.swift in Sources */ = {isa = PBXBuildFile; fileRef = 15DA6C23155267D39508AD64 /* TermsAcceptance.swift */; };
		3BE5C1A07C77470DC67EE747 /* Geohash.swift in Sources */ = {isa = PBXBuildFile; fileRef = E04084D2E2BDF28251C38E16 /* Geohash.swift */; };
		3C2C46C001E70816C1798A49 /* FavoritesPersistenceService.swift in Sources */ = {isa = PBXBuildFile; fileRef = 6CD5A0C4BEAC884DB727B81A /* FavoritesPersistenceService.swift */; };
		3E5FF17AF548D1BDF8A714A2 /* LocationChannelsTests.swift in Sources */ = {isa = PBXBuildFile; fileRef = C6894F317A486B91D916CDB8 /* LocationChannelsTests.swift */; };
		408797F2A369CCDBDBDC7F44 /* Transport.swift in Sources */ = {isa = PBXBuildFile; fileRef = 2991DF68162B3724CFEE8245 /* Transport.swift */; };
		41362D7AC7F7030F565D96B5 /* BitchatPeer.swift in Sources */ = {isa = PBXBuildFile; fileRef = 09398D425F99AE675FC838DF /* BitchatPeer.swift */; };
		418FAC3EF93964E0D1B1FC4F /* README.md in Resources */ = {isa = PBXBuildFile; fileRef = B905E5AE5B11BC2B9AA19881 /* README.md */; };
		41A52EFE2C381B2FEE39C0DD /* SecureLogger.swift in Sources */ = {isa = PBXBuildFile; fileRef = B0FB9A96F07594881E71C900 /* SecureLogger.swift */; };
		441953DFEE13AF0DC2FDF812 /* FavoritesPersistenceService.swift in Sources */ = {isa = PBXBuildFile; fileRef = 6CD5A0C4BEAC884DB727B81A /* FavoritesPersistenceService.swift */; };
		443DE0A614BB4BBF564B5731 /* NoiseHandshakeCoordinator.swift in Sources */ = {isa = PBXBuildFile; fileRef = 23587C2D955317F94F499D67 /* NoiseHandshakeCoordinator.swift */; };
		44C9260DA3DC0083566B1064 /* PrivateChatManager.swift in Sources */ = {isa = PBXBuildFile; fileRef = 21F6DA21D98D03A46635B406 /* PrivateChatManager.swift */; };
		44FCE29FC7DC9ED9B4F42678 /* BinaryEncodingUtils.swift in Sources */ = {isa = PBXBuildFile; fileRef = B0FB41D91F5A116B22558785 /* BinaryEncodingUtils.swift */; };
		45F2FC6F301861980D8AA714 /* TestHelpers.swift in Sources */ = {isa = PBXBuildFile; fileRef = 6E094A030818C2BD8A212A28 /* TestHelpers.swift */; };
		46700FDFF6D95EA8E6376EC3 /* NostrIdentity.swift in Sources */ = {isa = PBXBuildFile; fileRef = 7D85ADCDBC132F822799C2BA /* NostrIdentity.swift */; };
		46A3EB0F5E4E8C2828540E40 /* NoiseProtocolTests.swift in Sources */ = {isa = PBXBuildFile; fileRef = 2D9AE5E9A4F9112724948CFD /* NoiseProtocolTests.swift */; };
		4A9F02F7AA5D1A1FFFC54360 /* RelayController.swift in Sources */ = {isa = PBXBuildFile; fileRef = E6C8E29419124EC488C1D0F7 /* RelayController.swift */; };
		4D56DB1F87EC656BD32BBCFB /* Geohash.swift in Sources */ = {isa = PBXBuildFile; fileRef = E04084D2E2BDF28251C38E16 /* Geohash.swift */; };
		5096352BA10BA79B647CAEEA /* TermsView.swift in Sources */ = {isa = PBXBuildFile; fileRef = 95AC4B145DA7C7BEAA65386F /* TermsView.swift */; };
		51896E5D66BC90F6B8F70D41 /* BinaryProtocolPaddingTests.swift in Sources */ = {isa = PBXBuildFile; fileRef = 0597291A6536DBAF9ABCFA28 /* BinaryProtocolPaddingTests.swift */; };
		548A6077068E1B7B7229C11B /* PrivateChatE2ETests.swift in Sources */ = {isa = PBXBuildFile; fileRef = EFD8AB4C81020F4B6503D2B6 /* PrivateChatE2ETests.swift */; };
		55D78E7E4FC5F194C850B5B5 /* ModerationService.swift in Sources */ = {isa = PBXBuildFile; fileRef = 62A53D2AFECB7E014DF4A0E7 /* ModerationService.swift */; };
		56A613C18D4B4470BF2BEDD0 /* BinaryEncodingUtils.swift in Sources */ = {isa = PBXBuildFile; fileRef = B0FB41D91F5A116B22558785 /* BinaryEncodingUtils.swift */; };
		575174B8450CD988BBBB66EB /* LocationChannelManager.swift in Sources */ = {isa = PBXBuildFile; fileRef = 1F946EA9C7B92789F73F1C8F /* LocationChannelManager.swift */; };
		57AF836293EFD52A8AC1ABC7 /* README.md in Resources */ = {isa = PBXBuildFile; fileRef = B905E5AE5B11BC2B9AA19881 /* README.md */; };
		598FFA80D188DABD88B03616 /* BinaryProtocol.swift in Sources */ = {isa = PBXBuildFile; fileRef = 02C7033E8F856102B123CB89 /* BinaryProtocol.swift */; };
		5ABFCC99E577E825AC7071C1 /* ReportMessageView.swift in Sources */ = {isa = PBXBuildFile; fileRef = C603759DD37DB4BAF34B7DC6 /* ReportMessageView.swift */; };
		5AF140DF3FE356441BC178A5 /* LaunchScreen.storyboard in Resources */ = {isa = PBXBuildFile; fileRef = 15CB29EBF5F9BF05806ACE17 /* LaunchScreen.storyboard */; };
		5B136B7CDDDC03874076439C /* PrivateChatE2ETests.swift in Sources */ = {isa = PBXBuildFile; fileRef = EFD8AB4C81020F4B6503D2B6 /* PrivateChatE2ETests.swift */; };
		5FB16E61A0CF901C63649FDA /* AutocompleteService.swift in Sources */ = {isa = PBXBuildFile; fileRef = F901EBD6C0A7E075B6E624C8 /* AutocompleteService.swift */; };
		609ECEDC354B3E5597926E96 /* PublicChatE2ETests.swift in Sources */ = {isa = PBXBuildFile; fileRef = FA03102341A8CBE7FF62859F /* PublicChatE2ETests.swift */; };
		6497EEB833974CA2D60FD58F /* VerificationService.swift in Sources */ = {isa = PBXBuildFile; fileRef = 863A37149742925DDECDD956 /* VerificationService.swift */; };
		655C70B8481F513CA6A406EC /* PrivateChatManager.swift in Sources */ = {isa = PBXBuildFile; fileRef = 21F6DA21D98D03A46635B406 /* PrivateChatManager.swift */; };
		65DE158CE199140797AEA37B /* ModerationSettingsView.swift in Sources */ = {isa = PBXBuildFile; fileRef = 4BA24A233A3C5B01B30CE63C /* ModerationSettingsView.swift */; };
		669584AE86C1E9C7A6845FB1 /* NostrProtocol.swift in Sources */ = {isa = PBXBuildFile; fileRef = 740F7E1133108BFCE9585BE7 /* NostrProtocol.swift */; };
		6956418409CE4FFF4E3A9B89 /* BinaryProtocolTests.swift in Sources */ = {isa = PBXBuildFile; fileRef = 6BDF8B1E874054003985A406 /* BinaryProtocolTests.swift */; };
		6992160C19CC72358478FDFE /* KeychainManager.swift in Sources */ = {isa = PBXBuildFile; fileRef = EDE62FE105BB8E816A5BFECF /* KeychainManager.swift */; };
		6B1C26B49F1A9C61BC98E0C7 /* LocationChannelsSheet.swift in Sources */ = {isa = PBXBuildFile; fileRef = 6B183ED29245184EFE04B752 /* LocationChannelsSheet.swift */; };
		6DA9D189290347ED6E425AD5 /* NostrTransport.swift in Sources */ = {isa = PBXBuildFile; fileRef = D8C583852EF387BD2D058400 /* NostrTransport.swift */; };
		6E62B618806F4069B260259D /* NostrRelayManager.swift in Sources */ = {isa = PBXBuildFile; fileRef = ACFA9CA6D35A1A16DB2B40C5 /* NostrRelayManager.swift */; };
		6E7AB0FBA7B0FA69F611418A /* NostrProtocolTests.swift in Sources */ = {isa = PBXBuildFile; fileRef = 7B252BEC89640055BD415C1F /* NostrProtocolTests.swift */; };
		73CD574FD466B53EB57B784D /* NoiseEncryptionService.swift in Sources */ = {isa = PBXBuildFile; fileRef = F525AE28885946D1817E77E1 /* NoiseEncryptionService.swift */; };
		77D53AAFBD23F1726456D82D /* RelayController.swift in Sources */ = {isa = PBXBuildFile; fileRef = E6C8E29419124EC488C1D0F7 /* RelayController.swift */; };
		783F7381C50BF8E75E0E8C78 /* InputValidator.swift in Sources */ = {isa = PBXBuildFile; fileRef = AAA9FCEA062EC2F2DE33C6B5 /* InputValidator.swift */; };
		7A2756CFFCA671057A1692B3 /* MessageRouter.swift in Sources */ = {isa = PBXBuildFile; fileRef = 1B395392A6B369B1478C15A4 /* MessageRouter.swift */; };
		7A492E9C341C173FE7F79F4B /* Assets.xcassets in Resources */ = {isa = PBXBuildFile; fileRef = 2D622171D796911FDA2702BC /* Assets.xcassets */; };
		7EE7F2ABFC9811DD83AC28DF /* NostrEmbeddedBitChat.swift in Sources */ = {isa = PBXBuildFile; fileRef = FE7957422DC0E7DDFFBC782D /* NostrEmbeddedBitChat.swift */; };
		7EFC8FFB42FC7E190A735214 /* CommandProcessor.swift in Sources */ = {isa = PBXBuildFile; fileRef = AA18409D0D9316AC9B395D39 /* CommandProcessor.swift */; };
		7F75A3509FB9F9006A120F34 /* PeerID.swift in Sources */ = {isa = PBXBuildFile; fileRef = 79ED097674A44E01DB4E3D4F /* PeerID.swift */; };
		7F8188DA078EA96DC664994D /* NoiseSession.swift in Sources */ = {isa = PBXBuildFile; fileRef = 0DADEF17541F5BE5E4BD2C5A /* NoiseSession.swift */; };
		80AAD77913BE387D71FEF892 /* TransportConfig.swift in Sources */ = {isa = PBXBuildFile; fileRef = ED2CB73C6111132CC89A8E9E /* TransportConfig.swift */; };
		810CD64C3E2BD281FBA624BB /* PeerDisplayNameResolver.swift in Sources */ = {isa = PBXBuildFile; fileRef = 66BAA77BD24BF980297C98E9 /* PeerDisplayNameResolver.swift */; };
		82703B6ECE978F90356E0149 /* LocationChannel.swift in Sources */ = {isa = PBXBuildFile; fileRef = 6A7AD014B5FE0264F07980D3 /* LocationChannel.swift */; };
		852BACBCA2482A1334799490 /* NoiseProtocolTests.swift in Sources */ = {isa = PBXBuildFile; fileRef = 2D9AE5E9A4F9112724948CFD /* NoiseProtocolTests.swift */; };
		8598B9B6608D94B18CD95D3B /* VerificationService.swift in Sources */ = {isa = PBXBuildFile; fileRef = 863A37149742925DDECDD956 /* VerificationService.swift */; };
		86D229C4A0AC8C71BADEA885 /* GeohashBookmarksStoreTests.swift in Sources */ = {isa = PBXBuildFile; fileRef = 3691359C05E47C4F50559A8E /* GeohashBookmarksStoreTests.swift */; };
		874BDC841557DE7F6106B9DE /* P256K in Frameworks */ = {isa = PBXBuildFile; productRef = 38784676460B1EA779D788DA /* P256K */; };
		8C1D0D9D9CA76121CDAD27FB /* FingerprintView.swift in Sources */ = {isa = PBXBuildFile; fileRef = C383C185ED36AB65F0BE54E7 /* FingerprintView.swift */; };
		8D86142164D7EF1D9D53DE87 /* XChaCha20Poly1305Compat.swift in Sources */ = {isa = PBXBuildFile; fileRef = 11DB51944FD0600BB31B0B4E /* XChaCha20Poly1305Compat.swift */; };
		910286F053EDCB0FC24CF84C /* MockBluetoothMeshService.swift in Sources */ = {isa = PBXBuildFile; fileRef = 4004C58D9B582BBC9564643D /* MockBluetoothMeshService.swift */; };
		96697AB0E1F12E5B0AB92A20 /* AppInfoView.swift in Sources */ = {isa = PBXBuildFile; fileRef = E2A265F24A83D489AC300C86 /* AppInfoView.swift */; };
		96BCC720E63E9034CB38109A /* NoiseSecurityConsiderations.swift in Sources */ = {isa = PBXBuildFile; fileRef = 1257F7997D24660BD79687A7 /* NoiseSecurityConsiderations.swift */; };
		97FD28E07A382A2FE43DF8D6 /* GeoRelayDirectory.swift in Sources */ = {isa = PBXBuildFile; fileRef = 4B86C649B5CF6043D09B35AF /* GeoRelayDirectory.swift */; };
		99EF8C02C0F96CC63ED6F003 /* Transport.swift in Sources */ = {isa = PBXBuildFile; fileRef = 2991DF68162B3724CFEE8245 /* Transport.swift */; };
		9A9109CA0EC6EBD8EB5EF6FB /* NotificationService.swift in Sources */ = {isa = PBXBuildFile; fileRef = 45705CB3DA30B0335A4CADBA /* NotificationService.swift */; };
		A28AF35D386C742A14A86F27 /* BinaryProtocolPaddingTests.swift in Sources */ = {isa = PBXBuildFile; fileRef = 0597291A6536DBAF9ABCFA28 /* BinaryProtocolPaddingTests.swift */; };
		A43C4EF87C2AB40FCCC5C731 /* MessageTextHelpers.swift in Sources */ = {isa = PBXBuildFile; fileRef = 8C2BF475D198E666227BC0AD /* MessageTextHelpers.swift */; };
		A7FD53D2846FB49637FE94BF /* GeohashBookmarksStore.swift in Sources */ = {isa = PBXBuildFile; fileRef = FDA848DF801CB8C8EA34E9F6 /* GeohashBookmarksStore.swift */; };
		A8224A939FA4AE94538996EF /* NostrTransport.swift in Sources */ = {isa = PBXBuildFile; fileRef = D8C583852EF387BD2D058400 /* NostrTransport.swift */; };
		A9F18DBD7770D24EEF4825CA /* NotificationService.swift in Sources */ = {isa = PBXBuildFile; fileRef = 45705CB3DA30B0335A4CADBA /* NotificationService.swift */; };
		AAE0F32261269EB5C35FEA1A /* FirstRunConsentView.swift in Sources */ = {isa = PBXBuildFile; fileRef = 45542AA72BE73EA3E1964D39 /* FirstRunConsentView.swift */; };
		AE51E127DB382AF16AFBBF44 /* IdentityModels.swift in Sources */ = {isa = PBXBuildFile; fileRef = B34DD896ABEDB9CA3E1E2637 /* IdentityModels.swift */; };
		B0A56EA1CED615408BFD3AA2 /* CompressionUtil.swift in Sources */ = {isa = PBXBuildFile; fileRef = 6F7771C23D058D32E9B9453E /* CompressionUtil.swift */; };
		B156614553BBE783103C6133 /* UnifiedPeerService.swift in Sources */ = {isa = PBXBuildFile; fileRef = 444E2D092C987881D0103177 /* UnifiedPeerService.swift */; };
		B3BA197E31DCD870A9E9E673 /* FirstRunConsentView.swift in Sources */ = {isa = PBXBuildFile; fileRef = 45542AA72BE73EA3E1964D39 /* FirstRunConsentView.swift */; };
		B5152987C32F0B8AA068CB20 /* ReportMessageView.swift in Sources */ = {isa = PBXBuildFile; fileRef = C603759DD37DB4BAF34B7DC6 /* ReportMessageView.swift */; };
		B5F659F9656F6447C6DBD892 /* ChatViewModel.swift in Sources */ = {isa = PBXBuildFile; fileRef = 3ECD75B03FAD5D8C0F3B9D68 /* ChatViewModel.swift */; };
		C0D07F411F44647E814E0957 /* IntegrationTests.swift in Sources */ = {isa = PBXBuildFile; fileRef = BAF07B451DED9FFB18F3650D /* IntegrationTests.swift */; };
		C11BB133A88F818EFB5D099D /* LocationChannelManager.swift in Sources */ = {isa = PBXBuildFile; fileRef = 1F946EA9C7B92789F73F1C8F /* LocationChannelManager.swift */; };
		C336B4BC9365D7603ABE55AC /* TestHelpers.swift in Sources */ = {isa = PBXBuildFile; fileRef = 6E094A030818C2BD8A212A28 /* TestHelpers.swift */; };
		CC5CBF9EAD0A88917E81B6B8 /* IntegrationTests.swift in Sources */ = {isa = PBXBuildFile; fileRef = BAF07B451DED9FFB18F3650D /* IntegrationTests.swift */; };
		D07B3B70AA1E1A24716A9014 /* FingerprintView.swift in Sources */ = {isa = PBXBuildFile; fileRef = C383C185ED36AB65F0BE54E7 /* FingerprintView.swift */; };
		D20079B9D2A65B6A22B054A4 /* MessageRouter.swift in Sources */ = {isa = PBXBuildFile; fileRef = 1B395392A6B369B1478C15A4 /* MessageRouter.swift */; };
		D239DE317A5F926ECEAF2276 /* ChatViewModel.swift in Sources */ = {isa = PBXBuildFile; fileRef = 3ECD75B03FAD5D8C0F3B9D68 /* ChatViewModel.swift */; };
		D2B0DAB2E3FCDF2149F62741 /* KeychainManager.swift in Sources */ = {isa = PBXBuildFile; fileRef = EDE62FE105BB8E816A5BFECF /* KeychainManager.swift */; };
		D39E50D4BF9E4EAA6D07F722 /* MessageTextHelpers.swift in Sources */ = {isa = PBXBuildFile; fileRef = 8C2BF475D198E666227BC0AD /* MessageTextHelpers.swift */; };
		D44A591DE13C880CB5217BEF /* NostrProtocol.swift in Sources */ = {isa = PBXBuildFile; fileRef = 740F7E1133108BFCE9585BE7 /* NostrProtocol.swift */; };
		D66F850AA47DB2E4785A168E /* FragmentationTests.swift in Sources */ = {isa = PBXBuildFile; fileRef = 56D36C4DE9DF4C40245B10EF /* FragmentationTests.swift */; };
		D700FA3660131A09BBE73116 /* FragmentationTests.swift in Sources */ = {isa = PBXBuildFile; fileRef = 56D36C4DE9DF4C40245B10EF /* FragmentationTests.swift */; };
		DCD58CDBDC05B5E04060ADF9 /* BLEService.swift in Sources */ = {isa = PBXBuildFile; fileRef = DC440B767E4002980277A455 /* BLEService.swift */; };
		DE70D4AB3CEBD04EAE6ED679 /* BitchatApp.swift in Sources */ = {isa = PBXBuildFile; fileRef = 2459EE58E9C2015FD041A96C /* BitchatApp.swift */; };
		DECC5998FA7F62BF2EE1727F /* InputValidatorTests.swift in Sources */ = {isa = PBXBuildFile; fileRef = 3429F1BB632927CD92F7BFB9 /* InputValidatorTests.swift */; };
		E1620EF9425D21658BBE4AFC /* NostrRelayManager.swift in Sources */ = {isa = PBXBuildFile; fileRef = ACFA9CA6D35A1A16DB2B40C5 /* NostrRelayManager.swift */; };
		E35A893ADE1FC3F4774258B0 /* NoiseEncryptionService.swift in Sources */ = {isa = PBXBuildFile; fileRef = F525AE28885946D1817E77E1 /* NoiseEncryptionService.swift */; };
		E37881BE8C1CA55AD314AD50 /* NoiseProtocol.swift in Sources */ = {isa = PBXBuildFile; fileRef = A926BCF2065EB43ABEC20FE5 /* NoiseProtocol.swift */; };
		E3F36043B459B69A7AD4E4EA /* PeerIDResolver.swift in Sources */ = {isa = PBXBuildFile; fileRef = 5BFF127E4A2D1CFF7C1F2797 /* PeerIDResolver.swift */; };
		E660D1CB9DD53B270EBD8515 /* IdentityModels.swift in Sources */ = {isa = PBXBuildFile; fileRef = B34DD896ABEDB9CA3E1E2637 /* IdentityModels.swift */; };
		E66CF78C5BD71CE269201B02 /* BitchatProtocol.swift in Sources */ = {isa = PBXBuildFile; fileRef = E8632FB9ADFD71678A16C867 /* BitchatProtocol.swift */; };
		E6C438CBDA865EF75CDF8EA6 /* MockBLEService.swift in Sources */ = {isa = PBXBuildFile; fileRef = AD0F4D0AFDB08E0A3CBD559A /* MockBLEService.swift */; };
		E76C6234457F904CC07DAE27 /* GeohashPeopleList.swift in Sources */ = {isa = PBXBuildFile; fileRef = A52E06CE9C35CD71FB5BCA91 /* GeohashPeopleList.swift */; };
		E788205ACBA6DE1559796F04 /* MockBLEService.swift in Sources */ = {isa = PBXBuildFile; fileRef = AD0F4D0AFDB08E0A3CBD559A /* MockBLEService.swift */; };
		E7E2D298DF95119163C2A96D /* InputValidatorTests.swift in Sources */ = {isa = PBXBuildFile; fileRef = 3429F1BB632927CD92F7BFB9 /* InputValidatorTests.swift */; };
		E8009B0A275F4443B489E946 /* TermsView.swift in Sources */ = {isa = PBXBuildFile; fileRef = 95AC4B145DA7C7BEAA65386F /* TermsView.swift */; };
		E881553DAEC3CF0BF3C6FE0F /* PublicChatE2ETests.swift in Sources */ = {isa = PBXBuildFile; fileRef = FA03102341A8CBE7FF62859F /* PublicChatE2ETests.swift */; };
		ECAA67B196CA87A427C66167 /* BitchatProtocol.swift in Sources */ = {isa = PBXBuildFile; fileRef = E8632FB9ADFD71678A16C867 /* BitchatProtocol.swift */; };
		EDB30E4634E158F33FDE7272 /* SecureLogger.swift in Sources */ = {isa = PBXBuildFile; fileRef = B0FB9A96F07594881E71C900 /* SecureLogger.swift */; };
		EDD17360639F55AF2CDC8E1A /* PrivacyPolicyView.swift in Sources */ = {isa = PBXBuildFile; fileRef = 809B84430A36CC32B0C44529 /* PrivacyPolicyView.swift */; };
		EEB1B92B02933231A96CD7FD /* BitchatApp.swift in Sources */ = {isa = PBXBuildFile; fileRef = 2459EE58E9C2015FD041A96C /* BitchatApp.swift */; };
		EEC3975CBE65A2F4B62F6E7E /* VerificationViews.swift in Sources */ = {isa = PBXBuildFile; fileRef = 044044668E3A15339300853E /* VerificationViews.swift */; };
		F046530D3FE4FD8EEC171429 /* InputValidator.swift in Sources */ = {isa = PBXBuildFile; fileRef = AAA9FCEA062EC2F2DE33C6B5 /* InputValidator.swift */; };
		F2E00B62C84E79A55511B7A2 /* MessageDeduplicator.swift in Sources */ = {isa = PBXBuildFile; fileRef = ADD37B6268F781E8BA5BBBF2 /* MessageDeduplicator.swift */; };
		F61279178000A17E74F480C6 /* MeshPeerList.swift in Sources */ = {isa = PBXBuildFile; fileRef = BECEAA00256D6C7C394CAD18 /* MeshPeerList.swift */; };
		F64B18EA934CAD3800EC1307 /* ModerationService.swift in Sources */ = {isa = PBXBuildFile; fileRef = 62A53D2AFECB7E014DF4A0E7 /* ModerationService.swift */; };
		F82238188B9522CD0A0D8D91 /* TestConstants.swift in Sources */ = {isa = PBXBuildFile; fileRef = 472D98E94A72E9DCD8F56E05 /* TestConstants.swift */; };
		F8FBE270B491B57B5BD257CB /* ContentView.swift in Sources */ = {isa = PBXBuildFile; fileRef = 54AF4F0B960F61CBFAFA14F1 /* ContentView.swift */; };
		F9C86A9071164D88DD9A2D1F /* MessageDeduplicator.swift in Sources */ = {isa = PBXBuildFile; fileRef = ADD37B6268F781E8BA5BBBF2 /* MessageDeduplicator.swift */; };
		FA5BAA0E47B3242972091798 /* BinaryProtocol.swift in Sources */ = {isa = PBXBuildFile; fileRef = 02C7033E8F856102B123CB89 /* BinaryProtocol.swift */; };
		FA8B3B3B9B3C8A6E2C8FF84A /* MeshPeerList.swift in Sources */ = {isa = PBXBuildFile; fileRef = BECEAA00256D6C7C394CAD18 /* MeshPeerList.swift */; };
		FAB508BADCE8B0EEA7577F6E /* BLEServiceTests.swift in Sources */ = {isa = PBXBuildFile; fileRef = C272988C01CD40F06DEB60F7 /* BLEServiceTests.swift */; };
		FB642371CC85809D7CA30A7E /* UnifiedPeerService.swift in Sources */ = {isa = PBXBuildFile; fileRef = 444E2D092C987881D0103177 /* UnifiedPeerService.swift */; };
		FD9F36F8A5079ABDC8A5A354 /* AutocompleteService.swift in Sources */ = {isa = PBXBuildFile; fileRef = F901EBD6C0A7E075B6E624C8 /* AutocompleteService.swift */; };
		FEA24CB89544F3C86DFA8973 /* PrivacyPolicyView.swift in Sources */ = {isa = PBXBuildFile; fileRef = 809B84430A36CC32B0C44529 /* PrivacyPolicyView.swift */; };
/* End PBXBuildFile section */

/* Begin PBXContainerItemProxy section */
		1A9D51EBC6781529C347E703 /* PBXContainerItemProxy */ = {
			isa = PBXContainerItemProxy;
			containerPortal = 6D003E1EE5D3F6703FA0DFC6 /* Project object */;
			proxyType = 1;
			remoteGlobalIDString = EE0859AED3AC9A3BB94877DD;
			remoteInfo = bounchat_iOS;
		};
		71CEEA7CAEA8D91436FFEC7A /* PBXContainerItemProxy */ = {
			isa = PBXContainerItemProxy;
			containerPortal = 6D003E1EE5D3F6703FA0DFC6 /* Project object */;
			proxyType = 1;
			remoteGlobalIDString = 0BE1A9C86165978CCD314D13;
			remoteInfo = bounchat_macOS;
		};
/* End PBXContainerItemProxy section */

/* Begin PBXFileReference section */
		02C7033E8F856102B123CB89 /* BinaryProtocol.swift */ = {isa = PBXFileReference; lastKnownFileType = sourcecode.swift; path = BinaryProtocol.swift; sourceTree = "<group>"; };
		044044668E3A15339300853E /* VerificationViews.swift */ = {isa = PBXFileReference; lastKnownFileType = sourcecode.swift; path = VerificationViews.swift; sourceTree = "<group>"; };
		0597291A6536DBAF9ABCFA28 /* BinaryProtocolPaddingTests.swift */ = {isa = PBXFileReference; lastKnownFileType = sourcecode.swift; path = BinaryProtocolPaddingTests.swift; sourceTree = "<group>"; };
		09398D425F99AE675FC838DF /* BitchatPeer.swift */ = {isa = PBXFileReference; lastKnownFileType = sourcecode.swift; path = BitchatPeer.swift; sourceTree = "<group>"; };
		0DADEF17541F5BE5E4BD2C5A /* NoiseSession.swift */ = {isa = PBXFileReference; lastKnownFileType = sourcecode.swift; path = NoiseSession.swift; sourceTree = "<group>"; };
		0ECE5C44697DE26902F24A25 /* SecureIdentityStateManager.swift */ = {isa = PBXFileReference; lastKnownFileType = sourcecode.swift; path = SecureIdentityStateManager.swift; sourceTree = "<group>"; };
		11DB51944FD0600BB31B0B4E /* XChaCha20Poly1305Compat.swift */ = {isa = PBXFileReference; lastKnownFileType = sourcecode.swift; path = XChaCha20Poly1305Compat.swift; sourceTree = "<group>"; };
		1257F7997D24660BD79687A7 /* NoiseSecurityConsiderations.swift */ = {isa = PBXFileReference; lastKnownFileType = sourcecode.swift; path = NoiseSecurityConsiderations.swift; sourceTree = "<group>"; };
		15CB29EBF5F9BF05806ACE17 /* LaunchScreen.storyboard */ = {isa = PBXFileReference; lastKnownFileType = file.storyboard; path = LaunchScreen.storyboard; sourceTree = "<group>"; };
		15DA6C23155267D39508AD64 /* TermsAcceptance.swift */ = {isa = PBXFileReference; lastKnownFileType = sourcecode.swift; path = TermsAcceptance.swift; sourceTree = "<group>"; };
		1A8665DD953D2DD087EEC5B4 /* Packets.swift */ = {isa = PBXFileReference; lastKnownFileType = sourcecode.swift; path = Packets.swift; sourceTree = "<group>"; };
		1B395392A6B369B1478C15A4 /* MessageRouter.swift */ = {isa = PBXFileReference; lastKnownFileType = sourcecode.swift; path = MessageRouter.swift; sourceTree = "<group>"; };
		1B665FCC7BA72464DCD0B7D9 /* bounchatTests_iOS.xctest */ = {isa = PBXFileReference; includeInIndex = 0; lastKnownFileType = wrapper.cfbundle; path = bounchatTests_iOS.xctest; sourceTree = BUILT_PRODUCTS_DIR; };
		1F946EA9C7B92789F73F1C8F /* LocationChannelManager.swift */ = {isa = PBXFileReference; lastKnownFileType = sourcecode.swift; path = LocationChannelManager.swift; sourceTree = "<group>"; };
		21F6DA21D98D03A46635B406 /* PrivateChatManager.swift */ = {isa = PBXFileReference; lastKnownFileType = sourcecode.swift; path = PrivateChatManager.swift; sourceTree = "<group>"; };
		23587C2D955317F94F499D67 /* NoiseHandshakeCoordinator.swift */ = {isa = PBXFileReference; lastKnownFileType = sourcecode.swift; path = NoiseHandshakeCoordinator.swift; sourceTree = "<group>"; };
		2459EE58E9C2015FD041A96C /* BitchatApp.swift */ = {isa = PBXFileReference; lastKnownFileType = sourcecode.swift; path = BitchatApp.swift; sourceTree = "<group>"; };
		25EB414DC62421F94DFD453D /* bitchat.entitlements */ = {isa = PBXFileReference; lastKnownFileType = text.plist.entitlements; path = bitchat.entitlements; sourceTree = "<group>"; };
		2991DF68162B3724CFEE8245 /* Transport.swift */ = {isa = PBXFileReference; lastKnownFileType = sourcecode.swift; path = Transport.swift; sourceTree = "<group>"; };
		2D622171D796911FDA2702BC /* Assets.xcassets */ = {isa = PBXFileReference; lastKnownFileType = folder.assetcatalog; path = Assets.xcassets; sourceTree = "<group>"; };
		2D9AE5E9A4F9112724948CFD /* NoiseProtocolTests.swift */ = {isa = PBXFileReference; lastKnownFileType = sourcecode.swift; path = NoiseProtocolTests.swift; sourceTree = "<group>"; };
		3429F1BB632927CD92F7BFB9 /* InputValidatorTests.swift */ = {isa = PBXFileReference; lastKnownFileType = sourcecode.swift; path = InputValidatorTests.swift; sourceTree = "<group>"; };
		3691359C05E47C4F50559A8E /* GeohashBookmarksStoreTests.swift */ = {isa = PBXFileReference; lastKnownFileType = sourcecode.swift; path = GeohashBookmarksStoreTests.swift; sourceTree = "<group>"; };
		3ECD75B03FAD5D8C0F3B9D68 /* ChatViewModel.swift */ = {isa = PBXFileReference; lastKnownFileType = sourcecode.swift; path = ChatViewModel.swift; sourceTree = "<group>"; };
		4004C58D9B582BBC9564643D /* MockBluetoothMeshService.swift */ = {isa = PBXFileReference; lastKnownFileType = sourcecode.swift; path = MockBluetoothMeshService.swift; sourceTree = "<group>"; };
		444E2D092C987881D0103177 /* UnifiedPeerService.swift */ = {isa = PBXFileReference; lastKnownFileType = sourcecode.swift; path = UnifiedPeerService.swift; sourceTree = "<group>"; };
		45542AA72BE73EA3E1964D39 /* FirstRunConsentView.swift */ = {isa = PBXFileReference; lastKnownFileType = sourcecode.swift; path = FirstRunConsentView.swift; sourceTree = "<group>"; };
		45705CB3DA30B0335A4CADBA /* NotificationService.swift */ = {isa = PBXFileReference; lastKnownFileType = sourcecode.swift; path = NotificationService.swift; sourceTree = "<group>"; };
		472D98E94A72E9DCD8F56E05 /* TestConstants.swift */ = {isa = PBXFileReference; lastKnownFileType = sourcecode.swift; path = TestConstants.swift; sourceTree = "<group>"; };
		4B86C649B5CF6043D09B35AF /* GeoRelayDirectory.swift */ = {isa = PBXFileReference; lastKnownFileType = sourcecode.swift; path = GeoRelayDirectory.swift; sourceTree = "<group>"; };
		4BA24A233A3C5B01B30CE63C /* ModerationSettingsView.swift */ = {isa = PBXFileReference; lastKnownFileType = sourcecode.swift; path = ModerationSettingsView.swift; sourceTree = "<group>"; };
		52DFB8C34F9B2C4FD83045BB /* bounchat_iOS.app */ = {isa = PBXFileReference; includeInIndex = 0; lastKnownFileType = wrapper.application; path = bounchat_iOS.app; sourceTree = BUILT_PRODUCTS_DIR; };
		54AF4F0B960F61CBFAFA14F1 /* ContentView.swift */ = {isa = PBXFileReference; lastKnownFileType = sourcecode.swift; path = ContentView.swift; sourceTree = "<group>"; };
		56D36C4DE9DF4C40245B10EF /* FragmentationTests.swift */ = {isa = PBXFileReference; lastKnownFileType = sourcecode.swift; path = FragmentationTests.swift; sourceTree = "<group>"; };
		5BFF127E4A2D1CFF7C1F2797 /* PeerIDResolver.swift */ = {isa = PBXFileReference; lastKnownFileType = sourcecode.swift; path = PeerIDResolver.swift; sourceTree = "<group>"; };
		62A53D2AFECB7E014DF4A0E7 /* ModerationService.swift */ = {isa = PBXFileReference; lastKnownFileType = sourcecode.swift; path = ModerationService.swift; sourceTree = "<group>"; };
		66BAA77BD24BF980297C98E9 /* PeerDisplayNameResolver.swift */ = {isa = PBXFileReference; lastKnownFileType = sourcecode.swift; path = PeerDisplayNameResolver.swift; sourceTree = "<group>"; };
		69DE15DDC98A55F8FECC5E25 /* bounchatTests_macOS.xctest */ = {isa = PBXFileReference; explicitFileType = wrapper.cfbundle; includeInIndex = 0; path = bounchatTests_macOS.xctest; sourceTree = BUILT_PRODUCTS_DIR; };
		6A7AD014B5FE0264F07980D3 /* LocationChannel.swift */ = {isa = PBXFileReference; lastKnownFileType = sourcecode.swift; path = LocationChannel.swift; sourceTree = "<group>"; };
		6B183ED29245184EFE04B752 /* LocationChannelsSheet.swift */ = {isa = PBXFileReference; lastKnownFileType = sourcecode.swift; path = LocationChannelsSheet.swift; sourceTree = "<group>"; };
		6BDF8B1E874054003985A406 /* BinaryProtocolTests.swift */ = {isa = PBXFileReference; lastKnownFileType = sourcecode.swift; path = BinaryProtocolTests.swift; sourceTree = "<group>"; };
		6CD5A0C4BEAC884DB727B81A /* FavoritesPersistenceService.swift */ = {isa = PBXFileReference; lastKnownFileType = sourcecode.swift; path = FavoritesPersistenceService.swift; sourceTree = "<group>"; };
		6E094A030818C2BD8A212A28 /* TestHelpers.swift */ = {isa = PBXFileReference; lastKnownFileType = sourcecode.swift; path = TestHelpers.swift; sourceTree = "<group>"; };
		6F7771C23D058D32E9B9453E /* CompressionUtil.swift */ = {isa = PBXFileReference; lastKnownFileType = sourcecode.swift; path = CompressionUtil.swift; sourceTree = "<group>"; };
		740F7E1133108BFCE9585BE7 /* NostrProtocol.swift */ = {isa = PBXFileReference; lastKnownFileType = sourcecode.swift; path = NostrProtocol.swift; sourceTree = "<group>"; };
		79ED097674A44E01DB4E3D4F /* PeerID.swift */ = {isa = PBXFileReference; lastKnownFileType = sourcecode.swift; path = PeerID.swift; sourceTree = "<group>"; };
		7B252BEC89640055BD415C1F /* NostrProtocolTests.swift */ = {isa = PBXFileReference; lastKnownFileType = sourcecode.swift; path = NostrProtocolTests.swift; sourceTree = "<group>"; };
		7D85ADCDBC132F822799C2BA /* NostrIdentity.swift */ = {isa = PBXFileReference; lastKnownFileType = sourcecode.swift; path = NostrIdentity.swift; sourceTree = "<group>"; };
		809B84430A36CC32B0C44529 /* PrivacyPolicyView.swift */ = {isa = PBXFileReference; lastKnownFileType = sourcecode.swift; path = PrivacyPolicyView.swift; sourceTree = "<group>"; };
		80A5BF3F1A6972E618E4C8EF /* bitchat-macOS.entitlements */ = {isa = PBXFileReference; lastKnownFileType = text.plist.entitlements; path = "bitchat-macOS.entitlements"; sourceTree = "<group>"; };
		851B3FEB349541F3FC498338 /* Info.plist */ = {isa = PBXFileReference; lastKnownFileType = text.plist; path = Info.plist; sourceTree = "<group>"; };
		863A37149742925DDECDD956 /* VerificationService.swift */ = {isa = PBXFileReference; lastKnownFileType = sourcecode.swift; path = VerificationService.swift; sourceTree = "<group>"; };
		8C2BF475D198E666227BC0AD /* MessageTextHelpers.swift */ = {isa = PBXFileReference; lastKnownFileType = sourcecode.swift; path = MessageTextHelpers.swift; sourceTree = "<group>"; };
		95AC4B145DA7C7BEAA65386F /* TermsView.swift */ = {isa = PBXFileReference; lastKnownFileType = sourcecode.swift; path = TermsView.swift; sourceTree = "<group>"; };
		A52E06CE9C35CD71FB5BCA91 /* GeohashPeopleList.swift */ = {isa = PBXFileReference; lastKnownFileType = sourcecode.swift; path = GeohashPeopleList.swift; sourceTree = "<group>"; };
		A926BCF2065EB43ABEC20FE5 /* NoiseProtocol.swift */ = {isa = PBXFileReference; lastKnownFileType = sourcecode.swift; path = NoiseProtocol.swift; sourceTree = "<group>"; };
		AA18409D0D9316AC9B395D39 /* CommandProcessor.swift */ = {isa = PBXFileReference; lastKnownFileType = sourcecode.swift; path = CommandProcessor.swift; sourceTree = "<group>"; };
		AAA9FCEA062EC2F2DE33C6B5 /* InputValidator.swift */ = {isa = PBXFileReference; lastKnownFileType = sourcecode.swift; path = InputValidator.swift; sourceTree = "<group>"; };
		ACFA9CA6D35A1A16DB2B40C5 /* NostrRelayManager.swift */ = {isa = PBXFileReference; lastKnownFileType = sourcecode.swift; path = NostrRelayManager.swift; sourceTree = "<group>"; };
		AD0F4D0AFDB08E0A3CBD559A /* MockBLEService.swift */ = {isa = PBXFileReference; lastKnownFileType = sourcecode.swift; path = MockBLEService.swift; sourceTree = "<group>"; };
		ADD37B6268F781E8BA5BBBF2 /* MessageDeduplicator.swift */ = {isa = PBXFileReference; lastKnownFileType = sourcecode.swift; path = MessageDeduplicator.swift; sourceTree = "<group>"; };
		AF2FA6A43DAB79B427CC6D82 /* Info.plist */ = {isa = PBXFileReference; lastKnownFileType = text.plist; path = Info.plist; sourceTree = "<group>"; };
		B0FB41D91F5A116B22558785 /* BinaryEncodingUtils.swift */ = {isa = PBXFileReference; lastKnownFileType = sourcecode.swift; path = BinaryEncodingUtils.swift; sourceTree = "<group>"; };
		B0FB9A96F07594881E71C900 /* SecureLogger.swift */ = {isa = PBXFileReference; lastKnownFileType = sourcecode.swift; path = SecureLogger.swift; sourceTree = "<group>"; };
		B34DD896ABEDB9CA3E1E2637 /* IdentityModels.swift */ = {isa = PBXFileReference; lastKnownFileType = sourcecode.swift; path = IdentityModels.swift; sourceTree = "<group>"; };
		B905E5AE5B11BC2B9AA19881 /* README.md */ = {isa = PBXFileReference; lastKnownFileType = net.daringfireball.markdown; path = README.md; sourceTree = "<group>"; };
		BAF07B451DED9FFB18F3650D /* IntegrationTests.swift */ = {isa = PBXFileReference; lastKnownFileType = sourcecode.swift; path = IntegrationTests.swift; sourceTree = "<group>"; };
		BD6747C217D8522976E4F7D0 /* ReportUserView.swift */ = {isa = PBXFileReference; lastKnownFileType = sourcecode.swift; path = ReportUserView.swift; sourceTree = "<group>"; };
		BECEAA00256D6C7C394CAD18 /* MeshPeerList.swift */ = {isa = PBXFileReference; lastKnownFileType = sourcecode.swift; path = MeshPeerList.swift; sourceTree = "<group>"; };
		C02225DBC3E0097D89F28BC0 /* bounchat_macOS.app */ = {isa = PBXFileReference; explicitFileType = wrapper.application; includeInIndex = 0; path = bounchat_macOS.app; sourceTree = BUILT_PRODUCTS_DIR; };
		C272988C01CD40F06DEB60F7 /* BLEServiceTests.swift */ = {isa = PBXFileReference; lastKnownFileType = sourcecode.swift; path = BLEServiceTests.swift; sourceTree = "<group>"; };
		C383C185ED36AB65F0BE54E7 /* FingerprintView.swift */ = {isa = PBXFileReference; lastKnownFileType = sourcecode.swift; path = FingerprintView.swift; sourceTree = "<group>"; };
		C603759DD37DB4BAF34B7DC6 /* ReportMessageView.swift */ = {isa = PBXFileReference; lastKnownFileType = sourcecode.swift; path = ReportMessageView.swift; sourceTree = "<group>"; };
		C6894F317A486B91D916CDB8 /* LocationChannelsTests.swift */ = {isa = PBXFileReference; lastKnownFileType = sourcecode.swift; path = LocationChannelsTests.swift; sourceTree = "<group>"; };
		D8C583852EF387BD2D058400 /* NostrTransport.swift */ = {isa = PBXFileReference; lastKnownFileType = sourcecode.swift; path = NostrTransport.swift; sourceTree = "<group>"; };
		DC440B767E4002980277A455 /* BLEService.swift */ = {isa = PBXFileReference; lastKnownFileType = sourcecode.swift; path = BLEService.swift; sourceTree = "<group>"; };
		E04084D2E2BDF28251C38E16 /* Geohash.swift */ = {isa = PBXFileReference; lastKnownFileType = sourcecode.swift; path = Geohash.swift; sourceTree = "<group>"; };
		E2A265F24A83D489AC300C86 /* AppInfoView.swift */ = {isa = PBXFileReference; lastKnownFileType = sourcecode.swift; path = AppInfoView.swift; sourceTree = "<group>"; };
		E6C8E29419124EC488C1D0F7 /* RelayController.swift */ = {isa = PBXFileReference; lastKnownFileType = sourcecode.swift; path = RelayController.swift; sourceTree = "<group>"; };
		E8632FB9ADFD71678A16C867 /* BitchatProtocol.swift */ = {isa = PBXFileReference; lastKnownFileType = sourcecode.swift; path = BitchatProtocol.swift; sourceTree = "<group>"; };
		ED2CB73C6111132CC89A8E9E /* TransportConfig.swift */ = {isa = PBXFileReference; lastKnownFileType = sourcecode.swift; path = TransportConfig.swift; sourceTree = "<group>"; };
		EDE62FE105BB8E816A5BFECF /* KeychainManager.swift */ = {isa = PBXFileReference; lastKnownFileType = sourcecode.swift; path = KeychainManager.swift; sourceTree = "<group>"; };
		EFD8AB4C81020F4B6503D2B6 /* PrivateChatE2ETests.swift */ = {isa = PBXFileReference; lastKnownFileType = sourcecode.swift; path = PrivateChatE2ETests.swift; sourceTree = "<group>"; };
		F525AE28885946D1817E77E1 /* NoiseEncryptionService.swift */ = {isa = PBXFileReference; lastKnownFileType = sourcecode.swift; path = NoiseEncryptionService.swift; sourceTree = "<group>"; };
		F901EBD6C0A7E075B6E624C8 /* AutocompleteService.swift */ = {isa = PBXFileReference; lastKnownFileType = sourcecode.swift; path = AutocompleteService.swift; sourceTree = "<group>"; };
		FA03102341A8CBE7FF62859F /* PublicChatE2ETests.swift */ = {isa = PBXFileReference; lastKnownFileType = sourcecode.swift; path = PublicChatE2ETests.swift; sourceTree = "<group>"; };
		FDA848DF801CB8C8EA34E9F6 /* GeohashBookmarksStore.swift */ = {isa = PBXFileReference; lastKnownFileType = sourcecode.swift; path = GeohashBookmarksStore.swift; sourceTree = "<group>"; };
		FE7957422DC0E7DDFFBC782D /* NostrEmbeddedBitChat.swift */ = {isa = PBXFileReference; lastKnownFileType = sourcecode.swift; path = NostrEmbeddedBitChat.swift; sourceTree = "<group>"; };
/* End PBXFileReference section */

/* Begin PBXFrameworksBuildPhase section */
		95A79A5A820F01B3A5B38A97 /* Frameworks */ = {
			isa = PBXFrameworksBuildPhase;
			buildActionMask = 2147483647;
			files = (
				1AF3892B3C59033659AD9ABE /* P256K in Frameworks */,
			);
			runOnlyForDeploymentPostprocessing = 0;
		};
		A49FD6311B741EF3505EC819 /* Frameworks */ = {
			isa = PBXFrameworksBuildPhase;
			buildActionMask = 2147483647;
			files = (
				874BDC841557DE7F6106B9DE /* P256K in Frameworks */,
			);
			runOnlyForDeploymentPostprocessing = 0;
		};
/* End PBXFrameworksBuildPhase section */

/* Begin PBXGroup section */
		03271F9088EB69B07EDC86E8 /* EndToEnd */ = {
			isa = PBXGroup;
			children = (
				EFD8AB4C81020F4B6503D2B6 /* PrivateChatE2ETests.swift */,
				FA03102341A8CBE7FF62859F /* PublicChatE2ETests.swift */,
			);
			path = EndToEnd;
			sourceTree = "<group>";
		};
		12B4CC3DE0D34829DC9BB2AC /* bitchat */ = {
			isa = PBXGroup;
			children = (
				2D622171D796911FDA2702BC /* Assets.xcassets */,
				80A5BF3F1A6972E618E4C8EF /* bitchat-macOS.entitlements */,
				25EB414DC62421F94DFD453D /* bitchat.entitlements */,
				2459EE58E9C2015FD041A96C /* BitchatApp.swift */,
				AF2FA6A43DAB79B427CC6D82 /* Info.plist */,
				15CB29EBF5F9BF05806ACE17 /* LaunchScreen.storyboard */,
				C3BE41184431059882FAEFFD /* Identity */,
				A076ADABA3B2D26512131A7E /* Models */,
				A9F7EF906A97B210F2443EE6 /* Noise */,
				BD1EB475BB6E4C5A817D213F /* Nostr */,
				50B4179AB0877C36E27A3D1C /* Protocols */,
				8E1B41910E625F076F97C69C /* Services */,
				334255EC0808E57AEEBE5BC1 /* Utils */,
				B9BA736DC41F3B9E4C978D51 /* ViewModels */,
				91BE3D8A7BDA70AD8E0C5DC9 /* Views */,
			);
			path = bitchat;
			sourceTree = "<group>";
		};
		1F7844238112C3BB7B278D55 /* Integration */ = {
			isa = PBXGroup;
			children = (
				BAF07B451DED9FFB18F3650D /* IntegrationTests.swift */,
			);
			path = Integration;
			sourceTree = "<group>";
		};
		2CFCB03BEAF2AC840BC3A2CD /* Utils */ = {
			isa = PBXGroup;
			children = (
				3429F1BB632927CD92F7BFB9 /* InputValidatorTests.swift */,
			);
			path = Utils;
			sourceTree = "<group>";
		};
		334255EC0808E57AEEBE5BC1 /* Utils */ = {
			isa = PBXGroup;
			children = (
				6F7771C23D058D32E9B9453E /* CompressionUtil.swift */,
				AAA9FCEA062EC2F2DE33C6B5 /* InputValidator.swift */,
				ADD37B6268F781E8BA5BBBF2 /* MessageDeduplicator.swift */,
				66BAA77BD24BF980297C98E9 /* PeerDisplayNameResolver.swift */,
				5BFF127E4A2D1CFF7C1F2797 /* PeerIDResolver.swift */,
				B0FB9A96F07594881E71C900 /* SecureLogger.swift */,
				15DA6C23155267D39508AD64 /* TermsAcceptance.swift */,
			);
			path = Utils;
			sourceTree = "<group>";
		};
		36DE8B70B0B1B3F6CF6A5653 = {
			isa = PBXGroup;
			children = (
				12B4CC3DE0D34829DC9BB2AC /* bitchat */,
				61A81CDF3B670FFBEE639E02 /* bitchatTests */,
				7F7DA6C0E0D7E67867EE016D /* Products */,
			);
			sourceTree = "<group>";
		};
		40EC8DBD6BFE425F1016B53D /* Noise */ = {
			isa = PBXGroup;
			children = (
				2D9AE5E9A4F9112724948CFD /* NoiseProtocolTests.swift */,
			);
			path = Noise;
			sourceTree = "<group>";
		};
		50B4179AB0877C36E27A3D1C /* Protocols */ = {
			isa = PBXGroup;
			children = (
				B0FB41D91F5A116B22558785 /* BinaryEncodingUtils.swift */,
				02C7033E8F856102B123CB89 /* BinaryProtocol.swift */,
				E8632FB9ADFD71678A16C867 /* BitchatProtocol.swift */,
				E04084D2E2BDF28251C38E16 /* Geohash.swift */,
				6A7AD014B5FE0264F07980D3 /* LocationChannel.swift */,
				1A8665DD953D2DD087EEC5B4 /* Packets.swift */,
				79ED097674A44E01DB4E3D4F /* PeerID.swift */,
			);
			path = Protocols;
			sourceTree = "<group>";
		};
		61A81CDF3B670FFBEE639E02 /* bitchatTests */ = {
			isa = PBXGroup;
			children = (
				C272988C01CD40F06DEB60F7 /* BLEServiceTests.swift */,
				3691359C05E47C4F50559A8E /* GeohashBookmarksStoreTests.swift */,
				851B3FEB349541F3FC498338 /* Info.plist */,
				C6894F317A486B91D916CDB8 /* LocationChannelsTests.swift */,
				7B252BEC89640055BD415C1F /* NostrProtocolTests.swift */,
				B905E5AE5B11BC2B9AA19881 /* README.md */,
				03271F9088EB69B07EDC86E8 /* EndToEnd */,
				9C2F773F0B32BDCDD128FB60 /* Fragmentation */,
				1F7844238112C3BB7B278D55 /* Integration */,
				D55C4625DAB7B20165A2BA9F /* Mocks */,
				40EC8DBD6BFE425F1016B53D /* Noise */,
				66D3E4CCB532653E6874137B /* Protocol */,
				CC69BB3BC0B0DC6273521459 /* TestUtilities */,
				2CFCB03BEAF2AC840BC3A2CD /* Utils */,
			);
			path = bitchatTests;
			sourceTree = "<group>";
		};
		66D3E4CCB532653E6874137B /* Protocol */ = {
			isa = PBXGroup;
			children = (
				0597291A6536DBAF9ABCFA28 /* BinaryProtocolPaddingTests.swift */,
				6BDF8B1E874054003985A406 /* BinaryProtocolTests.swift */,
			);
			path = Protocol;
			sourceTree = "<group>";
		};
		7F7DA6C0E0D7E67867EE016D /* Products */ = {
			isa = PBXGroup;
			children = (
				52DFB8C34F9B2C4FD83045BB /* bounchat_iOS.app */,
				C02225DBC3E0097D89F28BC0 /* bounchat_macOS.app */,
				1B665FCC7BA72464DCD0B7D9 /* bounchatTests_iOS.xctest */,
				69DE15DDC98A55F8FECC5E25 /* bounchatTests_macOS.xctest */,
			);
			name = Products;
			sourceTree = "<group>";
		};
		8E1B41910E625F076F97C69C /* Services */ = {
			isa = PBXGroup;
			children = (
				F901EBD6C0A7E075B6E624C8 /* AutocompleteService.swift */,
				DC440B767E4002980277A455 /* BLEService.swift */,
				AA18409D0D9316AC9B395D39 /* CommandProcessor.swift */,
				6CD5A0C4BEAC884DB727B81A /* FavoritesPersistenceService.swift */,
				FDA848DF801CB8C8EA34E9F6 /* GeohashBookmarksStore.swift */,
				EDE62FE105BB8E816A5BFECF /* KeychainManager.swift */,
				1F946EA9C7B92789F73F1C8F /* LocationChannelManager.swift */,
				1B395392A6B369B1478C15A4 /* MessageRouter.swift */,
				62A53D2AFECB7E014DF4A0E7 /* ModerationService.swift */,
				F525AE28885946D1817E77E1 /* NoiseEncryptionService.swift */,
				D8C583852EF387BD2D058400 /* NostrTransport.swift */,
				45705CB3DA30B0335A4CADBA /* NotificationService.swift */,
				21F6DA21D98D03A46635B406 /* PrivateChatManager.swift */,
				E6C8E29419124EC488C1D0F7 /* RelayController.swift */,
				2991DF68162B3724CFEE8245 /* Transport.swift */,
				ED2CB73C6111132CC89A8E9E /* TransportConfig.swift */,
				444E2D092C987881D0103177 /* UnifiedPeerService.swift */,
				863A37149742925DDECDD956 /* VerificationService.swift */,
			);
			path = Services;
			sourceTree = "<group>";
		};
		91BE3D8A7BDA70AD8E0C5DC9 /* Views */ = {
			isa = PBXGroup;
			children = (
				E2A265F24A83D489AC300C86 /* AppInfoView.swift */,
				54AF4F0B960F61CBFAFA14F1 /* ContentView.swift */,
				C383C185ED36AB65F0BE54E7 /* FingerprintView.swift */,
				45542AA72BE73EA3E1964D39 /* FirstRunConsentView.swift */,
				A52E06CE9C35CD71FB5BCA91 /* GeohashPeopleList.swift */,
				6B183ED29245184EFE04B752 /* LocationChannelsSheet.swift */,
				BECEAA00256D6C7C394CAD18 /* MeshPeerList.swift */,
				8C2BF475D198E666227BC0AD /* MessageTextHelpers.swift */,
				4BA24A233A3C5B01B30CE63C /* ModerationSettingsView.swift */,
				809B84430A36CC32B0C44529 /* PrivacyPolicyView.swift */,
				C603759DD37DB4BAF34B7DC6 /* ReportMessageView.swift */,
				BD6747C217D8522976E4F7D0 /* ReportUserView.swift */,
				95AC4B145DA7C7BEAA65386F /* TermsView.swift */,
				044044668E3A15339300853E /* VerificationViews.swift */,
			);
			path = Views;
			sourceTree = "<group>";
		};
		9C2F773F0B32BDCDD128FB60 /* Fragmentation */ = {
			isa = PBXGroup;
			children = (
				56D36C4DE9DF4C40245B10EF /* FragmentationTests.swift */,
			);
			path = Fragmentation;
			sourceTree = "<group>";
		};
		A076ADABA3B2D26512131A7E /* Models */ = {
			isa = PBXGroup;
			children = (
				09398D425F99AE675FC838DF /* BitchatPeer.swift */,
			);
			path = Models;
			sourceTree = "<group>";
		};
		A9F7EF906A97B210F2443EE6 /* Noise */ = {
			isa = PBXGroup;
			children = (
				23587C2D955317F94F499D67 /* NoiseHandshakeCoordinator.swift */,
				A926BCF2065EB43ABEC20FE5 /* NoiseProtocol.swift */,
				1257F7997D24660BD79687A7 /* NoiseSecurityConsiderations.swift */,
				0DADEF17541F5BE5E4BD2C5A /* NoiseSession.swift */,
			);
			path = Noise;
			sourceTree = "<group>";
		};
		B9BA736DC41F3B9E4C978D51 /* ViewModels */ = {
			isa = PBXGroup;
			children = (
				3ECD75B03FAD5D8C0F3B9D68 /* ChatViewModel.swift */,
			);
			path = ViewModels;
			sourceTree = "<group>";
		};
		BD1EB475BB6E4C5A817D213F /* Nostr */ = {
			isa = PBXGroup;
			children = (
				4B86C649B5CF6043D09B35AF /* GeoRelayDirectory.swift */,
				FE7957422DC0E7DDFFBC782D /* NostrEmbeddedBitChat.swift */,
				7D85ADCDBC132F822799C2BA /* NostrIdentity.swift */,
				740F7E1133108BFCE9585BE7 /* NostrProtocol.swift */,
				ACFA9CA6D35A1A16DB2B40C5 /* NostrRelayManager.swift */,
				11DB51944FD0600BB31B0B4E /* XChaCha20Poly1305Compat.swift */,
			);
			path = Nostr;
			sourceTree = "<group>";
		};
		C3BE41184431059882FAEFFD /* Identity */ = {
			isa = PBXGroup;
			children = (
				B34DD896ABEDB9CA3E1E2637 /* IdentityModels.swift */,
				0ECE5C44697DE26902F24A25 /* SecureIdentityStateManager.swift */,
			);
			path = Identity;
			sourceTree = "<group>";
		};
		CC69BB3BC0B0DC6273521459 /* TestUtilities */ = {
			isa = PBXGroup;
			children = (
				472D98E94A72E9DCD8F56E05 /* TestConstants.swift */,
				6E094A030818C2BD8A212A28 /* TestHelpers.swift */,
			);
			path = TestUtilities;
			sourceTree = "<group>";
		};
		D55C4625DAB7B20165A2BA9F /* Mocks */ = {
			isa = PBXGroup;
			children = (
				AD0F4D0AFDB08E0A3CBD559A /* MockBLEService.swift */,
				4004C58D9B582BBC9564643D /* MockBluetoothMeshService.swift */,
			);
			path = Mocks;
			sourceTree = "<group>";
		};
/* End PBXGroup section */

/* Begin PBXNativeTarget section */
		0BE1A9C86165978CCD314D13 /* bounchat_macOS */ = {
			isa = PBXNativeTarget;
			buildConfigurationList = 3430082E1524DEEE703F4B89 /* Build configuration list for PBXNativeTarget "bounchat_macOS" */;
			buildPhases = (
				13E4BEE03506C42F845DD249 /* Sources */,
				C43EB62FB093BD6730AF0A1A /* Resources */,
				95A79A5A820F01B3A5B38A97 /* Frameworks */,
			);
			buildRules = (
			);
			dependencies = (
			);
			name = bounchat_macOS;
			packageProductDependencies = (
				8BA87E179C3491F7C3CB4BB0 /* P256K */,
			);
			productName = bounchat_macOS;
			productReference = C02225DBC3E0097D89F28BC0 /* bounchat_macOS.app */;
			productType = "com.apple.product-type.application";
		};
		5DBB1438592AA1008955FC9D /* bounchatTests_macOS */ = {
			isa = PBXNativeTarget;
			buildConfigurationList = F44B3389AF098D8B309F8899 /* Build configuration list for PBXNativeTarget "bounchatTests_macOS" */;
			buildPhases = (
				9FC692F06C374DE94A27E5E8 /* Sources */,
				31422B8B027F23E14C5D4F98 /* Resources */,
			);
			buildRules = (
			);
			dependencies = (
				41F0D53BE32E1083E1F2B66B /* PBXTargetDependency */,
			);
			name = bounchatTests_macOS;
			packageProductDependencies = (
			);
			productName = bounchatTests_macOS;
			productReference = 69DE15DDC98A55F8FECC5E25 /* bounchatTests_macOS.xctest */;
			productType = "com.apple.product-type.bundle.unit-test";
		};
		9C7494BB973922C6E6E85513 /* bounchatTests_iOS */ = {
			isa = PBXNativeTarget;
			buildConfigurationList = B1B6B93714BCFBB40F6CA8DA /* Build configuration list for PBXNativeTarget "bounchatTests_iOS" */;
			buildPhases = (
				C896F71BA7775DBFB84E3B2F /* Sources */,
				737C757C08FF1AB10FA1FB48 /* Resources */,
			);
			buildRules = (
			);
			dependencies = (
				DB1B32BFF5DFEEF221005A5F /* PBXTargetDependency */,
			);
			name = bounchatTests_iOS;
			packageProductDependencies = (
			);
			productName = bounchatTests_iOS;
			productReference = 1B665FCC7BA72464DCD0B7D9 /* bounchatTests_iOS.xctest */;
			productType = "com.apple.product-type.bundle.unit-test";
		};
		EE0859AED3AC9A3BB94877DD /* bounchat_iOS */ = {
			isa = PBXNativeTarget;
			buildConfigurationList = DC42F61E73DF0F08AE015B63 /* Build configuration list for PBXNativeTarget "bounchat_iOS" */;
			buildPhases = (
				304B4DF150BDB3CB831E8250 /* Sources */,
				D94B98F781E4430DCD4034D4 /* Resources */,
				A49FD6311B741EF3505EC819 /* Frameworks */,
			);
			buildRules = (
			);
			dependencies = (
			);
			name = bounchat_iOS;
			packageProductDependencies = (
				38784676460B1EA779D788DA /* P256K */,
			);
			productName = bounchat_iOS;
			productReference = 52DFB8C34F9B2C4FD83045BB /* bounchat_iOS.app */;
			productType = "com.apple.product-type.application";
		};
/* End PBXNativeTarget section */

/* Begin PBXProject section */
		6D003E1EE5D3F6703FA0DFC6 /* Project object */ = {
			isa = PBXProject;
			attributes = {
				BuildIndependentTargetsInParallel = YES;
				LastUpgradeCheck = 1430;
				TargetAttributes = {
					0BE1A9C86165978CCD314D13 = {
						DevelopmentTeam = "";
						ProvisioningStyle = Automatic;
					};
					5DBB1438592AA1008955FC9D = {
						DevelopmentTeam = "";
						ProvisioningStyle = Automatic;
					};
					9C7494BB973922C6E6E85513 = {
						DevelopmentTeam = "";
						ProvisioningStyle = Automatic;
					};
					EE0859AED3AC9A3BB94877DD = {
						DevelopmentTeam = "";
						ProvisioningStyle = Automatic;
					};
				};
			};
			buildConfigurationList = 7E2549806B4C05112987C160 /* Build configuration list for PBXProject "anadoluchat" */;
			compatibilityVersion = "Xcode 14.0";
			developmentRegion = en;
			hasScannedForEncodings = 0;
			knownRegions = (
				Base,
				en,
			);
			mainGroup = 36DE8B70B0B1B3F6CF6A5653;
			minimizedProjectReferenceProxies = 1;
			packageReferences = (
				97F76FCB7FB7B9B0ECB327AA /* XCRemoteSwiftPackageReference "swift-secp256k1" */,
			);
			preferredProjectObjectVersion = 77;
			projectDirPath = "";
			projectRoot = "";
			targets = (
				9C7494BB973922C6E6E85513 /* bounchatTests_iOS */,
				5DBB1438592AA1008955FC9D /* bounchatTests_macOS */,
				EE0859AED3AC9A3BB94877DD /* bounchat_iOS */,
				0BE1A9C86165978CCD314D13 /* bounchat_macOS */,
			);
		};
/* End PBXProject section */

/* Begin PBXResourcesBuildPhase section */
		31422B8B027F23E14C5D4F98 /* Resources */ = {
			isa = PBXResourcesBuildPhase;
			buildActionMask = 2147483647;
			files = (
				418FAC3EF93964E0D1B1FC4F /* README.md in Resources */,
			);
			runOnlyForDeploymentPostprocessing = 0;
		};
		737C757C08FF1AB10FA1FB48 /* Resources */ = {
			isa = PBXResourcesBuildPhase;
			buildActionMask = 2147483647;
			files = (
				57AF836293EFD52A8AC1ABC7 /* README.md in Resources */,
			);
			runOnlyForDeploymentPostprocessing = 0;
		};
		C43EB62FB093BD6730AF0A1A /* Resources */ = {
			isa = PBXResourcesBuildPhase;
			buildActionMask = 2147483647;
			files = (
				7A492E9C341C173FE7F79F4B /* Assets.xcassets in Resources */,
				32DB1AD8D871FDE336B744C8 /* LaunchScreen.storyboard in Resources */,
			);
			runOnlyForDeploymentPostprocessing = 0;
		};
		D94B98F781E4430DCD4034D4 /* Resources */ = {
			isa = PBXResourcesBuildPhase;
			buildActionMask = 2147483647;
			files = (
				0ECF8B4F7D1E6ABE9EC6EDE3 /* Assets.xcassets in Resources */,
				5AF140DF3FE356441BC178A5 /* LaunchScreen.storyboard in Resources */,
			);
			runOnlyForDeploymentPostprocessing = 0;
		};
/* End PBXResourcesBuildPhase section */

/* Begin PBXSourcesBuildPhase section */
		13E4BEE03506C42F845DD249 /* Sources */ = {
			isa = PBXSourcesBuildPhase;
			buildActionMask = 2147483647;
			files = (
				220AB9AB024FAA3A3D005675 /* AppInfoView.swift in Sources */,
				FD9F36F8A5079ABDC8A5A354 /* AutocompleteService.swift in Sources */,
				DCD58CDBDC05B5E04060ADF9 /* BLEService.swift in Sources */,
				56A613C18D4B4470BF2BEDD0 /* BinaryEncodingUtils.swift in Sources */,
				FA5BAA0E47B3242972091798 /* BinaryProtocol.swift in Sources */,
				EEB1B92B02933231A96CD7FD /* BitchatApp.swift in Sources */,
				41362D7AC7F7030F565D96B5 /* BitchatPeer.swift in Sources */,
				ECAA67B196CA87A427C66167 /* BitchatProtocol.swift in Sources */,
				B5F659F9656F6447C6DBD892 /* ChatViewModel.swift in Sources */,
				182BA00CF32EBCBDE17F0368 /* CommandProcessor.swift in Sources */,
				25D651338463A77686B754D0 /* CompressionUtil.swift in Sources */,
				164D2DDD6FACED573ADD2FF1 /* ContentView.swift in Sources */,
				3C2C46C001E70816C1798A49 /* FavoritesPersistenceService.swift in Sources */,
				8C1D0D9D9CA76121CDAD27FB /* FingerprintView.swift in Sources */,
				B3BA197E31DCD870A9E9E673 /* FirstRunConsentView.swift in Sources */,
				97FD28E07A382A2FE43DF8D6 /* GeoRelayDirectory.swift in Sources */,
				3BE5C1A07C77470DC67EE747 /* Geohash.swift in Sources */,
				0EDB7820022014B5624A2286 /* GeohashBookmarksStore.swift in Sources */,
				2F03516A352BB97D48515A6A /* GeohashPeopleList.swift in Sources */,
				E660D1CB9DD53B270EBD8515 /* IdentityModels.swift in Sources */,
				F046530D3FE4FD8EEC171429 /* InputValidator.swift in Sources */,
				6992160C19CC72358478FDFE /* KeychainManager.swift in Sources */,
				08B87277E1E61C78AD760AE7 /* LocationChannel.swift in Sources */,
				575174B8450CD988BBBB66EB /* LocationChannelManager.swift in Sources */,
				08C652A3856C9DDEDC95D1E1 /* LocationChannelsSheet.swift in Sources */,
				FA8B3B3B9B3C8A6E2C8FF84A /* MeshPeerList.swift in Sources */,
				F9C86A9071164D88DD9A2D1F /* MessageDeduplicator.swift in Sources */,
				7A2756CFFCA671057A1692B3 /* MessageRouter.swift in Sources */,
				A43C4EF87C2AB40FCCC5C731 /* MessageTextHelpers.swift in Sources */,
				55D78E7E4FC5F194C850B5B5 /* ModerationService.swift in Sources */,
				09E72D8317CD82C3E3828932 /* ModerationSettingsView.swift in Sources */,
				E35A893ADE1FC3F4774258B0 /* NoiseEncryptionService.swift in Sources */,
				443DE0A614BB4BBF564B5731 /* NoiseHandshakeCoordinator.swift in Sources */,
				E37881BE8C1CA55AD314AD50 /* NoiseProtocol.swift in Sources */,
				13F6965A815DB1E8402F5239 /* NoiseSecurityConsiderations.swift in Sources */,
				7F8188DA078EA96DC664994D /* NoiseSession.swift in Sources */,
				7EE7F2ABFC9811DD83AC28DF /* NostrEmbeddedBitChat.swift in Sources */,
				46700FDFF6D95EA8E6376EC3 /* NostrIdentity.swift in Sources */,
				D44A591DE13C880CB5217BEF /* NostrProtocol.swift in Sources */,
				E1620EF9425D21658BBE4AFC /* NostrRelayManager.swift in Sources */,
				A8224A939FA4AE94538996EF /* NostrTransport.swift in Sources */,
				9A9109CA0EC6EBD8EB5EF6FB /* NotificationService.swift in Sources */,
				0B0280C750AA6715BF686CCF /* Packets.swift in Sources */,
				348736FB9385F21162772B59 /* PeerDisplayNameResolver.swift in Sources */,
				10D01723E6B3D66ADDCC884F /* PeerID.swift in Sources */,
				E3F36043B459B69A7AD4E4EA /* PeerIDResolver.swift in Sources */,
				FEA24CB89544F3C86DFA8973 /* PrivacyPolicyView.swift in Sources */,
				655C70B8481F513CA6A406EC /* PrivateChatManager.swift in Sources */,
				77D53AAFBD23F1726456D82D /* RelayController.swift in Sources */,
				5ABFCC99E577E825AC7071C1 /* ReportMessageView.swift in Sources */,
				0820085D601E55506BAFE67B /* ReportUserView.swift in Sources */,
				2FEB1D0EC12C8E9D2F40C0E3 /* SecureIdentityStateManager.swift in Sources */,
				41A52EFE2C381B2FEE39C0DD /* SecureLogger.swift in Sources */,
				3B380D029887F605410EE34E /* TermsAcceptance.swift in Sources */,
				5096352BA10BA79B647CAEEA /* TermsView.swift in Sources */,
				408797F2A369CCDBDBDC7F44 /* Transport.swift in Sources */,
				1E8021C05CCF08C168502E70 /* TransportConfig.swift in Sources */,
				FB642371CC85809D7CA30A7E /* UnifiedPeerService.swift in Sources */,
				6497EEB833974CA2D60FD58F /* VerificationService.swift in Sources */,
				EEC3975CBE65A2F4B62F6E7E /* VerificationViews.swift in Sources */,
				8D86142164D7EF1D9D53DE87 /* XChaCha20Poly1305Compat.swift in Sources */,
			);
			runOnlyForDeploymentPostprocessing = 0;
		};
		304B4DF150BDB3CB831E8250 /* Sources */ = {
			isa = PBXSourcesBuildPhase;
			buildActionMask = 2147483647;
			files = (
				96697AB0E1F12E5B0AB92A20 /* AppInfoView.swift in Sources */,
				5FB16E61A0CF901C63649FDA /* AutocompleteService.swift in Sources */,
				151B55025948FB7AD7F0B426 /* BLEService.swift in Sources */,
				44FCE29FC7DC9ED9B4F42678 /* BinaryEncodingUtils.swift in Sources */,
				598FFA80D188DABD88B03616 /* BinaryProtocol.swift in Sources */,
				DE70D4AB3CEBD04EAE6ED679 /* BitchatApp.swift in Sources */,
				21A6BF6F55F26FA464427A74 /* BitchatPeer.swift in Sources */,
				E66CF78C5BD71CE269201B02 /* BitchatProtocol.swift in Sources */,
				D239DE317A5F926ECEAF2276 /* ChatViewModel.swift in Sources */,
				7EFC8FFB42FC7E190A735214 /* CommandProcessor.swift in Sources */,
				B0A56EA1CED615408BFD3AA2 /* CompressionUtil.swift in Sources */,
				F8FBE270B491B57B5BD257CB /* ContentView.swift in Sources */,
				441953DFEE13AF0DC2FDF812 /* FavoritesPersistenceService.swift in Sources */,
				D07B3B70AA1E1A24716A9014 /* FingerprintView.swift in Sources */,
				AAE0F32261269EB5C35FEA1A /* FirstRunConsentView.swift in Sources */,
				184685A027353AED77D4359C /* GeoRelayDirectory.swift in Sources */,
				4D56DB1F87EC656BD32BBCFB /* Geohash.swift in Sources */,
				A7FD53D2846FB49637FE94BF /* GeohashBookmarksStore.swift in Sources */,
				E76C6234457F904CC07DAE27 /* GeohashPeopleList.swift in Sources */,
				AE51E127DB382AF16AFBBF44 /* IdentityModels.swift in Sources */,
				783F7381C50BF8E75E0E8C78 /* InputValidator.swift in Sources */,
				D2B0DAB2E3FCDF2149F62741 /* KeychainManager.swift in Sources */,
				82703B6ECE978F90356E0149 /* LocationChannel.swift in Sources */,
				C11BB133A88F818EFB5D099D /* LocationChannelManager.swift in Sources */,
				6B1C26B49F1A9C61BC98E0C7 /* LocationChannelsSheet.swift in Sources */,
				F61279178000A17E74F480C6 /* MeshPeerList.swift in Sources */,
				F2E00B62C84E79A55511B7A2 /* MessageDeduplicator.swift in Sources */,
				D20079B9D2A65B6A22B054A4 /* MessageRouter.swift in Sources */,
				D39E50D4BF9E4EAA6D07F722 /* MessageTextHelpers.swift in Sources */,
				F64B18EA934CAD3800EC1307 /* ModerationService.swift in Sources */,
				65DE158CE199140797AEA37B /* ModerationSettingsView.swift in Sources */,
				73CD574FD466B53EB57B784D /* NoiseEncryptionService.swift in Sources */,
				2938200396565CD7B5F7E6F4 /* NoiseHandshakeCoordinator.swift in Sources */,
				0ED0B9A7D44AAD20AE343349 /* NoiseProtocol.swift in Sources */,
				96BCC720E63E9034CB38109A /* NoiseSecurityConsiderations.swift in Sources */,
				1B83090C330B15AF3BE8763D /* NoiseSession.swift in Sources */,
				2719F2CD174D0C7D60230E2B /* NostrEmbeddedBitChat.swift in Sources */,
				0A97D2D2782A26EF9B5BBD11 /* NostrIdentity.swift in Sources */,
				669584AE86C1E9C7A6845FB1 /* NostrProtocol.swift in Sources */,
				6E62B618806F4069B260259D /* NostrRelayManager.swift in Sources */,
				6DA9D189290347ED6E425AD5 /* NostrTransport.swift in Sources */,
				A9F18DBD7770D24EEF4825CA /* NotificationService.swift in Sources */,
				0AB9451FFFE180C8EA17EED2 /* Packets.swift in Sources */,
				810CD64C3E2BD281FBA624BB /* PeerDisplayNameResolver.swift in Sources */,
				7F75A3509FB9F9006A120F34 /* PeerID.swift in Sources */,
				2F8BD13C83EFB679919B0C79 /* PeerIDResolver.swift in Sources */,
				EDD17360639F55AF2CDC8E1A /* PrivacyPolicyView.swift in Sources */,
				44C9260DA3DC0083566B1064 /* PrivateChatManager.swift in Sources */,
				4A9F02F7AA5D1A1FFFC54360 /* RelayController.swift in Sources */,
				B5152987C32F0B8AA068CB20 /* ReportMessageView.swift in Sources */,
				3448C4ED4275AA080B420C91 /* ReportUserView.swift in Sources */,
				218ED9F7D47C79194C028E0F /* SecureIdentityStateManager.swift in Sources */,
				EDB30E4634E158F33FDE7272 /* SecureLogger.swift in Sources */,
				1B518C7F6E7FBFCC6401C969 /* TermsAcceptance.swift in Sources */,
				E8009B0A275F4443B489E946 /* TermsView.swift in Sources */,
				99EF8C02C0F96CC63ED6F003 /* Transport.swift in Sources */,
				80AAD77913BE387D71FEF892 /* TransportConfig.swift in Sources */,
				B156614553BBE783103C6133 /* UnifiedPeerService.swift in Sources */,
				8598B9B6608D94B18CD95D3B /* VerificationService.swift in Sources */,
				2C9495CB2F1A0353F126E9DA /* VerificationViews.swift in Sources */,
				1F3ECDE0C1BF866CC6ACC4F1 /* XChaCha20Poly1305Compat.swift in Sources */,
			);
			runOnlyForDeploymentPostprocessing = 0;
		};
		9FC692F06C374DE94A27E5E8 /* Sources */ = {
			isa = PBXSourcesBuildPhase;
			buildActionMask = 2147483647;
			files = (
				FAB508BADCE8B0EEA7577F6E /* BLEServiceTests.swift in Sources */,
				51896E5D66BC90F6B8F70D41 /* BinaryProtocolPaddingTests.swift in Sources */,
				0F38B29D23931FFBF93BBE85 /* BinaryProtocolTests.swift in Sources */,
				D66F850AA47DB2E4785A168E /* FragmentationTests.swift in Sources */,
				86D229C4A0AC8C71BADEA885 /* GeohashBookmarksStoreTests.swift in Sources */,
				DECC5998FA7F62BF2EE1727F /* InputValidatorTests.swift in Sources */,
				CC5CBF9EAD0A88917E81B6B8 /* IntegrationTests.swift in Sources */,
				3E5FF17AF548D1BDF8A714A2 /* LocationChannelsTests.swift in Sources */,
				E788205ACBA6DE1559796F04 /* MockBLEService.swift in Sources */,
				10CB4E028E94447BF7B4F06F /* MockBluetoothMeshService.swift in Sources */,
				46A3EB0F5E4E8C2828540E40 /* NoiseProtocolTests.swift in Sources */,
				6E7AB0FBA7B0FA69F611418A /* NostrProtocolTests.swift in Sources */,
				548A6077068E1B7B7229C11B /* PrivateChatE2ETests.swift in Sources */,
				609ECEDC354B3E5597926E96 /* PublicChatE2ETests.swift in Sources */,
				F82238188B9522CD0A0D8D91 /* TestConstants.swift in Sources */,
				45F2FC6F301861980D8AA714 /* TestHelpers.swift in Sources */,
			);
			runOnlyForDeploymentPostprocessing = 0;
		};
		C896F71BA7775DBFB84E3B2F /* Sources */ = {
			isa = PBXSourcesBuildPhase;
			buildActionMask = 2147483647;
			files = (
				0082A71EBA3A84C7253A8318 /* BLEServiceTests.swift in Sources */,
				A28AF35D386C742A14A86F27 /* BinaryProtocolPaddingTests.swift in Sources */,
				6956418409CE4FFF4E3A9B89 /* BinaryProtocolTests.swift in Sources */,
				D700FA3660131A09BBE73116 /* FragmentationTests.swift in Sources */,
				2557D6B013BC5BB0D531C081 /* GeohashBookmarksStoreTests.swift in Sources */,
				E7E2D298DF95119163C2A96D /* InputValidatorTests.swift in Sources */,
				C0D07F411F44647E814E0957 /* IntegrationTests.swift in Sources */,
				2C7DFE3EC261924AE7A72318 /* LocationChannelsTests.swift in Sources */,
				E6C438CBDA865EF75CDF8EA6 /* MockBLEService.swift in Sources */,
				910286F053EDCB0FC24CF84C /* MockBluetoothMeshService.swift in Sources */,
				852BACBCA2482A1334799490 /* NoiseProtocolTests.swift in Sources */,
				2FFD9443F45D57ECB4029D5B /* NostrProtocolTests.swift in Sources */,
				5B136B7CDDDC03874076439C /* PrivateChatE2ETests.swift in Sources */,
				E881553DAEC3CF0BF3C6FE0F /* PublicChatE2ETests.swift in Sources */,
				15153BFF02E843AD374EE58A /* TestConstants.swift in Sources */,
				C336B4BC9365D7603ABE55AC /* TestHelpers.swift in Sources */,
			);
			runOnlyForDeploymentPostprocessing = 0;
		};
/* End PBXSourcesBuildPhase section */

/* Begin PBXTargetDependency section */
		41F0D53BE32E1083E1F2B66B /* PBXTargetDependency */ = {
			isa = PBXTargetDependency;
			target = 0BE1A9C86165978CCD314D13 /* bounchat_macOS */;
			targetProxy = 71CEEA7CAEA8D91436FFEC7A /* PBXContainerItemProxy */;
		};
		DB1B32BFF5DFEEF221005A5F /* PBXTargetDependency */ = {
			isa = PBXTargetDependency;
			target = EE0859AED3AC9A3BB94877DD /* bounchat_iOS */;
			targetProxy = 1A9D51EBC6781529C347E703 /* PBXContainerItemProxy */;
		};
/* End PBXTargetDependency section */

/* Begin XCBuildConfiguration section */
		3203186A3D9EDF12B28DC95C /* Release */ = {
			isa = XCBuildConfiguration;
			buildSettings = {
				ASSETCATALOG_COMPILER_APPICON_NAME = AppIcon;
				ASSETCATALOG_COMPILER_INCLUDE_ALL_APPICON_ASSETS = YES;
				CODE_SIGNING_ALLOWED = YES;
				CODE_SIGNING_REQUIRED = YES;
				CODE_SIGN_ENTITLEMENTS = "bitchat/bitchat-macOS.entitlements";
				CODE_SIGN_STYLE = Automatic;
				COMBINE_HIDPI_IMAGES = YES;
				DEVELOPMENT_TEAM = "";
				ENABLE_PREVIEWS = YES;
				INFOPLIST_FILE = bitchat/Info.plist;
				LD_RUNPATH_SEARCH_PATHS = (
					"$(inherited)",
					"@executable_path/../Frameworks",
				);
				MACOSX_DEPLOYMENT_TARGET = 13.0;
				PRODUCT_BUNDLE_IDENTIFIER = com.capish.buapp;
				PRODUCT_NAME = bounchat;
				SDKROOT = macosx;
				SWIFT_VERSION = 5.0;
			};
			name = Release;
		};
		3465CA3D700BA5B340ECD7F2 /* Release */ = {
			isa = XCBuildConfiguration;
			buildSettings = {
				BUNDLE_LOADER = "$(TEST_HOST)";
				CODE_SIGNING_ALLOWED = YES;
				CODE_SIGNING_REQUIRED = YES;
				CODE_SIGN_STYLE = Automatic;
				DEVELOPMENT_TEAM = "";
				INFOPLIST_FILE = bitchatTests/Info.plist;
				IPHONEOS_DEPLOYMENT_TARGET = 16.0;
				LD_RUNPATH_SEARCH_PATHS = (
					"$(inherited)",
					"@executable_path/Frameworks",
					"@loader_path/Frameworks",
				);
				PRODUCT_BUNDLE_IDENTIFIER = com.capish.buapp.tests;
				SDKROOT = iphoneos;
				SWIFT_VERSION = 5.0;
				TARGETED_DEVICE_FAMILY = "1,2";
				TEST_HOST = "$(BUILT_PRODUCTS_DIR)/bitchat.app/$(BUNDLE_EXECUTABLE_FOLDER_PATH)/bitchat";
			};
			name = Release;
		};
		40DAEE88B80ACCD9E988DD32 /* Debug */ = {
			isa = XCBuildConfiguration;
			buildSettings = {
				ASSETCATALOG_COMPILER_APPICON_NAME = AppIcon;
				ASSETCATALOG_COMPILER_INCLUDE_ALL_APPICON_ASSETS = YES;
				CODE_SIGNING_ALLOWED = YES;
				CODE_SIGNING_REQUIRED = YES;
				CODE_SIGN_ENTITLEMENTS = bitchat/bitchat.entitlements;
				CODE_SIGN_IDENTITY = "iPhone Developer";
				CODE_SIGN_STYLE = Automatic;
				DEVELOPMENT_TEAM = "";
				ENABLE_PREVIEWS = YES;
				INFOPLIST_FILE = bitchat/Info.plist;
				IPHONEOS_DEPLOYMENT_TARGET = 16.0;
				LD_RUNPATH_SEARCH_PATHS = (
					"$(inherited)",
					"@executable_path/Frameworks",
				);
				PRODUCT_BUNDLE_IDENTIFIER = com.capish.buapp;
				PRODUCT_NAME = bounchat;
				SDKROOT = iphoneos;
				SUPPORTS_MAC_DESIGNED_FOR_IPHONE_IPAD = YES;
				SWIFT_VERSION = 5.0;
				TARGETED_DEVICE_FAMILY = "1,2";
			};
			name = Debug;
		};
		70F7E0A031526E6D4F9E0974 /* Release */ = {
			isa = XCBuildConfiguration;
			buildSettings = {
				ALWAYS_SEARCH_USER_PATHS = NO;
				CLANG_ANALYZER_NONNULL = YES;
				CLANG_ANALYZER_NUMBER_OBJECT_CONVERSION = YES_AGGRESSIVE;
				CLANG_CXX_LANGUAGE_STANDARD = "gnu++14";
				CLANG_CXX_LIBRARY = "libc++";
				CLANG_ENABLE_MODULES = YES;
				CLANG_ENABLE_OBJC_ARC = YES;
				CLANG_ENABLE_OBJC_WEAK = YES;
				CLANG_WARN_BLOCK_CAPTURE_AUTORELEASING = YES;
				CLANG_WARN_BOOL_CONVERSION = YES;
				CLANG_WARN_COMMA = YES;
				CLANG_WARN_CONSTANT_CONVERSION = YES;
				CLANG_WARN_DEPRECATED_OBJC_IMPLEMENTATIONS = YES;
				CLANG_WARN_DIRECT_OBJC_ISA_USAGE = YES_ERROR;
				CLANG_WARN_DOCUMENTATION_COMMENTS = YES;
				CLANG_WARN_EMPTY_BODY = YES;
				CLANG_WARN_ENUM_CONVERSION = YES;
				CLANG_WARN_INFINITE_RECURSION = YES;
				CLANG_WARN_INT_CONVERSION = YES;
				CLANG_WARN_NON_LITERAL_NULL_CONVERSION = YES;
				CLANG_WARN_OBJC_IMPLICIT_RETAIN_SELF = YES;
				CLANG_WARN_OBJC_LITERAL_CONVERSION = YES;
				CLANG_WARN_OBJC_ROOT_CLASS = YES_ERROR;
				CLANG_WARN_QUOTED_INCLUDE_IN_FRAMEWORK_HEADER = YES;
				CLANG_WARN_RANGE_LOOP_ANALYSIS = YES;
				CLANG_WARN_STRICT_PROTOTYPES = YES;
				CLANG_WARN_SUSPICIOUS_MOVE = YES;
				CLANG_WARN_UNGUARDED_AVAILABILITY = YES_AGGRESSIVE;
				CLANG_WARN_UNREACHABLE_CODE = YES;
				CLANG_WARN__DUPLICATE_METHOD_MATCH = YES;
				COPY_PHASE_STRIP = NO;
				CURRENT_PROJECT_VERSION = 8;
				DEBUG_INFORMATION_FORMAT = "dwarf-with-dsym";
				ENABLE_NS_ASSERTIONS = NO;
				ENABLE_STRICT_OBJC_MSGSEND = YES;
				GCC_C_LANGUAGE_STANDARD = gnu11;
				GCC_NO_COMMON_BLOCKS = YES;
				GCC_WARN_64_TO_32_BIT_CONVERSION = YES;
				GCC_WARN_ABOUT_RETURN_TYPE = YES_ERROR;
				GCC_WARN_UNDECLARED_SELECTOR = YES;
				GCC_WARN_UNINITIALIZED_AUTOS = YES_AGGRESSIVE;
				GCC_WARN_UNUSED_FUNCTION = YES;
				GCC_WARN_UNUSED_VARIABLE = YES;
				IPHONEOS_DEPLOYMENT_TARGET = 16.0;
				MACOSX_DEPLOYMENT_TARGET = 13.0;
				MARKETING_VERSION = 1.0.0;
				MTL_ENABLE_DEBUG_INFO = NO;
				MTL_FAST_MATH = YES;
				PRODUCT_NAME = "$(TARGET_NAME)";
				SWIFT_COMPILATION_MODE = wholemodule;
				SWIFT_OPTIMIZATION_LEVEL = "-O";
				SWIFT_VERSION = 5.0;
			};
			name = Release;
		};
		79CCE3A6F19D6B538E1B3584 /* Debug */ = {
			isa = XCBuildConfiguration;
			buildSettings = {
				BUNDLE_LOADER = "$(TEST_HOST)";
				CODE_SIGNING_ALLOWED = YES;
				CODE_SIGNING_REQUIRED = YES;
				CODE_SIGN_STYLE = Automatic;
				DEVELOPMENT_TEAM = "";
				INFOPLIST_FILE = bitchatTests/Info.plist;
				IPHONEOS_DEPLOYMENT_TARGET = 16.0;
				LD_RUNPATH_SEARCH_PATHS = (
					"$(inherited)",
					"@executable_path/Frameworks",
					"@loader_path/Frameworks",
				);
				PRODUCT_BUNDLE_IDENTIFIER = com.capish.buapp.tests;
				SDKROOT = iphoneos;
				SWIFT_VERSION = 5.0;
				TARGETED_DEVICE_FAMILY = "1,2";
				TEST_HOST = "$(BUILT_PRODUCTS_DIR)/bitchat.app/$(BUNDLE_EXECUTABLE_FOLDER_PATH)/bitchat";
			};
			name = Debug;
		};
		8683F62EF5E011F35AD1C47E /* Release */ = {
			isa = XCBuildConfiguration;
			buildSettings = {
				BUNDLE_LOADER = "$(TEST_HOST)";
				CODE_SIGNING_ALLOWED = YES;
				CODE_SIGNING_REQUIRED = YES;
				CODE_SIGN_STYLE = Automatic;
				COMBINE_HIDPI_IMAGES = YES;
				DEVELOPMENT_TEAM = "";
				INFOPLIST_FILE = bitchatTests/Info.plist;
				LD_RUNPATH_SEARCH_PATHS = (
					"$(inherited)",
					"@executable_path/../Frameworks",
					"@loader_path/../Frameworks",
				);
				MACOSX_DEPLOYMENT_TARGET = 13.0;
				PRODUCT_BUNDLE_IDENTIFIER = com.capish.buapp.tests;
				SDKROOT = macosx;
				SWIFT_VERSION = 5.0;
				TEST_HOST = "$(BUILT_PRODUCTS_DIR)/bitchat.app/Contents/MacOS/bitchat";
			};
			name = Release;
		};
		B111BE60C4D84D9D81A9BE7B /* Debug */ = {
			isa = XCBuildConfiguration;
			buildSettings = {
				BUNDLE_LOADER = "$(TEST_HOST)";
				CODE_SIGNING_ALLOWED = YES;
				CODE_SIGNING_REQUIRED = YES;
				CODE_SIGN_STYLE = Automatic;
				COMBINE_HIDPI_IMAGES = YES;
				DEVELOPMENT_TEAM = "";
				INFOPLIST_FILE = bitchatTests/Info.plist;
				LD_RUNPATH_SEARCH_PATHS = (
					"$(inherited)",
					"@executable_path/../Frameworks",
					"@loader_path/../Frameworks",
				);
				MACOSX_DEPLOYMENT_TARGET = 13.0;
				PRODUCT_BUNDLE_IDENTIFIER = com.capish.buapp.tests;
				SDKROOT = macosx;
				SWIFT_VERSION = 5.0;
				TEST_HOST = "$(BUILT_PRODUCTS_DIR)/bitchat.app/Contents/MacOS/bitchat";
			};
			name = Debug;
		};
		CD4F84EC98D1657D869D5B42 /* Debug */ = {
			isa = XCBuildConfiguration;
			buildSettings = {
				ASSETCATALOG_COMPILER_APPICON_NAME = AppIcon;
				ASSETCATALOG_COMPILER_INCLUDE_ALL_APPICON_ASSETS = YES;
				CODE_SIGNING_ALLOWED = YES;
				CODE_SIGNING_REQUIRED = YES;
				CODE_SIGN_ENTITLEMENTS = "bitchat/bitchat-macOS.entitlements";
				CODE_SIGN_STYLE = Automatic;
				COMBINE_HIDPI_IMAGES = YES;
				DEVELOPMENT_TEAM = "";
				ENABLE_PREVIEWS = YES;
				INFOPLIST_FILE = bitchat/Info.plist;
				LD_RUNPATH_SEARCH_PATHS = (
					"$(inherited)",
					"@executable_path/../Frameworks",
				);
				MACOSX_DEPLOYMENT_TARGET = 13.0;
				PRODUCT_BUNDLE_IDENTIFIER = com.capish.buapp;
				PRODUCT_NAME = bounchat;
				SDKROOT = macosx;
				SWIFT_VERSION = 5.0;
			};
			name = Debug;
		};
		CEC67D4101D0DA5B1A54213C /* Release */ = {
			isa = XCBuildConfiguration;
			buildSettings = {
				ASSETCATALOG_COMPILER_APPICON_NAME = AppIcon;
				ASSETCATALOG_COMPILER_INCLUDE_ALL_APPICON_ASSETS = YES;
				CODE_SIGNING_ALLOWED = YES;
				CODE_SIGNING_REQUIRED = YES;
				CODE_SIGN_ENTITLEMENTS = bitchat/bitchat.entitlements;
				CODE_SIGN_IDENTITY = "iPhone Developer";
				CODE_SIGN_STYLE = Automatic;
				DEVELOPMENT_TEAM = "";
				ENABLE_PREVIEWS = YES;
				INFOPLIST_FILE = bitchat/Info.plist;
				IPHONEOS_DEPLOYMENT_TARGET = 16.0;
				LD_RUNPATH_SEARCH_PATHS = (
					"$(inherited)",
					"@executable_path/Frameworks",
				);
				PRODUCT_BUNDLE_IDENTIFIER = com.capish.buapp;
				PRODUCT_NAME = bounchat;
				SDKROOT = iphoneos;
				SUPPORTS_MAC_DESIGNED_FOR_IPHONE_IPAD = YES;
				SWIFT_VERSION = 5.0;
				TARGETED_DEVICE_FAMILY = "1,2";
			};
			name = Release;
		};
		E0CE3ABA794B3FFDDE758BCC /* Debug */ = {
			isa = XCBuildConfiguration;
			buildSettings = {
				ALWAYS_SEARCH_USER_PATHS = NO;
				CLANG_ANALYZER_NONNULL = YES;
				CLANG_ANALYZER_NUMBER_OBJECT_CONVERSION = YES_AGGRESSIVE;
				CLANG_CXX_LANGUAGE_STANDARD = "gnu++14";
				CLANG_CXX_LIBRARY = "libc++";
				CLANG_ENABLE_MODULES = YES;
				CLANG_ENABLE_OBJC_ARC = YES;
				CLANG_ENABLE_OBJC_WEAK = YES;
				CLANG_WARN_BLOCK_CAPTURE_AUTORELEASING = YES;
				CLANG_WARN_BOOL_CONVERSION = YES;
				CLANG_WARN_COMMA = YES;
				CLANG_WARN_CONSTANT_CONVERSION = YES;
				CLANG_WARN_DEPRECATED_OBJC_IMPLEMENTATIONS = YES;
				CLANG_WARN_DIRECT_OBJC_ISA_USAGE = YES_ERROR;
				CLANG_WARN_DOCUMENTATION_COMMENTS = YES;
				CLANG_WARN_EMPTY_BODY = YES;
				CLANG_WARN_ENUM_CONVERSION = YES;
				CLANG_WARN_INFINITE_RECURSION = YES;
				CLANG_WARN_INT_CONVERSION = YES;
				CLANG_WARN_NON_LITERAL_NULL_CONVERSION = YES;
				CLANG_WARN_OBJC_IMPLICIT_RETAIN_SELF = YES;
				CLANG_WARN_OBJC_LITERAL_CONVERSION = YES;
				CLANG_WARN_OBJC_ROOT_CLASS = YES_ERROR;
				CLANG_WARN_QUOTED_INCLUDE_IN_FRAMEWORK_HEADER = YES;
				CLANG_WARN_RANGE_LOOP_ANALYSIS = YES;
				CLANG_WARN_STRICT_PROTOTYPES = YES;
				CLANG_WARN_SUSPICIOUS_MOVE = YES;
				CLANG_WARN_UNGUARDED_AVAILABILITY = YES_AGGRESSIVE;
				CLANG_WARN_UNREACHABLE_CODE = YES;
				CLANG_WARN__DUPLICATE_METHOD_MATCH = YES;
				COPY_PHASE_STRIP = NO;
				CURRENT_PROJECT_VERSION = 8;
				DEBUG_INFORMATION_FORMAT = dwarf;
				ENABLE_STRICT_OBJC_MSGSEND = YES;
				ENABLE_TESTABILITY = YES;
				GCC_C_LANGUAGE_STANDARD = gnu11;
				GCC_DYNAMIC_NO_PIC = NO;
				GCC_NO_COMMON_BLOCKS = YES;
				GCC_OPTIMIZATION_LEVEL = 0;
				GCC_PREPROCESSOR_DEFINITIONS = (
					"$(inherited)",
					"DEBUG=1",
				);
				GCC_WARN_64_TO_32_BIT_CONVERSION = YES;
				GCC_WARN_ABOUT_RETURN_TYPE = YES_ERROR;
				GCC_WARN_UNDECLARED_SELECTOR = YES;
				GCC_WARN_UNINITIALIZED_AUTOS = YES_AGGRESSIVE;
				GCC_WARN_UNUSED_FUNCTION = YES;
				GCC_WARN_UNUSED_VARIABLE = YES;
				IPHONEOS_DEPLOYMENT_TARGET = 16.0;
				MACOSX_DEPLOYMENT_TARGET = 13.0;
				MARKETING_VERSION = 1.0.0;
				MTL_ENABLE_DEBUG_INFO = INCLUDE_SOURCE;
				MTL_FAST_MATH = YES;
				ONLY_ACTIVE_ARCH = YES;
				PRODUCT_NAME = "$(TARGET_NAME)";
				SWIFT_ACTIVE_COMPILATION_CONDITIONS = DEBUG;
				SWIFT_OPTIMIZATION_LEVEL = "-Onone";
				SWIFT_VERSION = 5.0;
			};
			name = Debug;
		};
/* End XCBuildConfiguration section */

/* Begin XCConfigurationList section */
		3430082E1524DEEE703F4B89 /* Build configuration list for PBXNativeTarget "bounchat_macOS" */ = {
			isa = XCConfigurationList;
			buildConfigurations = (
				CD4F84EC98D1657D869D5B42 /* Debug */,
				3203186A3D9EDF12B28DC95C /* Release */,
			);
			defaultConfigurationIsVisible = 0;
			defaultConfigurationName = Debug;
		};
		7E2549806B4C05112987C160 /* Build configuration list for PBXProject "anadoluchat" */ = {
			isa = XCConfigurationList;
			buildConfigurations = (
				E0CE3ABA794B3FFDDE758BCC /* Debug */,
				70F7E0A031526E6D4F9E0974 /* Release */,
			);
			defaultConfigurationIsVisible = 0;
			defaultConfigurationName = Debug;
		};
		B1B6B93714BCFBB40F6CA8DA /* Build configuration list for PBXNativeTarget "bounchatTests_iOS" */ = {
			isa = XCConfigurationList;
			buildConfigurations = (
				79CCE3A6F19D6B538E1B3584 /* Debug */,
				3465CA3D700BA5B340ECD7F2 /* Release */,
			);
			defaultConfigurationIsVisible = 0;
			defaultConfigurationName = Debug;
		};
		DC42F61E73DF0F08AE015B63 /* Build configuration list for PBXNativeTarget "bounchat_iOS" */ = {
			isa = XCConfigurationList;
			buildConfigurations = (
				40DAEE88B80ACCD9E988DD32 /* Debug */,
				CEC67D4101D0DA5B1A54213C /* Release */,
			);
			defaultConfigurationIsVisible = 0;
			defaultConfigurationName = Debug;
		};
		F44B3389AF098D8B309F8899 /* Build configuration list for PBXNativeTarget "bounchatTests_macOS" */ = {
			isa = XCConfigurationList;
			buildConfigurations = (
				B111BE60C4D84D9D81A9BE7B /* Debug */,
				8683F62EF5E011F35AD1C47E /* Release */,
			);
			defaultConfigurationIsVisible = 0;
			defaultConfigurationName = Debug;
		};
/* End XCConfigurationList section */

/* Begin XCRemoteSwiftPackageReference section */
		97F76FCB7FB7B9B0ECB327AA /* XCRemoteSwiftPackageReference "swift-secp256k1" */ = {
			isa = XCRemoteSwiftPackageReference;
			repositoryURL = "https://github.com/21-DOT-DEV/swift-secp256k1";
			requirement = {
				kind = upToNextMajorVersion;
				minimumVersion = 0.21.1;
			};
		};
/* End XCRemoteSwiftPackageReference section */

/* Begin XCSwiftPackageProductDependency section */
		38784676460B1EA779D788DA /* P256K */ = {
			isa = XCSwiftPackageProductDependency;
			package = 97F76FCB7FB7B9B0ECB327AA /* XCRemoteSwiftPackageReference "swift-secp256k1" */;
			productName = P256K;
		};
		8BA87E179C3491F7C3CB4BB0 /* P256K */ = {
			isa = XCSwiftPackageProductDependency;
			package = 97F76FCB7FB7B9B0ECB327AA /* XCRemoteSwiftPackageReference "swift-secp256k1" */;
			productName = P256K;
		};
/* End XCSwiftPackageProductDependency section */
	};
	rootObject = 6D003E1EE5D3F6703FA0DFC6 /* Project object */;
}
